// !$*UTF8*$!
{
	archiveVersion = 1;
	classes = {
	};
	objectVersion = 56;
	objects = {

/* Begin PBXBuildFile section */
		2C01C6A629CB4AB700A25465 /* MonsGame.swift in Sources */ = {isa = PBXBuildFile; fileRef = 2C01C6A029CAF4D500A25465 /* MonsGame.swift */; };
		2C0255292A0EA27700CB1808 /* Codable.swift in Sources */ = {isa = PBXBuildFile; fileRef = 2C0255282A0EA27700CB1808 /* Codable.swift */; };
		2C02552D2A0ECB6400CB1808 /* didConnect.wav in Resources */ = {isa = PBXBuildFile; fileRef = 2C02552C2A0ECB6400CB1808 /* didConnect.wav */; };
		2C09E3D829F6D0630082B774 /* GameController.swift in Sources */ = {isa = PBXBuildFile; fileRef = 2C09E3D729F6D0630082B774 /* GameController.swift */; };
		2C09E3DA29F6D2550082B774 /* Game.xcassets in Resources */ = {isa = PBXBuildFile; fileRef = 2C09E3D929F6D2550082B774 /* Game.xcassets */; };
		2C162B7F2BBF09F700537639 /* SecretAppResponse.swift in Sources */ = {isa = PBXBuildFile; fileRef = 2C162B7E2BBF09F700537639 /* SecretAppResponse.swift */; };
		2C162B802BBF09F700537639 /* SecretAppResponse.swift in Sources */ = {isa = PBXBuildFile; fileRef = 2C162B7E2BBF09F700537639 /* SecretAppResponse.swift */; };
		2C1FD1142B66F92E00D4AC51 /* main.swift in Sources */ = {isa = PBXBuildFile; fileRef = 2C1FD1132B66F92E00D4AC51 /* main.swift */; };
		2C1FD1182B66F94100D4AC51 /* Location.swift in Sources */ = {isa = PBXBuildFile; fileRef = 2CB6D3BB29F7320800605255 /* Location.swift */; };
		2C1FD1192B66F94100D4AC51 /* MonsGame.swift in Sources */ = {isa = PBXBuildFile; fileRef = 2C01C6A029CAF4D500A25465 /* MonsGame.swift */; };
		2C1FD11A2B66F94100D4AC51 /* Event.swift in Sources */ = {isa = PBXBuildFile; fileRef = 2C3AD59C2B0FAB7200538897 /* Event.swift */; };
		2C1FD11B2B66F94100D4AC51 /* AvailableMoveKind.swift in Sources */ = {isa = PBXBuildFile; fileRef = 2C7E80D129FC6AA400114943 /* AvailableMoveKind.swift */; };
		2C1FD11C2B66F94100D4AC51 /* Output.swift in Sources */ = {isa = PBXBuildFile; fileRef = 2C3AD5982B0FAB0300538897 /* Output.swift */; };
		2C1FD11D2B66F94100D4AC51 /* Mon.swift in Sources */ = {isa = PBXBuildFile; fileRef = 2CB6D3B129F730F600605255 /* Mon.swift */; };
		2C1FD11E2B66F94100D4AC51 /* FenRepresentable.swift in Sources */ = {isa = PBXBuildFile; fileRef = 2C7E80CF29FC60CA00114943 /* FenRepresentable.swift */; };
		2C1FD11F2B66F94100D4AC51 /* Consumable.swift in Sources */ = {isa = PBXBuildFile; fileRef = 2CB6D3B529F7311500605255 /* Consumable.swift */; };
		2C1FD1202B66F94100D4AC51 /* Board.swift in Sources */ = {isa = PBXBuildFile; fileRef = 2C7E80C329FC372C00114943 /* Board.swift */; };
		2C1FD1212B66F94100D4AC51 /* Input.swift in Sources */ = {isa = PBXBuildFile; fileRef = 2C3AD5962B0FAAF500538897 /* Input.swift */; };
		2C1FD1222B66F94100D4AC51 /* NextInput.swift in Sources */ = {isa = PBXBuildFile; fileRef = 2C3AD59A2B0FAB6300538897 /* NextInput.swift */; };
		2C1FD1232B66F94100D4AC51 /* Color.swift in Sources */ = {isa = PBXBuildFile; fileRef = 2CB6D3AF29F730E500605255 /* Color.swift */; };
		2C1FD1242B66F94100D4AC51 /* Config.swift in Sources */ = {isa = PBXBuildFile; fileRef = 2C7E80CD29FC54B300114943 /* Config.swift */; };
		2C1FD1252B66F94100D4AC51 /* Mana.swift in Sources */ = {isa = PBXBuildFile; fileRef = 2CB6D3B329F7310800605255 /* Mana.swift */; };
		2C1FD1262B66F94100D4AC51 /* Square.swift in Sources */ = {isa = PBXBuildFile; fileRef = 2C7E80CB29FC3F3900114943 /* Square.swift */; };
		2C1FD1272B66F94100D4AC51 /* Item.swift in Sources */ = {isa = PBXBuildFile; fileRef = 2CB6D3AD29F730B200605255 /* Item.swift */; };
		2C22C8462B05073100E558C5 /* drop1.wav in Resources */ = {isa = PBXBuildFile; fileRef = 2C22C8452B05073100E558C5 /* drop1.wav */; };
		2C261C5D2A4366DB0014F9AC /* Scoring.swift in Sources */ = {isa = PBXBuildFile; fileRef = 2C261C5C2A4366DB0014F9AC /* Scoring.swift */; };
		2C266FCF2A0AF6B00016C1C5 /* Sound.swift in Sources */ = {isa = PBXBuildFile; fileRef = 2C266FCE2A0AF6B00016C1C5 /* Sound.swift */; };
		2C266FD12A0B00280016C1C5 /* endTurn.wav in Resources */ = {isa = PBXBuildFile; fileRef = 2C266FD02A0B00280016C1C5 /* endTurn.wav */; };
		2C266FD62A0B024E0016C1C5 /* pickupPotion.wav in Resources */ = {isa = PBXBuildFile; fileRef = 2C266FD22A0B024E0016C1C5 /* pickupPotion.wav */; };
		2C266FD72A0B024E0016C1C5 /* victory.wav in Resources */ = {isa = PBXBuildFile; fileRef = 2C266FD32A0B024E0016C1C5 /* victory.wav */; };
		2C266FD82A0B024E0016C1C5 /* defeat.wav in Resources */ = {isa = PBXBuildFile; fileRef = 2C266FD42A0B024E0016C1C5 /* defeat.wav */; };
		2C266FD92A0B024E0016C1C5 /* choosePickup.wav in Resources */ = {isa = PBXBuildFile; fileRef = 2C266FD52A0B024E0016C1C5 /* choosePickup.wav */; };
		2C266FDF2A0C26930016C1C5 /* Firebase.swift in Sources */ = {isa = PBXBuildFile; fileRef = 2C266FDE2A0C26930016C1C5 /* Firebase.swift */; };
		2C266FE22A0C2B7A0016C1C5 /* FirebaseAuth in Frameworks */ = {isa = PBXBuildFile; productRef = 2C266FE12A0C2B7A0016C1C5 /* FirebaseAuth */; };
		2C266FE42A0C2B7A0016C1C5 /* FirebaseDatabaseSwift in Frameworks */ = {isa = PBXBuildFile; productRef = 2C266FE32A0C2B7A0016C1C5 /* FirebaseDatabaseSwift */; };
		2C27AFD72A113DE8003C959D /* AnimationKey.swift in Sources */ = {isa = PBXBuildFile; fileRef = 2C27AFD62A113DE8003C959D /* AnimationKey.swift */; };
		2C27AFD92A115B77003C959D /* Trace.swift in Sources */ = {isa = PBXBuildFile; fileRef = 2C27AFD82A115B77003C959D /* Trace.swift */; };
		2C27AFDD2A11949D003C959D /* BoardItemView.swift in Sources */ = {isa = PBXBuildFile; fileRef = 2C27AFDC2A11949D003C959D /* BoardItemView.swift */; };
		2C27AFDF2A12DEBB003C959D /* WaveView.swift in Sources */ = {isa = PBXBuildFile; fileRef = 2C27AFDE2A12DEBB003C959D /* WaveView.swift */; };
		2C38121E2B0620AD000FDE18 /* Haptic.swift in Sources */ = {isa = PBXBuildFile; fileRef = 2C38121D2B0620AD000FDE18 /* Haptic.swift */; };
		2C3812222B064CAC000FDE18 /* README.md in Resources */ = {isa = PBXBuildFile; fileRef = 2C3812212B064CAC000FDE18 /* README.md */; };
		2C3AD5972B0FAAF500538897 /* Input.swift in Sources */ = {isa = PBXBuildFile; fileRef = 2C3AD5962B0FAAF500538897 /* Input.swift */; };
		2C3AD5992B0FAB0300538897 /* Output.swift in Sources */ = {isa = PBXBuildFile; fileRef = 2C3AD5982B0FAB0300538897 /* Output.swift */; };
		2C3AD59B2B0FAB6300538897 /* NextInput.swift in Sources */ = {isa = PBXBuildFile; fileRef = 2C3AD59A2B0FAB6300538897 /* NextInput.swift */; };
		2C3AD59D2B0FAB7200538897 /* Event.swift in Sources */ = {isa = PBXBuildFile; fileRef = 2C3AD59C2B0FAB7200538897 /* Event.swift */; };
		2C3EA16E2B8E6FD3001F5B3B /* Firebase.swift in Sources */ = {isa = PBXBuildFile; fileRef = 2C266FDE2A0C26930016C1C5 /* Firebase.swift */; };
		2C3EA16F2B8E6FD3001F5B3B /* Item.swift in Sources */ = {isa = PBXBuildFile; fileRef = 2CB6D3AD29F730B200605255 /* Item.swift */; };
		2C3EA1702B8E6FD3001F5B3B /* Event.swift in Sources */ = {isa = PBXBuildFile; fileRef = 2C3AD59C2B0FAB7200538897 /* Event.swift */; };
		2C3EA1712B8E6FD3001F5B3B /* FenRepresentable.swift in Sources */ = {isa = PBXBuildFile; fileRef = 2C7E80CF29FC60CA00114943 /* FenRepresentable.swift */; };
		2C3EA1722B8E6FD3001F5B3B /* Sound.swift in Sources */ = {isa = PBXBuildFile; fileRef = 2C266FCE2A0AF6B00016C1C5 /* Sound.swift */; };
		2C3EA1742B8E6FD3001F5B3B /* Trace.swift in Sources */ = {isa = PBXBuildFile; fileRef = 2C27AFD82A115B77003C959D /* Trace.swift */; };
		2C3EA1762B8E6FD3001F5B3B /* Output.swift in Sources */ = {isa = PBXBuildFile; fileRef = 2C3AD5982B0FAB0300538897 /* Output.swift */; };
		2C3EA1772B8E6FD3001F5B3B /* Codable.swift in Sources */ = {isa = PBXBuildFile; fileRef = 2C0255282A0EA27700CB1808 /* Codable.swift */; };
		2C3EA1782B8E6FD3001F5B3B /* Color.swift in Sources */ = {isa = PBXBuildFile; fileRef = 2CB6D3AF29F730E500605255 /* Color.swift */; };
		2C3EA1792B8E6FD3001F5B3B /* MainMenuViewController.swift in Sources */ = {isa = PBXBuildFile; fileRef = 2CC4E21B29E9E60D002F3AC9 /* MainMenuViewController.swift */; };
		2C3EA17A2B8E6FD3001F5B3B /* BoardSquareView.swift in Sources */ = {isa = PBXBuildFile; fileRef = 2CC770C029FA9D0500A59BEF /* BoardSquareView.swift */; };
		2C3EA17C2B8E6FD3001F5B3B /* Square.swift in Sources */ = {isa = PBXBuildFile; fileRef = 2C7E80CB29FC3F3900114943 /* Square.swift */; };
		2C3EA17D2B8E6FD3001F5B3B /* Mana.swift in Sources */ = {isa = PBXBuildFile; fileRef = 2CB6D3B329F7310800605255 /* Mana.swift */; };
		2C3EA17E2B8E6FD3001F5B3B /* Defaults.swift in Sources */ = {isa = PBXBuildFile; fileRef = 2CB7462329F12BA100ACC855 /* Defaults.swift */; };
		2C3EA17F2B8E6FD3001F5B3B /* Location.swift in Sources */ = {isa = PBXBuildFile; fileRef = 2CB6D3BB29F7320800605255 /* Location.swift */; };
		2C3EA1802B8E6FD3001F5B3B /* Reaction.swift in Sources */ = {isa = PBXBuildFile; fileRef = 2CFA88902B02434600F99723 /* Reaction.swift */; };
		2C3EA1822B8E6FD3001F5B3B /* Notification.swift in Sources */ = {isa = PBXBuildFile; fileRef = 2CC4FBD829F69A3300A90CDD /* Notification.swift */; };
		2C3EA1832B8E6FD3001F5B3B /* Mon.swift in Sources */ = {isa = PBXBuildFile; fileRef = 2CB6D3B129F730F600605255 /* Mon.swift */; };
		2C3EA1842B8E6FD3001F5B3B /* BoardStyle.swift in Sources */ = {isa = PBXBuildFile; fileRef = 2CB6D3AA29F70FBF00605255 /* BoardStyle.swift */; };
		2C3EA1852B8E6FD3001F5B3B /* UIView.swift in Sources */ = {isa = PBXBuildFile; fileRef = 2CFC6E4E29F9BE6100EF34FA /* UIView.swift */; };
		2C3EA1862B8E6FD3001F5B3B /* Strings.swift in Sources */ = {isa = PBXBuildFile; fileRef = 2CAF14E429EB39CB0036C942 /* Strings.swift */; };
		2C3EA1872B8E6FD3001F5B3B /* NextInput.swift in Sources */ = {isa = PBXBuildFile; fileRef = 2C3AD59A2B0FAB6300538897 /* NextInput.swift */; };
		2C3EA1882B8E6FD3001F5B3B /* MonsGame.swift in Sources */ = {isa = PBXBuildFile; fileRef = 2C01C6A029CAF4D500A25465 /* MonsGame.swift */; };
		2C3EA1892B8E6FD3001F5B3B /* PixelBoardSquareView.swift in Sources */ = {isa = PBXBuildFile; fileRef = 2C43876F2A1B60C2003CFEA1 /* PixelBoardSquareView.swift */; };
		2C3EA18A2B8E6FD3001F5B3B /* WaveView.swift in Sources */ = {isa = PBXBuildFile; fileRef = 2C27AFDE2A12DEBB003C959D /* WaveView.swift */; };
		2C3EA18B2B8E6FD3001F5B3B /* SquareColor.swift in Sources */ = {isa = PBXBuildFile; fileRef = 2C7E80C929FC3BAA00114943 /* SquareColor.swift */; };
		2C3EA18C2B8E6FD3001F5B3B /* ViewEffect.swift in Sources */ = {isa = PBXBuildFile; fileRef = 2CB6D3B929F731E100605255 /* ViewEffect.swift */; };
		2C3EA18D2B8E6FD3001F5B3B /* Colors.swift in Sources */ = {isa = PBXBuildFile; fileRef = 2CC4E21729E9B047002F3AC9 /* Colors.swift */; };
		2C3EA18E2B8E6FD3001F5B3B /* GameViewController.swift in Sources */ = {isa = PBXBuildFile; fileRef = 2CC39E8329CA48B200EDF779 /* GameViewController.swift */; };
		2C3EA18F2B8E6FD3001F5B3B /* CircleCutoutView.swift in Sources */ = {isa = PBXBuildFile; fileRef = 2CD302792A099124009DFCC2 /* CircleCutoutView.swift */; };
		2C3EA1902B8E6FD3001F5B3B /* Consumable.swift in Sources */ = {isa = PBXBuildFile; fileRef = 2CB6D3B529F7311500605255 /* Consumable.swift */; };
		2C3EA1912B8E6FD3001F5B3B /* AppDelegate.swift in Sources */ = {isa = PBXBuildFile; fileRef = 2CC39E7F29CA48B200EDF779 /* AppDelegate.swift */; };
		2C3EA1922B8E6FD3001F5B3B /* Input.swift in Sources */ = {isa = PBXBuildFile; fileRef = 2C3AD5962B0FAAF500538897 /* Input.swift */; };
		2C3EA1932B8E6FD3001F5B3B /* ButtonWithExtendedArea.swift in Sources */ = {isa = PBXBuildFile; fileRef = 2C7AE8BC29F448170052F455 /* ButtonWithExtendedArea.swift */; };
		2C3EA1942B8E6FD3001F5B3B /* BoardItemView.swift in Sources */ = {isa = PBXBuildFile; fileRef = 2C27AFDC2A11949D003C959D /* BoardItemView.swift */; };
		2C3EA1952B8E6FD3001F5B3B /* BoardView.swift in Sources */ = {isa = PBXBuildFile; fileRef = 2CC770BE29FA9CEE00A59BEF /* BoardView.swift */; };
		2C3EA1962B8E6FD3001F5B3B /* Images.swift in Sources */ = {isa = PBXBuildFile; fileRef = 2CB7462529F18DC700ACC855 /* Images.swift */; };
		2C3EA1972B8E6FD3001F5B3B /* Highlight.swift in Sources */ = {isa = PBXBuildFile; fileRef = 2CD3027B2A099834009DFCC2 /* Highlight.swift */; };
		2C3EA1982B8E6FD3001F5B3B /* SeparatorView.swift in Sources */ = {isa = PBXBuildFile; fileRef = 2CDB1AD029ED87C900C51230 /* SeparatorView.swift */; };
		2C3EA1992B8E6FD3001F5B3B /* GameController.swift in Sources */ = {isa = PBXBuildFile; fileRef = 2C09E3D729F6D0630082B774 /* GameController.swift */; };
		2C3EA19A2B8E6FD3001F5B3B /* Storyboard.swift in Sources */ = {isa = PBXBuildFile; fileRef = 2CC4E21D29E9F932002F3AC9 /* Storyboard.swift */; };
		2C3EA19B2B8E6FD3001F5B3B /* CircleView.swift in Sources */ = {isa = PBXBuildFile; fileRef = 2CD3026F2A0883D3009DFCC2 /* CircleView.swift */; };
		2C3EA19C2B8E6FD3001F5B3B /* Computer.swift in Sources */ = {isa = PBXBuildFile; fileRef = 2CCF87222A42EAFE0060410C /* Computer.swift */; };
		2C3EA19D2B8E6FD3001F5B3B /* Music.swift in Sources */ = {isa = PBXBuildFile; fileRef = 2CB656F62AFD0DD200000760 /* Music.swift */; };
		2C3EA19E2B8E6FD3001F5B3B /* Config.swift in Sources */ = {isa = PBXBuildFile; fileRef = 2C7E80CD29FC54B300114943 /* Config.swift */; };
		2C3EA1A02B8E6FD3001F5B3B /* Board.swift in Sources */ = {isa = PBXBuildFile; fileRef = 2C7E80C329FC372C00114943 /* Board.swift */; };
		2C3EA1A12B8E6FD3001F5B3B /* SparklingView.swift in Sources */ = {isa = PBXBuildFile; fileRef = 2CD302712A092905009DFCC2 /* SparklingView.swift */; };
		2C3EA1A22B8E6FD3001F5B3B /* Scoring.swift in Sources */ = {isa = PBXBuildFile; fileRef = 2C261C5C2A4366DB0014F9AC /* Scoring.swift */; };
		2C3EA1A32B8E6FD3001F5B3B /* Haptic.swift in Sources */ = {isa = PBXBuildFile; fileRef = 2C38121D2B0620AD000FDE18 /* Haptic.swift */; };
		2C3EA1A52B8E6FD3001F5B3B /* CGFloat.swift in Sources */ = {isa = PBXBuildFile; fileRef = 2CDB1AD229ED87E600C51230 /* CGFloat.swift */; };
		2C3EA1A62B8E6FD3001F5B3B /* MusicViewController.swift in Sources */ = {isa = PBXBuildFile; fileRef = 2CC157252A351C7B009C2BF1 /* MusicViewController.swift */; };
		2C3EA1A72B8E6FD3001F5B3B /* AvailableMoveKind.swift in Sources */ = {isa = PBXBuildFile; fileRef = 2C7E80D129FC6AA400114943 /* AvailableMoveKind.swift */; };
		2C3EA1A82B8E6FD3001F5B3B /* SceneDelegate.swift in Sources */ = {isa = PBXBuildFile; fileRef = 2CC39E8129CA48B200EDF779 /* SceneDelegate.swift */; };
		2C3EA1A92B8E6FD3001F5B3B /* AnimationKey.swift in Sources */ = {isa = PBXBuildFile; fileRef = 2C27AFD62A113DE8003C959D /* AnimationKey.swift */; };
		2C3EA1AA2B8E6FD3001F5B3B /* Audio.swift in Sources */ = {isa = PBXBuildFile; fileRef = 2C53FC5B29CD280300F49668 /* Audio.swift */; };
		2C3EA1AC2B8E6FD3001F5B3B /* FirebaseDatabaseSwift in Frameworks */ = {isa = PBXBuildFile; productRef = 2C3EA16A2B8E6FD3001F5B3B /* FirebaseDatabaseSwift */; };
		2C3EA1AE2B8E6FD3001F5B3B /* FirebaseAuth in Frameworks */ = {isa = PBXBuildFile; productRef = 2C3EA1682B8E6FD3001F5B3B /* FirebaseAuth */; };
		2C3EA1B32B8E6FD3001F5B3B /* demonAbility.wav in Resources */ = {isa = PBXBuildFile; fileRef = 2CDB1AD629EEF48E00C51230 /* demonAbility.wav */; };
		2C3EA1B42B8E6FD3001F5B3B /* Colors.xcassets in Resources */ = {isa = PBXBuildFile; fileRef = 2CC4E21529E9AFE0002F3AC9 /* Colors.xcassets */; };
		2C3EA1B52B8E6FD3001F5B3B /* Game.xcassets in Resources */ = {isa = PBXBuildFile; fileRef = 2C09E3D929F6D2550082B774 /* Game.xcassets */; };
		2C3EA1B62B8E6FD3001F5B3B /* defeat.wav in Resources */ = {isa = PBXBuildFile; fileRef = 2C266FD42A0B024E0016C1C5 /* defeat.wav */; };
		2C3EA1B72B8E6FD3001F5B3B /* driver.aac in Resources */ = {isa = PBXBuildFile; fileRef = 2CEB9AE92A34C05200B3CD54 /* driver.aac */; };
		2C3EA1BD2B8E6FD3001F5B3B /* organwhawha.aac in Resources */ = {isa = PBXBuildFile; fileRef = 2CEB9ADF2A34C05100B3CD54 /* organwhawha.aac */; };
		2C3EA1BE2B8E6FD3001F5B3B /* victory.wav in Resources */ = {isa = PBXBuildFile; fileRef = 2C266FD32A0B024E0016C1C5 /* victory.wav */; };
		2C3EA1C12B8E6FD3001F5B3B /* didConnect.wav in Resources */ = {isa = PBXBuildFile; fileRef = 2C02552C2A0ECB6400CB1808 /* didConnect.wav */; };
		2C3EA1C22B8E6FD3001F5B3B /* scoreMana.wav in Resources */ = {isa = PBXBuildFile; fileRef = 2CDB1ADF29EEF48E00C51230 /* scoreMana.wav */; };
		2C3EA1C32B8E6FD3001F5B3B /* LaunchScreen.storyboard in Resources */ = {isa = PBXBuildFile; fileRef = 2CC39E8A29CA48B300EDF779 /* LaunchScreen.storyboard */; };
		2C3EA1C42B8E6FD3001F5B3B /* Emojis.xcassets in Resources */ = {isa = PBXBuildFile; fileRef = 2C7AE8B729F294A50052F455 /* Emojis.xcassets */; };
		2C3EA1C52B8E6FD3001F5B3B /* click.wav in Resources */ = {isa = PBXBuildFile; fileRef = 2CD302752A097286009DFCC2 /* click.wav */; };
		2C3EA1C62B8E6FD3001F5B3B /* scoreSupermana.wav in Resources */ = {isa = PBXBuildFile; fileRef = 2CDB1ADB29EEF48E00C51230 /* scoreSupermana.wav */; };
		2C3EA1C72B8E6FD3001F5B3B /* move.wav in Resources */ = {isa = PBXBuildFile; fileRef = 2CDB1ADE29EEF48E00C51230 /* move.wav */; };
		2C3EA1C82B8E6FD3001F5B3B /* yo2.wav in Resources */ = {isa = PBXBuildFile; fileRef = 2CFA88942B029F5800F99723 /* yo2.wav */; };
		2C3EA1CA2B8E6FD3001F5B3B /* README.md in Resources */ = {isa = PBXBuildFile; fileRef = 2C3812212B064CAC000FDE18 /* README.md */; };
		2C3EA1CC2B8E6FD3001F5B3B /* drop1.wav in Resources */ = {isa = PBXBuildFile; fileRef = 2C22C8452B05073100E558C5 /* drop1.wav */; };
		2C3EA1CF2B8E6FD3001F5B3B /* slurp1.wav in Resources */ = {isa = PBXBuildFile; fileRef = 2CFA88982B029F5800F99723 /* slurp1.wav */; };
		2C3EA1D12B8E6FD3001F5B3B /* pickupPotion.wav in Resources */ = {isa = PBXBuildFile; fileRef = 2C266FD22A0B024E0016C1C5 /* pickupPotion.wav */; };
		2C3EA1D52B8E6FD3001F5B3B /* yo3.wav in Resources */ = {isa = PBXBuildFile; fileRef = 2CFA88922B029F5800F99723 /* yo3.wav */; };
		2C3EA1D62B8E6FD3001F5B3B /* yo4.wav in Resources */ = {isa = PBXBuildFile; fileRef = 2CFA889A2B029F5800F99723 /* yo4.wav */; };
		2C3EA1D82B8E6FD3001F5B3B /* bomb.wav in Resources */ = {isa = PBXBuildFile; fileRef = 2CDB1AD729EEF48E00C51230 /* bomb.wav */; };
		2C3EA1DA2B8E6FD3001F5B3B /* whale2.aac in Resources */ = {isa = PBXBuildFile; fileRef = 2CEB9ADC2A34C05100B3CD54 /* whale2.aac */; };
		2C3EA1DB2B8E6FD3001F5B3B /* yo1.wav in Resources */ = {isa = PBXBuildFile; fileRef = 2CFA88962B029F5800F99723 /* yo1.wav */; };
		2C3EA1DC2B8E6FD3001F5B3B /* pickupBomb.wav in Resources */ = {isa = PBXBuildFile; fileRef = 2CDB1AD529EEF48E00C51230 /* pickupBomb.wav */; };
		2C3EA1DF2B8E6FD3001F5B3B /* choosePickup.wav in Resources */ = {isa = PBXBuildFile; fileRef = 2C266FD52A0B024E0016C1C5 /* choosePickup.wav */; };
		2C3EA1E02B8E6FD3001F5B3B /* spiritAbility.wav in Resources */ = {isa = PBXBuildFile; fileRef = 2CDB1ADA29EEF48E00C51230 /* spiritAbility.wav */; };
		2C3EA1E12B8E6FD3001F5B3B /* App.xcassets in Resources */ = {isa = PBXBuildFile; fileRef = 2CC39E8829CA48B300EDF779 /* App.xcassets */; };
		2C3EA1E32B8E6FD3001F5B3B /* gg1.wav in Resources */ = {isa = PBXBuildFile; fileRef = 2CFA88972B029F5800F99723 /* gg1.wav */; };
		2C3EA1E82B8E6FD3001F5B3B /* gg2.wav in Resources */ = {isa = PBXBuildFile; fileRef = 2CFA88952B029F5800F99723 /* gg2.wav */; };
		2C3EA1E92B8E6FD3001F5B3B /* Main.storyboard in Resources */ = {isa = PBXBuildFile; fileRef = 2CC39E8529CA48B200EDF779 /* Main.storyboard */; };
		2C3EA1EA2B8E6FD3001F5B3B /* jelly jam.aac in Resources */ = {isa = PBXBuildFile; fileRef = 2CEB9AEE2A34C05300B3CD54 /* jelly jam.aac */; };
		2C3EA1EC2B8E6FD3001F5B3B /* manaPickUp.wav in Resources */ = {isa = PBXBuildFile; fileRef = 2CDB1AD929EEF48E00C51230 /* manaPickUp.wav */; };
		2C3EA1ED2B8E6FD3001F5B3B /* mysticAbility.wav in Resources */ = {isa = PBXBuildFile; fileRef = 2CDB1AE029EEF48E00C51230 /* mysticAbility.wav */; };
		2C3EA1EE2B8E6FD3001F5B3B /* endTurn.wav in Resources */ = {isa = PBXBuildFile; fileRef = 2C266FD02A0B00280016C1C5 /* endTurn.wav */; };
		2C3EA1EF2B8E6FD3001F5B3B /* wahoo1.wav in Resources */ = {isa = PBXBuildFile; fileRef = 2CFA88932B029F5800F99723 /* wahoo1.wav */; };
		2C3F341E2B92322600F3829D /* MapViewController.swift in Sources */ = {isa = PBXBuildFile; fileRef = 2C3F341D2B92322600F3829D /* MapViewController.swift */; };
		2C3F34212B92331600F3829D /* UIViewController.swift in Sources */ = {isa = PBXBuildFile; fileRef = 2C3F34202B92331600F3829D /* UIViewController.swift */; };
		2C3F34222B92331600F3829D /* UIViewController.swift in Sources */ = {isa = PBXBuildFile; fileRef = 2C3F34202B92331600F3829D /* UIViewController.swift */; };
		2C3F34242B92587900F3829D /* Keychain.swift in Sources */ = {isa = PBXBuildFile; fileRef = 2C3F34232B92587900F3829D /* Keychain.swift */; };
		2C3F34252B92587900F3829D /* Keychain.swift in Sources */ = {isa = PBXBuildFile; fileRef = 2C3F34232B92587900F3829D /* Keychain.swift */; };
		2C4387702A1B60C2003CFEA1 /* PixelBoardSquareView.swift in Sources */ = {isa = PBXBuildFile; fileRef = 2C43876F2A1B60C2003CFEA1 /* PixelBoardSquareView.swift */; };
		2C53FC5C29CD280300F49668 /* Audio.swift in Sources */ = {isa = PBXBuildFile; fileRef = 2C53FC5B29CD280300F49668 /* Audio.swift */; };
		2C7AE8B829F294A50052F455 /* Emojis.xcassets in Resources */ = {isa = PBXBuildFile; fileRef = 2C7AE8B729F294A50052F455 /* Emojis.xcassets */; };
		2C7AE8BD29F448170052F455 /* ButtonWithExtendedArea.swift in Sources */ = {isa = PBXBuildFile; fileRef = 2C7AE8BC29F448170052F455 /* ButtonWithExtendedArea.swift */; };
		2C7E80C429FC372C00114943 /* Board.swift in Sources */ = {isa = PBXBuildFile; fileRef = 2C7E80C329FC372C00114943 /* Board.swift */; };
		2C7E80CA29FC3BAA00114943 /* SquareColor.swift in Sources */ = {isa = PBXBuildFile; fileRef = 2C7E80C929FC3BAA00114943 /* SquareColor.swift */; };
		2C7E80CC29FC3F3900114943 /* Square.swift in Sources */ = {isa = PBXBuildFile; fileRef = 2C7E80CB29FC3F3900114943 /* Square.swift */; };
		2C7E80CE29FC54B300114943 /* Config.swift in Sources */ = {isa = PBXBuildFile; fileRef = 2C7E80CD29FC54B300114943 /* Config.swift */; };
		2C7E80D029FC60CA00114943 /* FenRepresentable.swift in Sources */ = {isa = PBXBuildFile; fileRef = 2C7E80CF29FC60CA00114943 /* FenRepresentable.swift */; };
		2C7E80D229FC6AA400114943 /* AvailableMoveKind.swift in Sources */ = {isa = PBXBuildFile; fileRef = 2C7E80D129FC6AA400114943 /* AvailableMoveKind.swift */; };
		2CA692AA2B8D2F670046AF86 /* FirebaseFirestoreSwift in Frameworks */ = {isa = PBXBuildFile; platformFilter = ios; productRef = 2CA692A92B8D2F670046AF86 /* FirebaseFirestoreSwift */; };
		2CA6C7EE2BBD67230061E086 /* SecretAppRequest.swift in Sources */ = {isa = PBXBuildFile; fileRef = 2CA6C7ED2BBD67230061E086 /* SecretAppRequest.swift */; };
		2CA6C7EF2BBD67230061E086 /* SecretAppRequest.swift in Sources */ = {isa = PBXBuildFile; fileRef = 2CA6C7ED2BBD67230061E086 /* SecretAppRequest.swift */; };
		2CAAA7AD2B8CCAA50011A55A /* FirebaseAppCheck in Frameworks */ = {isa = PBXBuildFile; platformFilter = ios; productRef = 2CAAA7AC2B8CCAA50011A55A /* FirebaseAppCheck */; };
		2CAF14E529EB39CB0036C942 /* Strings.swift in Sources */ = {isa = PBXBuildFile; fileRef = 2CAF14E429EB39CB0036C942 /* Strings.swift */; };
		2CB656F72AFD0DD200000760 /* Music.swift in Sources */ = {isa = PBXBuildFile; fileRef = 2CB656F62AFD0DD200000760 /* Music.swift */; };
		2CB6D3AB29F70FBF00605255 /* BoardStyle.swift in Sources */ = {isa = PBXBuildFile; fileRef = 2CB6D3AA29F70FBF00605255 /* BoardStyle.swift */; };
		2CB6D3AE29F730B200605255 /* Item.swift in Sources */ = {isa = PBXBuildFile; fileRef = 2CB6D3AD29F730B200605255 /* Item.swift */; };
		2CB6D3B029F730E500605255 /* Color.swift in Sources */ = {isa = PBXBuildFile; fileRef = 2CB6D3AF29F730E500605255 /* Color.swift */; };
		2CB6D3B229F730F600605255 /* Mon.swift in Sources */ = {isa = PBXBuildFile; fileRef = 2CB6D3B129F730F600605255 /* Mon.swift */; };
		2CB6D3B429F7310800605255 /* Mana.swift in Sources */ = {isa = PBXBuildFile; fileRef = 2CB6D3B329F7310800605255 /* Mana.swift */; };
		2CB6D3B629F7311500605255 /* Consumable.swift in Sources */ = {isa = PBXBuildFile; fileRef = 2CB6D3B529F7311500605255 /* Consumable.swift */; };
		2CB6D3BA29F731E100605255 /* ViewEffect.swift in Sources */ = {isa = PBXBuildFile; fileRef = 2CB6D3B929F731E100605255 /* ViewEffect.swift */; };
		2CB6D3BC29F7320800605255 /* Location.swift in Sources */ = {isa = PBXBuildFile; fileRef = 2CB6D3BB29F7320800605255 /* Location.swift */; };
		2CB7462429F12BA100ACC855 /* Defaults.swift in Sources */ = {isa = PBXBuildFile; fileRef = 2CB7462329F12BA100ACC855 /* Defaults.swift */; };
		2CB7462629F18DC700ACC855 /* Images.swift in Sources */ = {isa = PBXBuildFile; fileRef = 2CB7462529F18DC700ACC855 /* Images.swift */; };
		2CC157262A351C7B009C2BF1 /* MusicViewController.swift in Sources */ = {isa = PBXBuildFile; fileRef = 2CC157252A351C7B009C2BF1 /* MusicViewController.swift */; };
		2CC39E8029CA48B200EDF779 /* AppDelegate.swift in Sources */ = {isa = PBXBuildFile; fileRef = 2CC39E7F29CA48B200EDF779 /* AppDelegate.swift */; };
		2CC39E8229CA48B200EDF779 /* SceneDelegate.swift in Sources */ = {isa = PBXBuildFile; fileRef = 2CC39E8129CA48B200EDF779 /* SceneDelegate.swift */; };
		2CC39E8429CA48B200EDF779 /* GameViewController.swift in Sources */ = {isa = PBXBuildFile; fileRef = 2CC39E8329CA48B200EDF779 /* GameViewController.swift */; };
		2CC39E8729CA48B200EDF779 /* Main.storyboard in Resources */ = {isa = PBXBuildFile; fileRef = 2CC39E8529CA48B200EDF779 /* Main.storyboard */; };
		2CC39E8929CA48B300EDF779 /* App.xcassets in Resources */ = {isa = PBXBuildFile; fileRef = 2CC39E8829CA48B300EDF779 /* App.xcassets */; };
		2CC39E8C29CA48B300EDF779 /* LaunchScreen.storyboard in Resources */ = {isa = PBXBuildFile; fileRef = 2CC39E8A29CA48B300EDF779 /* LaunchScreen.storyboard */; };
		2CC4E21629E9AFE0002F3AC9 /* Colors.xcassets in Resources */ = {isa = PBXBuildFile; fileRef = 2CC4E21529E9AFE0002F3AC9 /* Colors.xcassets */; };
		2CC4E21829E9B047002F3AC9 /* Colors.swift in Sources */ = {isa = PBXBuildFile; fileRef = 2CC4E21729E9B047002F3AC9 /* Colors.swift */; };
		2CC4E21C29E9E60D002F3AC9 /* MainMenuViewController.swift in Sources */ = {isa = PBXBuildFile; fileRef = 2CC4E21B29E9E60D002F3AC9 /* MainMenuViewController.swift */; };
		2CC4E21E29E9F932002F3AC9 /* Storyboard.swift in Sources */ = {isa = PBXBuildFile; fileRef = 2CC4E21D29E9F932002F3AC9 /* Storyboard.swift */; };
		2CC4FBD929F69A3300A90CDD /* Notification.swift in Sources */ = {isa = PBXBuildFile; fileRef = 2CC4FBD829F69A3300A90CDD /* Notification.swift */; };
		2CC770BF29FA9CEE00A59BEF /* BoardView.swift in Sources */ = {isa = PBXBuildFile; fileRef = 2CC770BE29FA9CEE00A59BEF /* BoardView.swift */; };
		2CC770C129FA9D0500A59BEF /* BoardSquareView.swift in Sources */ = {isa = PBXBuildFile; fileRef = 2CC770C029FA9D0500A59BEF /* BoardSquareView.swift */; };
		2CCF87232A42EAFE0060410C /* Computer.swift in Sources */ = {isa = PBXBuildFile; fileRef = 2CCF87222A42EAFE0060410C /* Computer.swift */; };
		2CD302702A0883D3009DFCC2 /* CircleView.swift in Sources */ = {isa = PBXBuildFile; fileRef = 2CD3026F2A0883D3009DFCC2 /* CircleView.swift */; };
		2CD302722A092905009DFCC2 /* SparklingView.swift in Sources */ = {isa = PBXBuildFile; fileRef = 2CD302712A092905009DFCC2 /* SparklingView.swift */; };
		2CD302762A097286009DFCC2 /* click.wav in Resources */ = {isa = PBXBuildFile; fileRef = 2CD302752A097286009DFCC2 /* click.wav */; };
		2CD3027A2A099124009DFCC2 /* CircleCutoutView.swift in Sources */ = {isa = PBXBuildFile; fileRef = 2CD302792A099124009DFCC2 /* CircleCutoutView.swift */; };
		2CD3027C2A099834009DFCC2 /* Highlight.swift in Sources */ = {isa = PBXBuildFile; fileRef = 2CD3027B2A099834009DFCC2 /* Highlight.swift */; };
		2CDA63F32BC1BB9700396913 /* FirebaseFunctions in Frameworks */ = {isa = PBXBuildFile; productRef = 2CDA63F22BC1BB9700396913 /* FirebaseFunctions */; };
		2CDA63F62BC1BBB300396913 /* FirebaseFunctions in Frameworks */ = {isa = PBXBuildFile; productRef = 2CDA63F52BC1BBB300396913 /* FirebaseFunctions */; };
		2CDB1AD129ED87C900C51230 /* SeparatorView.swift in Sources */ = {isa = PBXBuildFile; fileRef = 2CDB1AD029ED87C900C51230 /* SeparatorView.swift */; };
		2CDB1AD329ED87E600C51230 /* CGFloat.swift in Sources */ = {isa = PBXBuildFile; fileRef = 2CDB1AD229ED87E600C51230 /* CGFloat.swift */; };
		2CDB1AE329EEF48E00C51230 /* pickupBomb.wav in Resources */ = {isa = PBXBuildFile; fileRef = 2CDB1AD529EEF48E00C51230 /* pickupBomb.wav */; };
		2CDB1AE429EEF48E00C51230 /* demonAbility.wav in Resources */ = {isa = PBXBuildFile; fileRef = 2CDB1AD629EEF48E00C51230 /* demonAbility.wav */; };
		2CDB1AE529EEF48E00C51230 /* bomb.wav in Resources */ = {isa = PBXBuildFile; fileRef = 2CDB1AD729EEF48E00C51230 /* bomb.wav */; };
		2CDB1AE729EEF48E00C51230 /* manaPickUp.wav in Resources */ = {isa = PBXBuildFile; fileRef = 2CDB1AD929EEF48E00C51230 /* manaPickUp.wav */; };
		2CDB1AE829EEF48E00C51230 /* spiritAbility.wav in Resources */ = {isa = PBXBuildFile; fileRef = 2CDB1ADA29EEF48E00C51230 /* spiritAbility.wav */; };
		2CDB1AE929EEF48E00C51230 /* scoreSupermana.wav in Resources */ = {isa = PBXBuildFile; fileRef = 2CDB1ADB29EEF48E00C51230 /* scoreSupermana.wav */; };
		2CDB1AEC29EEF48E00C51230 /* move.wav in Resources */ = {isa = PBXBuildFile; fileRef = 2CDB1ADE29EEF48E00C51230 /* move.wav */; };
		2CDB1AED29EEF48E00C51230 /* scoreMana.wav in Resources */ = {isa = PBXBuildFile; fileRef = 2CDB1ADF29EEF48E00C51230 /* scoreMana.wav */; };
		2CDB1AEE29EEF48E00C51230 /* mysticAbility.wav in Resources */ = {isa = PBXBuildFile; fileRef = 2CDB1AE029EEF48E00C51230 /* mysticAbility.wav */; };
		2CE9A77C2BADC63B00579BF7 /* Localizable.xcstrings in Resources */ = {isa = PBXBuildFile; fileRef = 2CE9A77B2BADC63B00579BF7 /* Localizable.xcstrings */; };
		2CE9A77D2BADC63B00579BF7 /* Localizable.xcstrings in Resources */ = {isa = PBXBuildFile; fileRef = 2CE9A77B2BADC63B00579BF7 /* Localizable.xcstrings */; };
		2CEB9AF92A34C05300B3CD54 /* whale2.aac in Resources */ = {isa = PBXBuildFile; fileRef = 2CEB9ADC2A34C05100B3CD54 /* whale2.aac */; };
		2CEB9AFC2A34C05300B3CD54 /* organwhawha.aac in Resources */ = {isa = PBXBuildFile; fileRef = 2CEB9ADF2A34C05100B3CD54 /* organwhawha.aac */; };
		2CEB9B062A34C05300B3CD54 /* driver.aac in Resources */ = {isa = PBXBuildFile; fileRef = 2CEB9AE92A34C05200B3CD54 /* driver.aac */; };
		2CEB9B0B2A34C05300B3CD54 /* jelly jam.aac in Resources */ = {isa = PBXBuildFile; fileRef = 2CEB9AEE2A34C05300B3CD54 /* jelly jam.aac */; };
		2CFA88912B02434600F99723 /* Reaction.swift in Sources */ = {isa = PBXBuildFile; fileRef = 2CFA88902B02434600F99723 /* Reaction.swift */; };
		2CFA889B2B029F5800F99723 /* yo3.wav in Resources */ = {isa = PBXBuildFile; fileRef = 2CFA88922B029F5800F99723 /* yo3.wav */; };
		2CFA889C2B029F5800F99723 /* wahoo1.wav in Resources */ = {isa = PBXBuildFile; fileRef = 2CFA88932B029F5800F99723 /* wahoo1.wav */; };
		2CFA889D2B029F5800F99723 /* yo2.wav in Resources */ = {isa = PBXBuildFile; fileRef = 2CFA88942B029F5800F99723 /* yo2.wav */; };
		2CFA889E2B029F5800F99723 /* gg2.wav in Resources */ = {isa = PBXBuildFile; fileRef = 2CFA88952B029F5800F99723 /* gg2.wav */; };
		2CFA889F2B029F5800F99723 /* yo1.wav in Resources */ = {isa = PBXBuildFile; fileRef = 2CFA88962B029F5800F99723 /* yo1.wav */; };
		2CFA88A02B029F5800F99723 /* gg1.wav in Resources */ = {isa = PBXBuildFile; fileRef = 2CFA88972B029F5800F99723 /* gg1.wav */; };
		2CFA88A12B029F5800F99723 /* slurp1.wav in Resources */ = {isa = PBXBuildFile; fileRef = 2CFA88982B029F5800F99723 /* slurp1.wav */; };
		2CFA88A32B029F5800F99723 /* yo4.wav in Resources */ = {isa = PBXBuildFile; fileRef = 2CFA889A2B029F5800F99723 /* yo4.wav */; };
		2CFC6E4F29F9BE6100EF34FA /* UIView.swift in Sources */ = {isa = PBXBuildFile; fileRef = 2CFC6E4E29F9BE6100EF34FA /* UIView.swift */; };
/* End PBXBuildFile section */

/* Begin PBXCopyFilesBuildPhase section */
		2C1FD10F2B66F92E00D4AC51 /* CopyFiles */ = {
			isa = PBXCopyFilesBuildPhase;
			buildActionMask = 2147483647;
			dstPath = /usr/share/man/man1/;
			dstSubfolderSpec = 0;
			files = (
			);
			runOnlyForDeploymentPostprocessing = 1;
		};
/* End PBXCopyFilesBuildPhase section */

/* Begin PBXFileReference section */
		2C01C6A029CAF4D500A25465 /* MonsGame.swift */ = {isa = PBXFileReference; lastKnownFileType = sourcecode.swift; path = MonsGame.swift; sourceTree = "<group>"; };
		2C0255282A0EA27700CB1808 /* Codable.swift */ = {isa = PBXFileReference; lastKnownFileType = sourcecode.swift; path = Codable.swift; sourceTree = "<group>"; };
		2C02552C2A0ECB6400CB1808 /* didConnect.wav */ = {isa = PBXFileReference; lastKnownFileType = audio.wav; path = didConnect.wav; sourceTree = "<group>"; };
		2C09E3D729F6D0630082B774 /* GameController.swift */ = {isa = PBXFileReference; lastKnownFileType = sourcecode.swift; path = GameController.swift; sourceTree = "<group>"; };
		2C09E3D929F6D2550082B774 /* Game.xcassets */ = {isa = PBXFileReference; lastKnownFileType = folder.assetcatalog; path = Game.xcassets; sourceTree = "<group>"; };
		2C162B7E2BBF09F700537639 /* SecretAppResponse.swift */ = {isa = PBXFileReference; lastKnownFileType = sourcecode.swift; path = SecretAppResponse.swift; sourceTree = "<group>"; };
		2C1FD1112B66F92E00D4AC51 /* tools */ = {isa = PBXFileReference; explicitFileType = "compiled.mach-o.executable"; includeInIndex = 0; path = tools; sourceTree = BUILT_PRODUCTS_DIR; };
		2C1FD1132B66F92E00D4AC51 /* main.swift */ = {isa = PBXFileReference; lastKnownFileType = sourcecode.swift; path = main.swift; sourceTree = "<group>"; };
		2C22C8452B05073100E558C5 /* drop1.wav */ = {isa = PBXFileReference; lastKnownFileType = audio.wav; path = drop1.wav; sourceTree = "<group>"; };
		2C261C5C2A4366DB0014F9AC /* Scoring.swift */ = {isa = PBXFileReference; lastKnownFileType = sourcecode.swift; path = Scoring.swift; sourceTree = "<group>"; };
		2C266FCE2A0AF6B00016C1C5 /* Sound.swift */ = {isa = PBXFileReference; lastKnownFileType = sourcecode.swift; path = Sound.swift; sourceTree = "<group>"; };
		2C266FD02A0B00280016C1C5 /* endTurn.wav */ = {isa = PBXFileReference; lastKnownFileType = audio.wav; path = endTurn.wav; sourceTree = "<group>"; };
		2C266FD22A0B024E0016C1C5 /* pickupPotion.wav */ = {isa = PBXFileReference; lastKnownFileType = audio.wav; path = pickupPotion.wav; sourceTree = "<group>"; };
		2C266FD32A0B024E0016C1C5 /* victory.wav */ = {isa = PBXFileReference; lastKnownFileType = audio.wav; path = victory.wav; sourceTree = "<group>"; };
		2C266FD42A0B024E0016C1C5 /* defeat.wav */ = {isa = PBXFileReference; lastKnownFileType = audio.wav; path = defeat.wav; sourceTree = "<group>"; };
		2C266FD52A0B024E0016C1C5 /* choosePickup.wav */ = {isa = PBXFileReference; lastKnownFileType = audio.wav; path = choosePickup.wav; sourceTree = "<group>"; };
		2C266FDE2A0C26930016C1C5 /* Firebase.swift */ = {isa = PBXFileReference; lastKnownFileType = sourcecode.swift; path = Firebase.swift; sourceTree = "<group>"; };
		2C27AFD62A113DE8003C959D /* AnimationKey.swift */ = {isa = PBXFileReference; lastKnownFileType = sourcecode.swift; path = AnimationKey.swift; sourceTree = "<group>"; };
		2C27AFD82A115B77003C959D /* Trace.swift */ = {isa = PBXFileReference; lastKnownFileType = sourcecode.swift; path = Trace.swift; sourceTree = "<group>"; };
		2C27AFDC2A11949D003C959D /* BoardItemView.swift */ = {isa = PBXFileReference; lastKnownFileType = sourcecode.swift; path = BoardItemView.swift; sourceTree = "<group>"; };
		2C27AFDE2A12DEBB003C959D /* WaveView.swift */ = {isa = PBXFileReference; lastKnownFileType = sourcecode.swift; path = WaveView.swift; sourceTree = "<group>"; };
		2C38121D2B0620AD000FDE18 /* Haptic.swift */ = {isa = PBXFileReference; lastKnownFileType = sourcecode.swift; path = Haptic.swift; sourceTree = "<group>"; };
		2C3812212B064CAC000FDE18 /* README.md */ = {isa = PBXFileReference; fileEncoding = 4; lastKnownFileType = net.daringfireball.markdown; path = README.md; sourceTree = SOURCE_ROOT; };
		2C3812252B065F2B000FDE18 /* GoogleService-Info.plist */ = {isa = PBXFileReference; fileEncoding = 4; lastKnownFileType = text.plist.xml; path = "GoogleService-Info.plist"; sourceTree = "<group>"; };
		2C3AD5962B0FAAF500538897 /* Input.swift */ = {isa = PBXFileReference; lastKnownFileType = sourcecode.swift; path = Input.swift; sourceTree = "<group>"; };
		2C3AD5982B0FAB0300538897 /* Output.swift */ = {isa = PBXFileReference; lastKnownFileType = sourcecode.swift; path = Output.swift; sourceTree = "<group>"; };
		2C3AD59A2B0FAB6300538897 /* NextInput.swift */ = {isa = PBXFileReference; lastKnownFileType = sourcecode.swift; path = NextInput.swift; sourceTree = "<group>"; };
		2C3AD59C2B0FAB7200538897 /* Event.swift */ = {isa = PBXFileReference; lastKnownFileType = sourcecode.swift; path = Event.swift; sourceTree = "<group>"; };
		2C3EA1F32B8E6FD3001F5B3B /* mons.app */ = {isa = PBXFileReference; explicitFileType = wrapper.application; includeInIndex = 0; path = mons.app; sourceTree = BUILT_PRODUCTS_DIR; };
		2C3EA1F52B8E7046001F5B3B /* mons-catalyst.entitlements */ = {isa = PBXFileReference; lastKnownFileType = text.plist.entitlements; path = "mons-catalyst.entitlements"; sourceTree = "<group>"; };
		2C3EA1F62B8E7046001F5B3B /* Info-catalyst.plist */ = {isa = PBXFileReference; lastKnownFileType = text.plist.xml; path = "Info-catalyst.plist"; sourceTree = "<group>"; };
		2C3F341D2B92322600F3829D /* MapViewController.swift */ = {isa = PBXFileReference; lastKnownFileType = sourcecode.swift; path = MapViewController.swift; sourceTree = "<group>"; };
		2C3F34202B92331600F3829D /* UIViewController.swift */ = {isa = PBXFileReference; lastKnownFileType = sourcecode.swift; path = UIViewController.swift; sourceTree = "<group>"; };
		2C3F34232B92587900F3829D /* Keychain.swift */ = {isa = PBXFileReference; lastKnownFileType = sourcecode.swift; path = Keychain.swift; sourceTree = "<group>"; };
		2C43876F2A1B60C2003CFEA1 /* PixelBoardSquareView.swift */ = {isa = PBXFileReference; lastKnownFileType = sourcecode.swift; path = PixelBoardSquareView.swift; sourceTree = "<group>"; };
		2C53FC5B29CD280300F49668 /* Audio.swift */ = {isa = PBXFileReference; lastKnownFileType = sourcecode.swift; path = Audio.swift; sourceTree = "<group>"; };
		2C7AE8B729F294A50052F455 /* Emojis.xcassets */ = {isa = PBXFileReference; lastKnownFileType = folder.assetcatalog; path = Emojis.xcassets; sourceTree = "<group>"; };
		2C7AE8BC29F448170052F455 /* ButtonWithExtendedArea.swift */ = {isa = PBXFileReference; lastKnownFileType = sourcecode.swift; path = ButtonWithExtendedArea.swift; sourceTree = "<group>"; };
		2C7E80C329FC372C00114943 /* Board.swift */ = {isa = PBXFileReference; lastKnownFileType = sourcecode.swift; path = Board.swift; sourceTree = "<group>"; };
		2C7E80C929FC3BAA00114943 /* SquareColor.swift */ = {isa = PBXFileReference; lastKnownFileType = sourcecode.swift; path = SquareColor.swift; sourceTree = "<group>"; };
		2C7E80CB29FC3F3900114943 /* Square.swift */ = {isa = PBXFileReference; lastKnownFileType = sourcecode.swift; path = Square.swift; sourceTree = "<group>"; };
		2C7E80CD29FC54B300114943 /* Config.swift */ = {isa = PBXFileReference; lastKnownFileType = sourcecode.swift; path = Config.swift; sourceTree = "<group>"; };
		2C7E80CF29FC60CA00114943 /* FenRepresentable.swift */ = {isa = PBXFileReference; lastKnownFileType = sourcecode.swift; path = FenRepresentable.swift; sourceTree = "<group>"; };
		2C7E80D129FC6AA400114943 /* AvailableMoveKind.swift */ = {isa = PBXFileReference; lastKnownFileType = sourcecode.swift; path = AvailableMoveKind.swift; sourceTree = "<group>"; };
		2CA6C7ED2BBD67230061E086 /* SecretAppRequest.swift */ = {isa = PBXFileReference; lastKnownFileType = sourcecode.swift; path = SecretAppRequest.swift; sourceTree = "<group>"; };
		2CAAA7AA2B8CB93D0011A55A /* firebase-rules.json */ = {isa = PBXFileReference; lastKnownFileType = text.json; path = "firebase-rules.json"; sourceTree = "<group>"; };
		2CAF14E429EB39CB0036C942 /* Strings.swift */ = {isa = PBXFileReference; lastKnownFileType = sourcecode.swift; path = Strings.swift; sourceTree = "<group>"; };
		2CB656F62AFD0DD200000760 /* Music.swift */ = {isa = PBXFileReference; lastKnownFileType = sourcecode.swift; path = Music.swift; sourceTree = "<group>"; };
		2CB6D3AA29F70FBF00605255 /* BoardStyle.swift */ = {isa = PBXFileReference; lastKnownFileType = sourcecode.swift; path = BoardStyle.swift; sourceTree = "<group>"; };
		2CB6D3AD29F730B200605255 /* Item.swift */ = {isa = PBXFileReference; lastKnownFileType = sourcecode.swift; path = Item.swift; sourceTree = "<group>"; };
		2CB6D3AF29F730E500605255 /* Color.swift */ = {isa = PBXFileReference; lastKnownFileType = sourcecode.swift; path = Color.swift; sourceTree = "<group>"; };
		2CB6D3B129F730F600605255 /* Mon.swift */ = {isa = PBXFileReference; lastKnownFileType = sourcecode.swift; path = Mon.swift; sourceTree = "<group>"; };
		2CB6D3B329F7310800605255 /* Mana.swift */ = {isa = PBXFileReference; lastKnownFileType = sourcecode.swift; path = Mana.swift; sourceTree = "<group>"; };
		2CB6D3B529F7311500605255 /* Consumable.swift */ = {isa = PBXFileReference; lastKnownFileType = sourcecode.swift; path = Consumable.swift; sourceTree = "<group>"; };
		2CB6D3B929F731E100605255 /* ViewEffect.swift */ = {isa = PBXFileReference; lastKnownFileType = sourcecode.swift; path = ViewEffect.swift; sourceTree = "<group>"; };
		2CB6D3BB29F7320800605255 /* Location.swift */ = {isa = PBXFileReference; lastKnownFileType = sourcecode.swift; path = Location.swift; sourceTree = "<group>"; };
		2CB7462329F12BA100ACC855 /* Defaults.swift */ = {isa = PBXFileReference; lastKnownFileType = sourcecode.swift; path = Defaults.swift; sourceTree = "<group>"; };
		2CB7462529F18DC700ACC855 /* Images.swift */ = {isa = PBXFileReference; lastKnownFileType = sourcecode.swift; path = Images.swift; sourceTree = "<group>"; };
		2CC157252A351C7B009C2BF1 /* MusicViewController.swift */ = {isa = PBXFileReference; lastKnownFileType = sourcecode.swift; path = MusicViewController.swift; sourceTree = "<group>"; };
		2CC39E7C29CA48B200EDF779 /* mons.app */ = {isa = PBXFileReference; explicitFileType = wrapper.application; includeInIndex = 0; path = mons.app; sourceTree = BUILT_PRODUCTS_DIR; };
		2CC39E7F29CA48B200EDF779 /* AppDelegate.swift */ = {isa = PBXFileReference; lastKnownFileType = sourcecode.swift; path = AppDelegate.swift; sourceTree = "<group>"; };
		2CC39E8129CA48B200EDF779 /* SceneDelegate.swift */ = {isa = PBXFileReference; lastKnownFileType = sourcecode.swift; path = SceneDelegate.swift; sourceTree = "<group>"; };
		2CC39E8329CA48B200EDF779 /* GameViewController.swift */ = {isa = PBXFileReference; lastKnownFileType = sourcecode.swift; path = GameViewController.swift; sourceTree = "<group>"; };
		2CC39E8629CA48B200EDF779 /* Base */ = {isa = PBXFileReference; lastKnownFileType = file.storyboard; name = Base; path = Base.lproj/Main.storyboard; sourceTree = "<group>"; };
		2CC39E8829CA48B300EDF779 /* App.xcassets */ = {isa = PBXFileReference; lastKnownFileType = folder.assetcatalog; path = App.xcassets; sourceTree = "<group>"; };
		2CC39E8B29CA48B300EDF779 /* Base */ = {isa = PBXFileReference; lastKnownFileType = file.storyboard; name = Base; path = Base.lproj/LaunchScreen.storyboard; sourceTree = "<group>"; };
		2CC39E8D29CA48B300EDF779 /* Info-ios.plist */ = {isa = PBXFileReference; lastKnownFileType = text.plist.xml; path = "Info-ios.plist"; sourceTree = "<group>"; };
		2CC39E9329CA4EDF00EDF779 /* mons-ios.entitlements */ = {isa = PBXFileReference; lastKnownFileType = text.plist.entitlements; path = "mons-ios.entitlements"; sourceTree = "<group>"; };
		2CC4E21529E9AFE0002F3AC9 /* Colors.xcassets */ = {isa = PBXFileReference; lastKnownFileType = folder.assetcatalog; path = Colors.xcassets; sourceTree = "<group>"; };
		2CC4E21729E9B047002F3AC9 /* Colors.swift */ = {isa = PBXFileReference; lastKnownFileType = sourcecode.swift; path = Colors.swift; sourceTree = "<group>"; };
		2CC4E21B29E9E60D002F3AC9 /* MainMenuViewController.swift */ = {isa = PBXFileReference; lastKnownFileType = sourcecode.swift; path = MainMenuViewController.swift; sourceTree = "<group>"; };
		2CC4E21D29E9F932002F3AC9 /* Storyboard.swift */ = {isa = PBXFileReference; lastKnownFileType = sourcecode.swift; path = Storyboard.swift; sourceTree = "<group>"; };
		2CC4FBD829F69A3300A90CDD /* Notification.swift */ = {isa = PBXFileReference; lastKnownFileType = sourcecode.swift; path = Notification.swift; sourceTree = "<group>"; };
		2CC770BE29FA9CEE00A59BEF /* BoardView.swift */ = {isa = PBXFileReference; lastKnownFileType = sourcecode.swift; path = BoardView.swift; sourceTree = "<group>"; };
		2CC770C029FA9D0500A59BEF /* BoardSquareView.swift */ = {isa = PBXFileReference; lastKnownFileType = sourcecode.swift; path = BoardSquareView.swift; sourceTree = "<group>"; };
		2CCF87222A42EAFE0060410C /* Computer.swift */ = {isa = PBXFileReference; lastKnownFileType = sourcecode.swift; path = Computer.swift; sourceTree = "<group>"; };
		2CD3026F2A0883D3009DFCC2 /* CircleView.swift */ = {isa = PBXFileReference; lastKnownFileType = sourcecode.swift; path = CircleView.swift; sourceTree = "<group>"; };
		2CD302712A092905009DFCC2 /* SparklingView.swift */ = {isa = PBXFileReference; lastKnownFileType = sourcecode.swift; path = SparklingView.swift; sourceTree = "<group>"; };
		2CD302752A097286009DFCC2 /* click.wav */ = {isa = PBXFileReference; lastKnownFileType = audio.wav; path = click.wav; sourceTree = "<group>"; };
		2CD302792A099124009DFCC2 /* CircleCutoutView.swift */ = {isa = PBXFileReference; lastKnownFileType = sourcecode.swift; path = CircleCutoutView.swift; sourceTree = "<group>"; };
		2CD3027B2A099834009DFCC2 /* Highlight.swift */ = {isa = PBXFileReference; lastKnownFileType = sourcecode.swift; path = Highlight.swift; sourceTree = "<group>"; };
		2CDB1AD029ED87C900C51230 /* SeparatorView.swift */ = {isa = PBXFileReference; lastKnownFileType = sourcecode.swift; path = SeparatorView.swift; sourceTree = "<group>"; };
		2CDB1AD229ED87E600C51230 /* CGFloat.swift */ = {isa = PBXFileReference; lastKnownFileType = sourcecode.swift; path = CGFloat.swift; sourceTree = "<group>"; };
		2CDB1AD529EEF48E00C51230 /* pickupBomb.wav */ = {isa = PBXFileReference; lastKnownFileType = audio.wav; path = pickupBomb.wav; sourceTree = "<group>"; };
		2CDB1AD629EEF48E00C51230 /* demonAbility.wav */ = {isa = PBXFileReference; lastKnownFileType = audio.wav; path = demonAbility.wav; sourceTree = "<group>"; };
		2CDB1AD729EEF48E00C51230 /* bomb.wav */ = {isa = PBXFileReference; lastKnownFileType = audio.wav; path = bomb.wav; sourceTree = "<group>"; };
		2CDB1AD929EEF48E00C51230 /* manaPickUp.wav */ = {isa = PBXFileReference; lastKnownFileType = audio.wav; path = manaPickUp.wav; sourceTree = "<group>"; };
		2CDB1ADA29EEF48E00C51230 /* spiritAbility.wav */ = {isa = PBXFileReference; lastKnownFileType = audio.wav; path = spiritAbility.wav; sourceTree = "<group>"; };
		2CDB1ADB29EEF48E00C51230 /* scoreSupermana.wav */ = {isa = PBXFileReference; lastKnownFileType = audio.wav; path = scoreSupermana.wav; sourceTree = "<group>"; };
		2CDB1ADE29EEF48E00C51230 /* move.wav */ = {isa = PBXFileReference; lastKnownFileType = audio.wav; path = move.wav; sourceTree = "<group>"; };
		2CDB1ADF29EEF48E00C51230 /* scoreMana.wav */ = {isa = PBXFileReference; lastKnownFileType = audio.wav; path = scoreMana.wav; sourceTree = "<group>"; };
		2CDB1AE029EEF48E00C51230 /* mysticAbility.wav */ = {isa = PBXFileReference; lastKnownFileType = audio.wav; path = mysticAbility.wav; sourceTree = "<group>"; };
		2CE9A77B2BADC63B00579BF7 /* Localizable.xcstrings */ = {isa = PBXFileReference; lastKnownFileType = text.json.xcstrings; path = Localizable.xcstrings; sourceTree = "<group>"; };
		2CEB9ADC2A34C05100B3CD54 /* whale2.aac */ = {isa = PBXFileReference; lastKnownFileType = file; path = whale2.aac; sourceTree = "<group>"; };
		2CEB9ADF2A34C05100B3CD54 /* organwhawha.aac */ = {isa = PBXFileReference; lastKnownFileType = file; path = organwhawha.aac; sourceTree = "<group>"; };
		2CEB9AE92A34C05200B3CD54 /* driver.aac */ = {isa = PBXFileReference; lastKnownFileType = file; path = driver.aac; sourceTree = "<group>"; };
		2CEB9AEE2A34C05300B3CD54 /* jelly jam.aac */ = {isa = PBXFileReference; lastKnownFileType = file; path = "jelly jam.aac"; sourceTree = "<group>"; };
		2CFA88902B02434600F99723 /* Reaction.swift */ = {isa = PBXFileReference; lastKnownFileType = sourcecode.swift; path = Reaction.swift; sourceTree = "<group>"; };
		2CFA88922B029F5800F99723 /* yo3.wav */ = {isa = PBXFileReference; lastKnownFileType = audio.wav; path = yo3.wav; sourceTree = "<group>"; };
		2CFA88932B029F5800F99723 /* wahoo1.wav */ = {isa = PBXFileReference; lastKnownFileType = audio.wav; path = wahoo1.wav; sourceTree = "<group>"; };
		2CFA88942B029F5800F99723 /* yo2.wav */ = {isa = PBXFileReference; lastKnownFileType = audio.wav; path = yo2.wav; sourceTree = "<group>"; };
		2CFA88952B029F5800F99723 /* gg2.wav */ = {isa = PBXFileReference; lastKnownFileType = audio.wav; path = gg2.wav; sourceTree = "<group>"; };
		2CFA88962B029F5800F99723 /* yo1.wav */ = {isa = PBXFileReference; lastKnownFileType = audio.wav; path = yo1.wav; sourceTree = "<group>"; };
		2CFA88972B029F5800F99723 /* gg1.wav */ = {isa = PBXFileReference; lastKnownFileType = audio.wav; path = gg1.wav; sourceTree = "<group>"; };
		2CFA88982B029F5800F99723 /* slurp1.wav */ = {isa = PBXFileReference; lastKnownFileType = audio.wav; path = slurp1.wav; sourceTree = "<group>"; };
		2CFA889A2B029F5800F99723 /* yo4.wav */ = {isa = PBXFileReference; lastKnownFileType = audio.wav; path = yo4.wav; sourceTree = "<group>"; };
		2CFC6E4E29F9BE6100EF34FA /* UIView.swift */ = {isa = PBXFileReference; lastKnownFileType = sourcecode.swift; path = UIView.swift; sourceTree = "<group>"; };
/* End PBXFileReference section */

/* Begin PBXFrameworksBuildPhase section */
		2C1FD10E2B66F92E00D4AC51 /* Frameworks */ = {
			isa = PBXFrameworksBuildPhase;
			buildActionMask = 2147483647;
			files = (
			);
			runOnlyForDeploymentPostprocessing = 0;
		};
		2C3EA1AB2B8E6FD3001F5B3B /* Frameworks */ = {
			isa = PBXFrameworksBuildPhase;
			buildActionMask = 2147483647;
			files = (
				2CDA63F62BC1BBB300396913 /* FirebaseFunctions in Frameworks */,
				2C3EA1AC2B8E6FD3001F5B3B /* FirebaseDatabaseSwift in Frameworks */,
				2C3EA1AE2B8E6FD3001F5B3B /* FirebaseAuth in Frameworks */,
			);
			runOnlyForDeploymentPostprocessing = 0;
		};
		2CC39E7929CA48B200EDF779 /* Frameworks */ = {
			isa = PBXFrameworksBuildPhase;
			buildActionMask = 2147483647;
			files = (
				2C266FE42A0C2B7A0016C1C5 /* FirebaseDatabaseSwift in Frameworks */,
				2CAAA7AD2B8CCAA50011A55A /* FirebaseAppCheck in Frameworks */,
				2CDA63F32BC1BB9700396913 /* FirebaseFunctions in Frameworks */,
				2C266FE22A0C2B7A0016C1C5 /* FirebaseAuth in Frameworks */,
				2CA692AA2B8D2F670046AF86 /* FirebaseFirestoreSwift in Frameworks */,
			);
			runOnlyForDeploymentPostprocessing = 0;
		};
/* End PBXFrameworksBuildPhase section */

/* Begin PBXGroup section */
		2C1FD1122B66F92E00D4AC51 /* tools */ = {
			isa = PBXGroup;
			children = (
				2C1FD1132B66F92E00D4AC51 /* main.swift */,
			);
			path = tools;
			sourceTree = "<group>";
		};
		2C3AD5932B0FA61900538897 /* Controller */ = {
			isa = PBXGroup;
			children = (
				2C09E3D729F6D0630082B774 /* GameController.swift */,
				2C3AD5952B0FA6F100538897 /* Computer */,
				2C7E80C729FC3B3900114943 /* View Models */,
			);
			path = Controller;
			sourceTree = "<group>";
		};
		2C3AD5952B0FA6F100538897 /* Computer */ = {
			isa = PBXGroup;
			children = (
				2CCF87222A42EAFE0060410C /* Computer.swift */,
				2C261C5C2A4366DB0014F9AC /* Scoring.swift */,
			);
			path = Computer;
			sourceTree = "<group>";
		};
		2C7E80C729FC3B3900114943 /* View Models */ = {
			isa = PBXGroup;
			children = (
				2CB6D3B929F731E100605255 /* ViewEffect.swift */,
				2CD3027B2A099834009DFCC2 /* Highlight.swift */,
				2C27AFD82A115B77003C959D /* Trace.swift */,
				2C7E80C929FC3BAA00114943 /* SquareColor.swift */,
			);
			path = "View Models";
			sourceTree = "<group>";
		};
		2CB6D3AC29F730A300605255 /* Models */ = {
			isa = PBXGroup;
			children = (
				2C3AD5962B0FAAF500538897 /* Input.swift */,
				2C3AD5982B0FAB0300538897 /* Output.swift */,
				2C3AD59C2B0FAB7200538897 /* Event.swift */,
				2C3AD59A2B0FAB6300538897 /* NextInput.swift */,
				2CB6D3BB29F7320800605255 /* Location.swift */,
				2C7E80D129FC6AA400114943 /* AvailableMoveKind.swift */,
				2CB6D3AF29F730E500605255 /* Color.swift */,
				2C7E80C329FC372C00114943 /* Board.swift */,
				2C7E80CB29FC3F3900114943 /* Square.swift */,
				2CB6D3AD29F730B200605255 /* Item.swift */,
				2CB6D3B129F730F600605255 /* Mon.swift */,
				2CB6D3B329F7310800605255 /* Mana.swift */,
				2CB6D3B529F7311500605255 /* Consumable.swift */,
				2C7E80CF29FC60CA00114943 /* FenRepresentable.swift */,
			);
			path = Models;
			sourceTree = "<group>";
		};
		2CC39E7329CA48B200EDF779 = {
			isa = PBXGroup;
			children = (
				2CC39E7E29CA48B200EDF779 /* super-metal-mons */,
				2C1FD1122B66F92E00D4AC51 /* tools */,
				2CC39E7D29CA48B200EDF779 /* Products */,
				2CDA63F42BC1BBB300396913 /* Frameworks */,
			);
			sourceTree = "<group>";
		};
		2CC39E7D29CA48B200EDF779 /* Products */ = {
			isa = PBXGroup;
			children = (
				2CC39E7C29CA48B200EDF779 /* mons.app */,
				2C1FD1112B66F92E00D4AC51 /* tools */,
				2C3EA1F32B8E6FD3001F5B3B /* mons.app */,
			);
			name = Products;
			sourceTree = "<group>";
		};
		2CC39E7E29CA48B200EDF779 /* super-metal-mons */ = {
			isa = PBXGroup;
			children = (
				2CC39E8529CA48B200EDF779 /* Main.storyboard */,
				2CC4FBE629F6C7D300A90CDD /* App */,
				2CC4FBE729F6C7E700A90CDD /* Screens */,
				2C3AD5932B0FA61900538897 /* Controller */,
				2CC4FBE429F6C77F00A90CDD /* Game Logic */,
				2CC770BD29FA9CCE00A59BEF /* Views */,
				2CC4FBE529F6C7B900A90CDD /* Services */,
				2CC4FBE329F6C72E00A90CDD /* Utilities */,
				2CC4FBDE29F6B5AB00A90CDD /* Extensions */,
				2CC4FBDB29F69CCF00A90CDD /* Media */,
				2CC4FBE829F6C7F600A90CDD /* Supporting Files */,
			);
			path = "super-metal-mons";
			sourceTree = "<group>";
		};
		2CC4FBDB29F69CCF00A90CDD /* Media */ = {
			isa = PBXGroup;
			children = (
				2C53FC5B29CD280300F49668 /* Audio.swift */,
				2CFA88902B02434600F99723 /* Reaction.swift */,
				2CB6D3AA29F70FBF00605255 /* BoardStyle.swift */,
				2CB7462529F18DC700ACC855 /* Images.swift */,
				2C38121D2B0620AD000FDE18 /* Haptic.swift */,
				2CC4E21729E9B047002F3AC9 /* Colors.swift */,
				2C266FCE2A0AF6B00016C1C5 /* Sound.swift */,
				2CB656F62AFD0DD200000760 /* Music.swift */,
				2CE420972B01649A00100BED /* Reactions */,
				2CEB9AD72A34C03E00B3CD54 /* Music */,
				2CDB1AD429EEF48E00C51230 /* Sounds */,
				2C09E3D929F6D2550082B774 /* Game.xcassets */,
				2CC4E21529E9AFE0002F3AC9 /* Colors.xcassets */,
				2C7AE8B729F294A50052F455 /* Emojis.xcassets */,
				2CC39E8829CA48B300EDF779 /* App.xcassets */,
			);
			path = Media;
			sourceTree = "<group>";
		};
		2CC4FBDE29F6B5AB00A90CDD /* Extensions */ = {
			isa = PBXGroup;
			children = (
				2CC4FBD829F69A3300A90CDD /* Notification.swift */,
				2C3F34202B92331600F3829D /* UIViewController.swift */,
				2CDB1AD229ED87E600C51230 /* CGFloat.swift */,
				2C0255282A0EA27700CB1808 /* Codable.swift */,
				2CFC6E4E29F9BE6100EF34FA /* UIView.swift */,
			);
			path = Extensions;
			sourceTree = "<group>";
		};
		2CC4FBE329F6C72E00A90CDD /* Utilities */ = {
			isa = PBXGroup;
			children = (
				2CC4E21D29E9F932002F3AC9 /* Storyboard.swift */,
				2CDB1AD029ED87C900C51230 /* SeparatorView.swift */,
				2CA6C7ED2BBD67230061E086 /* SecretAppRequest.swift */,
				2C162B7E2BBF09F700537639 /* SecretAppResponse.swift */,
				2C7AE8BC29F448170052F455 /* ButtonWithExtendedArea.swift */,
				2C27AFD62A113DE8003C959D /* AnimationKey.swift */,
			);
			path = Utilities;
			sourceTree = "<group>";
		};
		2CC4FBE429F6C77F00A90CDD /* Game Logic */ = {
			isa = PBXGroup;
			children = (
				2C7E80CD29FC54B300114943 /* Config.swift */,
				2C01C6A029CAF4D500A25465 /* MonsGame.swift */,
				2CB6D3AC29F730A300605255 /* Models */,
			);
			path = "Game Logic";
			sourceTree = "<group>";
		};
		2CC4FBE529F6C7B900A90CDD /* Services */ = {
			isa = PBXGroup;
			children = (
				2C266FDE2A0C26930016C1C5 /* Firebase.swift */,
				2C3F34232B92587900F3829D /* Keychain.swift */,
				2CB7462329F12BA100ACC855 /* Defaults.swift */,
			);
			path = Services;
			sourceTree = "<group>";
		};
		2CC4FBE629F6C7D300A90CDD /* App */ = {
			isa = PBXGroup;
			children = (
				2CC39E7F29CA48B200EDF779 /* AppDelegate.swift */,
				2CC39E8129CA48B200EDF779 /* SceneDelegate.swift */,
			);
			path = App;
			sourceTree = "<group>";
		};
		2CC4FBE729F6C7E700A90CDD /* Screens */ = {
			isa = PBXGroup;
			children = (
				2CC4E21B29E9E60D002F3AC9 /* MainMenuViewController.swift */,
				2C3F341D2B92322600F3829D /* MapViewController.swift */,
				2CC157252A351C7B009C2BF1 /* MusicViewController.swift */,
				2CC39E8329CA48B200EDF779 /* GameViewController.swift */,
			);
			path = Screens;
			sourceTree = "<group>";
		};
		2CC4FBE829F6C7F600A90CDD /* Supporting Files */ = {
			isa = PBXGroup;
			children = (
				2CC39E8A29CA48B300EDF779 /* LaunchScreen.storyboard */,
				2C3812252B065F2B000FDE18 /* GoogleService-Info.plist */,
				2CAAA7AA2B8CB93D0011A55A /* firebase-rules.json */,
				2CC39E8D29CA48B300EDF779 /* Info-ios.plist */,
				2C3EA1F62B8E7046001F5B3B /* Info-catalyst.plist */,
				2C3812212B064CAC000FDE18 /* README.md */,
				2CC39E9329CA4EDF00EDF779 /* mons-ios.entitlements */,
				2C3EA1F52B8E7046001F5B3B /* mons-catalyst.entitlements */,
				2CAF14E429EB39CB0036C942 /* Strings.swift */,
				2CE9A77B2BADC63B00579BF7 /* Localizable.xcstrings */,
			);
			path = "Supporting Files";
			sourceTree = "<group>";
		};
		2CC770BD29FA9CCE00A59BEF /* Views */ = {
			isa = PBXGroup;
			children = (
				2CC770BE29FA9CEE00A59BEF /* BoardView.swift */,
				2C27AFDC2A11949D003C959D /* BoardItemView.swift */,
				2C27AFDE2A12DEBB003C959D /* WaveView.swift */,
				2CD302712A092905009DFCC2 /* SparklingView.swift */,
				2CD302792A099124009DFCC2 /* CircleCutoutView.swift */,
				2CC770C029FA9D0500A59BEF /* BoardSquareView.swift */,
				2C43876F2A1B60C2003CFEA1 /* PixelBoardSquareView.swift */,
				2CD3026F2A0883D3009DFCC2 /* CircleView.swift */,
			);
			path = Views;
			sourceTree = "<group>";
		};
		2CDA63F42BC1BBB300396913 /* Frameworks */ = {
			isa = PBXGroup;
			children = (
			);
			name = Frameworks;
			sourceTree = "<group>";
		};
		2CDB1AD429EEF48E00C51230 /* Sounds */ = {
			isa = PBXGroup;
			children = (
				2CDB1AD529EEF48E00C51230 /* pickupBomb.wav */,
				2CDB1AD629EEF48E00C51230 /* demonAbility.wav */,
				2C266FD52A0B024E0016C1C5 /* choosePickup.wav */,
				2C266FD42A0B024E0016C1C5 /* defeat.wav */,
				2C266FD22A0B024E0016C1C5 /* pickupPotion.wav */,
				2C02552C2A0ECB6400CB1808 /* didConnect.wav */,
				2C266FD32A0B024E0016C1C5 /* victory.wav */,
				2CD302752A097286009DFCC2 /* click.wav */,
				2CDB1AD729EEF48E00C51230 /* bomb.wav */,
				2CDB1AD929EEF48E00C51230 /* manaPickUp.wav */,
				2CDB1ADA29EEF48E00C51230 /* spiritAbility.wav */,
				2C266FD02A0B00280016C1C5 /* endTurn.wav */,
				2CDB1ADB29EEF48E00C51230 /* scoreSupermana.wav */,
				2CDB1ADE29EEF48E00C51230 /* move.wav */,
				2CDB1ADF29EEF48E00C51230 /* scoreMana.wav */,
				2CDB1AE029EEF48E00C51230 /* mysticAbility.wav */,
			);
			path = Sounds;
			sourceTree = "<group>";
		};
		2CE420972B01649A00100BED /* Reactions */ = {
			isa = PBXGroup;
			children = (
				2CFA88972B029F5800F99723 /* gg1.wav */,
				2CFA88952B029F5800F99723 /* gg2.wav */,
				2CFA88982B029F5800F99723 /* slurp1.wav */,
				2CFA88932B029F5800F99723 /* wahoo1.wav */,
				2CFA88962B029F5800F99723 /* yo1.wav */,
				2CFA88942B029F5800F99723 /* yo2.wav */,
				2C22C8452B05073100E558C5 /* drop1.wav */,
				2CFA88922B029F5800F99723 /* yo3.wav */,
				2CFA889A2B029F5800F99723 /* yo4.wav */,
			);
			path = Reactions;
			sourceTree = "<group>";
		};
		2CEB9AD72A34C03E00B3CD54 /* Music */ = {
			isa = PBXGroup;
			children = (
				2CEB9ADF2A34C05100B3CD54 /* organwhawha.aac */,
				2CEB9AEE2A34C05300B3CD54 /* jelly jam.aac */,
				2CEB9ADC2A34C05100B3CD54 /* whale2.aac */,
				2CEB9AE92A34C05200B3CD54 /* driver.aac */,
			);
			path = Music;
			sourceTree = "<group>";
		};
/* End PBXGroup section */

/* Begin PBXNativeTarget section */
		2C1FD1102B66F92E00D4AC51 /* tools */ = {
			isa = PBXNativeTarget;
			buildConfigurationList = 2C1FD1172B66F92E00D4AC51 /* Build configuration list for PBXNativeTarget "tools" */;
			buildPhases = (
				2C1FD10D2B66F92E00D4AC51 /* Sources */,
				2C1FD10E2B66F92E00D4AC51 /* Frameworks */,
				2C1FD10F2B66F92E00D4AC51 /* CopyFiles */,
			);
			buildRules = (
			);
			dependencies = (
			);
			name = tools;
			productName = tools;
			productReference = 2C1FD1112B66F92E00D4AC51 /* tools */;
			productType = "com.apple.product-type.tool";
		};
		2C3EA1672B8E6FD3001F5B3B /* mons-catalyst */ = {
			isa = PBXNativeTarget;
			buildConfigurationList = 2C3EA1F02B8E6FD3001F5B3B /* Build configuration list for PBXNativeTarget "mons-catalyst" */;
			buildPhases = (
				2C3EA16D2B8E6FD3001F5B3B /* Sources */,
				2C3EA1AB2B8E6FD3001F5B3B /* Frameworks */,
				2C3EA1B02B8E6FD3001F5B3B /* ShellScript */,
				2C3EA1B12B8E6FD3001F5B3B /* Resources */,
			);
			buildRules = (
			);
			dependencies = (
			);
			name = "mons-catalyst";
			packageProductDependencies = (
				2C3EA1682B8E6FD3001F5B3B /* FirebaseAuth */,
				2C3EA16A2B8E6FD3001F5B3B /* FirebaseDatabaseSwift */,
				2CDA63F52BC1BBB300396913 /* FirebaseFunctions */,
			);
			productName = "super-metal-mons";
			productReference = 2C3EA1F32B8E6FD3001F5B3B /* mons.app */;
			productType = "com.apple.product-type.application";
		};
		2CC39E7B29CA48B200EDF779 /* mons-ios */ = {
			isa = PBXNativeTarget;
			buildConfigurationList = 2CC39E9029CA48B300EDF779 /* Build configuration list for PBXNativeTarget "mons-ios" */;
			buildPhases = (
				2CC39E7829CA48B200EDF779 /* Sources */,
				2CC39E7929CA48B200EDF779 /* Frameworks */,
				2C9888702B136ABD00AE045C /* ShellScript */,
				2CC39E7A29CA48B200EDF779 /* Resources */,
			);
			buildRules = (
			);
			dependencies = (
			);
			name = "mons-ios";
			packageProductDependencies = (
				2C266FE12A0C2B7A0016C1C5 /* FirebaseAuth */,
				2C266FE32A0C2B7A0016C1C5 /* FirebaseDatabaseSwift */,
				2CAAA7AC2B8CCAA50011A55A /* FirebaseAppCheck */,
				2CA692A92B8D2F670046AF86 /* FirebaseFirestoreSwift */,
				2CDA63F22BC1BB9700396913 /* FirebaseFunctions */,
			);
			productName = "super-metal-mons";
			productReference = 2CC39E7C29CA48B200EDF779 /* mons.app */;
			productType = "com.apple.product-type.application";
		};
/* End PBXNativeTarget section */

/* Begin PBXProject section */
		2CC39E7429CA48B200EDF779 /* Project object */ = {
			isa = PBXProject;
			attributes = {
				BuildIndependentTargetsInParallel = 1;
				LastSwiftUpdateCheck = 1520;
				LastUpgradeCheck = 1530;
				TargetAttributes = {
					2C1FD1102B66F92E00D4AC51 = {
						CreatedOnToolsVersion = 15.2;
					};
					2CC39E7B29CA48B200EDF779 = {
						CreatedOnToolsVersion = 14.2;
					};
				};
			};
			buildConfigurationList = 2CC39E7729CA48B200EDF779 /* Build configuration list for PBXProject "super-metal-mons" */;
			compatibilityVersion = "Xcode 14.0";
			developmentRegion = en;
			hasScannedForEncodings = 0;
			knownRegions = (
				en,
				Base,
				ru,
				ja,
				"zh-Hans",
				ar,
				ca,
				hr,
				cs,
				da,
				nl,
				fi,
				fr,
				de,
				el,
				he,
				hi,
				hu,
				id,
				it,
				ko,
				ms,
				nb,
				pl,
				"pt-BR",
				"pt-PT",
				ro,
				sk,
				es,
				sv,
				th,
				tr,
				uk,
				vi,
				"es-419",
			);
			mainGroup = 2CC39E7329CA48B200EDF779;
			packageReferences = (
				2C266FE02A0C2B7A0016C1C5 /* XCRemoteSwiftPackageReference "firebase-ios-sdk" */,
			);
			productRefGroup = 2CC39E7D29CA48B200EDF779 /* Products */;
			projectDirPath = "";
			projectRoot = "";
			targets = (
				2CC39E7B29CA48B200EDF779 /* mons-ios */,
				2C3EA1672B8E6FD3001F5B3B /* mons-catalyst */,
				2C1FD1102B66F92E00D4AC51 /* tools */,
			);
		};
/* End PBXProject section */

/* Begin PBXResourcesBuildPhase section */
		2C3EA1B12B8E6FD3001F5B3B /* Resources */ = {
			isa = PBXResourcesBuildPhase;
			buildActionMask = 2147483647;
			files = (
				2C3EA1B32B8E6FD3001F5B3B /* demonAbility.wav in Resources */,
				2C3EA1B42B8E6FD3001F5B3B /* Colors.xcassets in Resources */,
				2C3EA1B52B8E6FD3001F5B3B /* Game.xcassets in Resources */,
				2C3EA1B62B8E6FD3001F5B3B /* defeat.wav in Resources */,
				2C3EA1B72B8E6FD3001F5B3B /* driver.aac in Resources */,
				2C3EA1BD2B8E6FD3001F5B3B /* organwhawha.aac in Resources */,
				2C3EA1BE2B8E6FD3001F5B3B /* victory.wav in Resources */,
				2C3EA1C12B8E6FD3001F5B3B /* didConnect.wav in Resources */,
				2C3EA1C22B8E6FD3001F5B3B /* scoreMana.wav in Resources */,
				2C3EA1C32B8E6FD3001F5B3B /* LaunchScreen.storyboard in Resources */,
				2C3EA1C42B8E6FD3001F5B3B /* Emojis.xcassets in Resources */,
				2C3EA1C52B8E6FD3001F5B3B /* click.wav in Resources */,
				2C3EA1C62B8E6FD3001F5B3B /* scoreSupermana.wav in Resources */,
				2C3EA1C72B8E6FD3001F5B3B /* move.wav in Resources */,
				2C3EA1C82B8E6FD3001F5B3B /* yo2.wav in Resources */,
				2C3EA1CA2B8E6FD3001F5B3B /* README.md in Resources */,
				2CE9A77D2BADC63B00579BF7 /* Localizable.xcstrings in Resources */,
				2C3EA1CC2B8E6FD3001F5B3B /* drop1.wav in Resources */,
				2C3EA1CF2B8E6FD3001F5B3B /* slurp1.wav in Resources */,
				2C3EA1D12B8E6FD3001F5B3B /* pickupPotion.wav in Resources */,
				2C3EA1D52B8E6FD3001F5B3B /* yo3.wav in Resources */,
				2C3EA1D62B8E6FD3001F5B3B /* yo4.wav in Resources */,
				2C3EA1D82B8E6FD3001F5B3B /* bomb.wav in Resources */,
				2C3EA1DA2B8E6FD3001F5B3B /* whale2.aac in Resources */,
				2C3EA1DB2B8E6FD3001F5B3B /* yo1.wav in Resources */,
				2C3EA1DC2B8E6FD3001F5B3B /* pickupBomb.wav in Resources */,
				2C3EA1DF2B8E6FD3001F5B3B /* choosePickup.wav in Resources */,
				2C3EA1E02B8E6FD3001F5B3B /* spiritAbility.wav in Resources */,
				2C3EA1E12B8E6FD3001F5B3B /* App.xcassets in Resources */,
				2C3EA1E32B8E6FD3001F5B3B /* gg1.wav in Resources */,
				2C3EA1E82B8E6FD3001F5B3B /* gg2.wav in Resources */,
				2C3EA1E92B8E6FD3001F5B3B /* Main.storyboard in Resources */,
				2C3EA1EA2B8E6FD3001F5B3B /* jelly jam.aac in Resources */,
				2C3EA1EC2B8E6FD3001F5B3B /* manaPickUp.wav in Resources */,
				2C3EA1ED2B8E6FD3001F5B3B /* mysticAbility.wav in Resources */,
				2C3EA1EE2B8E6FD3001F5B3B /* endTurn.wav in Resources */,
				2C3EA1EF2B8E6FD3001F5B3B /* wahoo1.wav in Resources */,
			);
			runOnlyForDeploymentPostprocessing = 0;
		};
		2CC39E7A29CA48B200EDF779 /* Resources */ = {
			isa = PBXResourcesBuildPhase;
			buildActionMask = 2147483647;
			files = (
				2CDB1AE429EEF48E00C51230 /* demonAbility.wav in Resources */,
				2CC4E21629E9AFE0002F3AC9 /* Colors.xcassets in Resources */,
				2C09E3DA29F6D2550082B774 /* Game.xcassets in Resources */,
				2C266FD82A0B024E0016C1C5 /* defeat.wav in Resources */,
				2CEB9B062A34C05300B3CD54 /* driver.aac in Resources */,
				2CEB9AFC2A34C05300B3CD54 /* organwhawha.aac in Resources */,
				2C266FD72A0B024E0016C1C5 /* victory.wav in Resources */,
				2C02552D2A0ECB6400CB1808 /* didConnect.wav in Resources */,
				2CDB1AED29EEF48E00C51230 /* scoreMana.wav in Resources */,
				2CC39E8C29CA48B300EDF779 /* LaunchScreen.storyboard in Resources */,
				2C7AE8B829F294A50052F455 /* Emojis.xcassets in Resources */,
				2CD302762A097286009DFCC2 /* click.wav in Resources */,
				2CDB1AE929EEF48E00C51230 /* scoreSupermana.wav in Resources */,
				2CDB1AEC29EEF48E00C51230 /* move.wav in Resources */,
				2CFA889D2B029F5800F99723 /* yo2.wav in Resources */,
				2C3812222B064CAC000FDE18 /* README.md in Resources */,
				2CE9A77C2BADC63B00579BF7 /* Localizable.xcstrings in Resources */,
				2C22C8462B05073100E558C5 /* drop1.wav in Resources */,
				2CFA88A12B029F5800F99723 /* slurp1.wav in Resources */,
				2C266FD62A0B024E0016C1C5 /* pickupPotion.wav in Resources */,
				2CFA889B2B029F5800F99723 /* yo3.wav in Resources */,
				2CFA88A32B029F5800F99723 /* yo4.wav in Resources */,
				2CDB1AE529EEF48E00C51230 /* bomb.wav in Resources */,
				2CEB9AF92A34C05300B3CD54 /* whale2.aac in Resources */,
				2CFA889F2B029F5800F99723 /* yo1.wav in Resources */,
				2CDB1AE329EEF48E00C51230 /* pickupBomb.wav in Resources */,
				2C266FD92A0B024E0016C1C5 /* choosePickup.wav in Resources */,
				2CDB1AE829EEF48E00C51230 /* spiritAbility.wav in Resources */,
				2CC39E8929CA48B300EDF779 /* App.xcassets in Resources */,
				2CFA88A02B029F5800F99723 /* gg1.wav in Resources */,
				2CFA889E2B029F5800F99723 /* gg2.wav in Resources */,
				2CC39E8729CA48B200EDF779 /* Main.storyboard in Resources */,
				2CEB9B0B2A34C05300B3CD54 /* jelly jam.aac in Resources */,
				2CDB1AE729EEF48E00C51230 /* manaPickUp.wav in Resources */,
				2CDB1AEE29EEF48E00C51230 /* mysticAbility.wav in Resources */,
				2C266FD12A0B00280016C1C5 /* endTurn.wav in Resources */,
				2CFA889C2B029F5800F99723 /* wahoo1.wav in Resources */,
			);
			runOnlyForDeploymentPostprocessing = 0;
		};
/* End PBXResourcesBuildPhase section */

/* Begin PBXShellScriptBuildPhase section */
		2C3EA1B02B8E6FD3001F5B3B /* ShellScript */ = {
			isa = PBXShellScriptBuildPhase;
			alwaysOutOfDate = 1;
			buildActionMask = 2147483647;
			files = (
			);
			inputFileListPaths = (
			);
			inputPaths = (
				"$SRCROOT/super-metal-mons/Supporting Files/GoogleService-Info.plist",
			);
			outputFileListPaths = (
			);
			outputPaths = (
				"${TARGET_BUILD_DIR}/${UNLOCALIZED_RESOURCES_FOLDER_PATH}/GoogleService-Info.plist",
			);
			runOnlyForDeploymentPostprocessing = 0;
			shellPath = /bin/sh;
			shellScript = "if [ -f \"${HOME}/Developer/secrets/mons/GoogleService-Info.plist\" ]; then\n    cp -f \"${HOME}/Developer/secrets/mons/GoogleService-Info.plist\" \"${TARGET_BUILD_DIR}/${UNLOCALIZED_RESOURCES_FOLDER_PATH}/GoogleService-Info.plist\"\nelse\n    echo \"warning: 🟢🔴 YO BUNDLING EMPTY SECRETS\"\n    cp -f \"$SRCROOT/super-metal-mons/Supporting Files/GoogleService-Info.plist\" \"${TARGET_BUILD_DIR}/${UNLOCALIZED_RESOURCES_FOLDER_PATH}/GoogleService-Info.plist\"\nfi\n";
			showEnvVarsInLog = 0;
		};
		2C9888702B136ABD00AE045C /* ShellScript */ = {
			isa = PBXShellScriptBuildPhase;
			alwaysOutOfDate = 1;
			buildActionMask = 2147483647;
			files = (
			);
			inputFileListPaths = (
			);
			inputPaths = (
				"$SRCROOT/super-metal-mons/Supporting Files/GoogleService-Info.plist",
			);
			outputFileListPaths = (
			);
			outputPaths = (
				"${TARGET_BUILD_DIR}/${UNLOCALIZED_RESOURCES_FOLDER_PATH}/GoogleService-Info.plist",
			);
			runOnlyForDeploymentPostprocessing = 0;
			shellPath = /bin/sh;
			shellScript = "if [ -f \"${HOME}/Developer/secrets/mons/GoogleService-Info.plist\" ]; then\n    cp -f \"${HOME}/Developer/secrets/mons/GoogleService-Info.plist\" \"${TARGET_BUILD_DIR}/${UNLOCALIZED_RESOURCES_FOLDER_PATH}/GoogleService-Info.plist\"\nelse\n    echo \"warning: 🟢🔴 YO BUNDLING EMPTY SECRETS\"\n    cp -f \"$SRCROOT/super-metal-mons/Supporting Files/GoogleService-Info.plist\" \"${TARGET_BUILD_DIR}/${UNLOCALIZED_RESOURCES_FOLDER_PATH}/GoogleService-Info.plist\"\nfi\n";
			showEnvVarsInLog = 0;
		};
/* End PBXShellScriptBuildPhase section */

/* Begin PBXSourcesBuildPhase section */
		2C1FD10D2B66F92E00D4AC51 /* Sources */ = {
			isa = PBXSourcesBuildPhase;
			buildActionMask = 2147483647;
			files = (
				2C1FD11A2B66F94100D4AC51 /* Event.swift in Sources */,
				2C1FD1182B66F94100D4AC51 /* Location.swift in Sources */,
				2C1FD1272B66F94100D4AC51 /* Item.swift in Sources */,
				2C1FD1202B66F94100D4AC51 /* Board.swift in Sources */,
				2C1FD1242B66F94100D4AC51 /* Config.swift in Sources */,
				2C1FD1212B66F94100D4AC51 /* Input.swift in Sources */,
				2C1FD1232B66F94100D4AC51 /* Color.swift in Sources */,
				2C1FD1142B66F92E00D4AC51 /* main.swift in Sources */,
				2C1FD1222B66F94100D4AC51 /* NextInput.swift in Sources */,
				2C1FD1262B66F94100D4AC51 /* Square.swift in Sources */,
				2C1FD11F2B66F94100D4AC51 /* Consumable.swift in Sources */,
				2C1FD1192B66F94100D4AC51 /* MonsGame.swift in Sources */,
				2C1FD11C2B66F94100D4AC51 /* Output.swift in Sources */,
				2C1FD11D2B66F94100D4AC51 /* Mon.swift in Sources */,
				2C1FD11E2B66F94100D4AC51 /* FenRepresentable.swift in Sources */,
				2C1FD11B2B66F94100D4AC51 /* AvailableMoveKind.swift in Sources */,
				2C1FD1252B66F94100D4AC51 /* Mana.swift in Sources */,
			);
			runOnlyForDeploymentPostprocessing = 0;
		};
		2C3EA16D2B8E6FD3001F5B3B /* Sources */ = {
			isa = PBXSourcesBuildPhase;
			buildActionMask = 2147483647;
			files = (
				2C3EA16E2B8E6FD3001F5B3B /* Firebase.swift in Sources */,
				2C3EA16F2B8E6FD3001F5B3B /* Item.swift in Sources */,
				2C3EA1702B8E6FD3001F5B3B /* Event.swift in Sources */,
				2C3EA1712B8E6FD3001F5B3B /* FenRepresentable.swift in Sources */,
				2C3EA1722B8E6FD3001F5B3B /* Sound.swift in Sources */,
				2C3EA1742B8E6FD3001F5B3B /* Trace.swift in Sources */,
				2C3EA1762B8E6FD3001F5B3B /* Output.swift in Sources */,
				2C3EA1772B8E6FD3001F5B3B /* Codable.swift in Sources */,
				2C3EA1782B8E6FD3001F5B3B /* Color.swift in Sources */,
				2C3EA1792B8E6FD3001F5B3B /* MainMenuViewController.swift in Sources */,
				2C3EA17A2B8E6FD3001F5B3B /* BoardSquareView.swift in Sources */,
				2C3EA17C2B8E6FD3001F5B3B /* Square.swift in Sources */,
				2C3EA17D2B8E6FD3001F5B3B /* Mana.swift in Sources */,
				2C3EA17E2B8E6FD3001F5B3B /* Defaults.swift in Sources */,
				2C3EA17F2B8E6FD3001F5B3B /* Location.swift in Sources */,
				2C3EA1802B8E6FD3001F5B3B /* Reaction.swift in Sources */,
				2C3EA1822B8E6FD3001F5B3B /* Notification.swift in Sources */,
				2C3F34252B92587900F3829D /* Keychain.swift in Sources */,
				2C3EA1832B8E6FD3001F5B3B /* Mon.swift in Sources */,
				2C3EA1842B8E6FD3001F5B3B /* BoardStyle.swift in Sources */,
				2C3EA1852B8E6FD3001F5B3B /* UIView.swift in Sources */,
				2C3EA1862B8E6FD3001F5B3B /* Strings.swift in Sources */,
				2C3EA1872B8E6FD3001F5B3B /* NextInput.swift in Sources */,
				2C3EA1882B8E6FD3001F5B3B /* MonsGame.swift in Sources */,
				2C3EA1892B8E6FD3001F5B3B /* PixelBoardSquareView.swift in Sources */,
				2C3EA18A2B8E6FD3001F5B3B /* WaveView.swift in Sources */,
				2C3EA18B2B8E6FD3001F5B3B /* SquareColor.swift in Sources */,
				2C3EA18C2B8E6FD3001F5B3B /* ViewEffect.swift in Sources */,
				2C3EA18D2B8E6FD3001F5B3B /* Colors.swift in Sources */,
				2C3EA18E2B8E6FD3001F5B3B /* GameViewController.swift in Sources */,
				2C3EA18F2B8E6FD3001F5B3B /* CircleCutoutView.swift in Sources */,
				2C3EA1902B8E6FD3001F5B3B /* Consumable.swift in Sources */,
				2C162B802BBF09F700537639 /* SecretAppResponse.swift in Sources */,
				2C3EA1912B8E6FD3001F5B3B /* AppDelegate.swift in Sources */,
				2C3EA1922B8E6FD3001F5B3B /* Input.swift in Sources */,
				2C3EA1932B8E6FD3001F5B3B /* ButtonWithExtendedArea.swift in Sources */,
				2C3EA1942B8E6FD3001F5B3B /* BoardItemView.swift in Sources */,
				2C3EA1952B8E6FD3001F5B3B /* BoardView.swift in Sources */,
				2C3EA1962B8E6FD3001F5B3B /* Images.swift in Sources */,
				2C3EA1972B8E6FD3001F5B3B /* Highlight.swift in Sources */,
				2C3EA1982B8E6FD3001F5B3B /* SeparatorView.swift in Sources */,
				2C3EA1992B8E6FD3001F5B3B /* GameController.swift in Sources */,
				2C3EA19A2B8E6FD3001F5B3B /* Storyboard.swift in Sources */,
				2C3EA19B2B8E6FD3001F5B3B /* CircleView.swift in Sources */,
				2C3EA19C2B8E6FD3001F5B3B /* Computer.swift in Sources */,
				2CA6C7EF2BBD67230061E086 /* SecretAppRequest.swift in Sources */,
				2C3EA19D2B8E6FD3001F5B3B /* Music.swift in Sources */,
				2C3EA19E2B8E6FD3001F5B3B /* Config.swift in Sources */,
				2C3EA1A02B8E6FD3001F5B3B /* Board.swift in Sources */,
				2C3EA1A12B8E6FD3001F5B3B /* SparklingView.swift in Sources */,
				2C3EA1A22B8E6FD3001F5B3B /* Scoring.swift in Sources */,
				2C3EA1A32B8E6FD3001F5B3B /* Haptic.swift in Sources */,
				2C3F34222B92331600F3829D /* UIViewController.swift in Sources */,
				2C3EA1A52B8E6FD3001F5B3B /* CGFloat.swift in Sources */,
				2C3EA1A62B8E6FD3001F5B3B /* MusicViewController.swift in Sources */,
				2C3EA1A72B8E6FD3001F5B3B /* AvailableMoveKind.swift in Sources */,
				2C3EA1A82B8E6FD3001F5B3B /* SceneDelegate.swift in Sources */,
				2C3EA1A92B8E6FD3001F5B3B /* AnimationKey.swift in Sources */,
				2C3EA1AA2B8E6FD3001F5B3B /* Audio.swift in Sources */,
			);
			runOnlyForDeploymentPostprocessing = 0;
		};
		2CC39E7829CA48B200EDF779 /* Sources */ = {
			isa = PBXSourcesBuildPhase;
			buildActionMask = 2147483647;
			files = (
				2C266FDF2A0C26930016C1C5 /* Firebase.swift in Sources */,
				2CB6D3AE29F730B200605255 /* Item.swift in Sources */,
				2C3AD59D2B0FAB7200538897 /* Event.swift in Sources */,
				2C7E80D029FC60CA00114943 /* FenRepresentable.swift in Sources */,
				2C266FCF2A0AF6B00016C1C5 /* Sound.swift in Sources */,
				2C27AFD92A115B77003C959D /* Trace.swift in Sources */,
				2C3AD5992B0FAB0300538897 /* Output.swift in Sources */,
				2C0255292A0EA27700CB1808 /* Codable.swift in Sources */,
				2CB6D3B029F730E500605255 /* Color.swift in Sources */,
				2CC4E21C29E9E60D002F3AC9 /* MainMenuViewController.swift in Sources */,
				2CC770C129FA9D0500A59BEF /* BoardSquareView.swift in Sources */,
				2CA6C7EE2BBD67230061E086 /* SecretAppRequest.swift in Sources */,
				2C7E80CC29FC3F3900114943 /* Square.swift in Sources */,
				2CB6D3B429F7310800605255 /* Mana.swift in Sources */,
				2CB7462429F12BA100ACC855 /* Defaults.swift in Sources */,
				2CB6D3BC29F7320800605255 /* Location.swift in Sources */,
				2CFA88912B02434600F99723 /* Reaction.swift in Sources */,
				2CC4FBD929F69A3300A90CDD /* Notification.swift in Sources */,
				2C3F34242B92587900F3829D /* Keychain.swift in Sources */,
				2CB6D3B229F730F600605255 /* Mon.swift in Sources */,
				2CB6D3AB29F70FBF00605255 /* BoardStyle.swift in Sources */,
				2CFC6E4F29F9BE6100EF34FA /* UIView.swift in Sources */,
				2CAF14E529EB39CB0036C942 /* Strings.swift in Sources */,
				2C3AD59B2B0FAB6300538897 /* NextInput.swift in Sources */,
				2C01C6A629CB4AB700A25465 /* MonsGame.swift in Sources */,
				2C4387702A1B60C2003CFEA1 /* PixelBoardSquareView.swift in Sources */,
				2C27AFDF2A12DEBB003C959D /* WaveView.swift in Sources */,
				2C7E80CA29FC3BAA00114943 /* SquareColor.swift in Sources */,
				2CB6D3BA29F731E100605255 /* ViewEffect.swift in Sources */,
				2C3F341E2B92322600F3829D /* MapViewController.swift in Sources */,
				2CC4E21829E9B047002F3AC9 /* Colors.swift in Sources */,
				2CC39E8429CA48B200EDF779 /* GameViewController.swift in Sources */,
				2CD3027A2A099124009DFCC2 /* CircleCutoutView.swift in Sources */,
				2CB6D3B629F7311500605255 /* Consumable.swift in Sources */,
				2CC39E8029CA48B200EDF779 /* AppDelegate.swift in Sources */,
				2C3AD5972B0FAAF500538897 /* Input.swift in Sources */,
				2C7AE8BD29F448170052F455 /* ButtonWithExtendedArea.swift in Sources */,
				2C27AFDD2A11949D003C959D /* BoardItemView.swift in Sources */,
				2CC770BF29FA9CEE00A59BEF /* BoardView.swift in Sources */,
				2CB7462629F18DC700ACC855 /* Images.swift in Sources */,
				2CD3027C2A099834009DFCC2 /* Highlight.swift in Sources */,
				2CDB1AD129ED87C900C51230 /* SeparatorView.swift in Sources */,
				2C09E3D829F6D0630082B774 /* GameController.swift in Sources */,
				2CC4E21E29E9F932002F3AC9 /* Storyboard.swift in Sources */,
				2CD302702A0883D3009DFCC2 /* CircleView.swift in Sources */,
				2CCF87232A42EAFE0060410C /* Computer.swift in Sources */,
				2CB656F72AFD0DD200000760 /* Music.swift in Sources */,
				2C7E80CE29FC54B300114943 /* Config.swift in Sources */,
				2C7E80C429FC372C00114943 /* Board.swift in Sources */,
				2CD302722A092905009DFCC2 /* SparklingView.swift in Sources */,
				2C261C5D2A4366DB0014F9AC /* Scoring.swift in Sources */,
				2C38121E2B0620AD000FDE18 /* Haptic.swift in Sources */,
				2C3F34212B92331600F3829D /* UIViewController.swift in Sources */,
				2CDB1AD329ED87E600C51230 /* CGFloat.swift in Sources */,
				2CC157262A351C7B009C2BF1 /* MusicViewController.swift in Sources */,
				2C7E80D229FC6AA400114943 /* AvailableMoveKind.swift in Sources */,
				2C162B7F2BBF09F700537639 /* SecretAppResponse.swift in Sources */,
				2CC39E8229CA48B200EDF779 /* SceneDelegate.swift in Sources */,
				2C27AFD72A113DE8003C959D /* AnimationKey.swift in Sources */,
				2C53FC5C29CD280300F49668 /* Audio.swift in Sources */,
			);
			runOnlyForDeploymentPostprocessing = 0;
		};
/* End PBXSourcesBuildPhase section */

/* Begin PBXVariantGroup section */
		2CC39E8529CA48B200EDF779 /* Main.storyboard */ = {
			isa = PBXVariantGroup;
			children = (
				2CC39E8629CA48B200EDF779 /* Base */,
			);
			name = Main.storyboard;
			sourceTree = "<group>";
		};
		2CC39E8A29CA48B300EDF779 /* LaunchScreen.storyboard */ = {
			isa = PBXVariantGroup;
			children = (
				2CC39E8B29CA48B300EDF779 /* Base */,
			);
			name = LaunchScreen.storyboard;
			sourceTree = "<group>";
		};
/* End PBXVariantGroup section */

/* Begin XCBuildConfiguration section */
		2C1FD1152B66F92E00D4AC51 /* Debug */ = {
			isa = XCBuildConfiguration;
			buildSettings = {
				ASSETCATALOG_COMPILER_GENERATE_SWIFT_ASSET_SYMBOL_EXTENSIONS = YES;
				CODE_SIGN_STYLE = Automatic;
				DEAD_CODE_STRIPPING = YES;
				DEVELOPMENT_TEAM = 8DXC3N7E7P;
				ENABLE_HARDENED_RUNTIME = YES;
				GCC_C_LANGUAGE_STANDARD = gnu17;
				LOCALIZATION_PREFERS_STRING_CATALOGS = YES;
				MACOSX_DEPLOYMENT_TARGET = 14.2;
				PRODUCT_NAME = "$(TARGET_NAME)";
				SDKROOT = macosx;
				SWIFT_ACTIVE_COMPILATION_CONDITIONS = "DEBUG $(inherited)";
				SWIFT_VERSION = 5.0;
			};
			name = Debug;
		};
		2C1FD1162B66F92E00D4AC51 /* Release */ = {
			isa = XCBuildConfiguration;
			buildSettings = {
				ASSETCATALOG_COMPILER_GENERATE_SWIFT_ASSET_SYMBOL_EXTENSIONS = YES;
				CODE_SIGN_STYLE = Automatic;
				DEAD_CODE_STRIPPING = YES;
				DEVELOPMENT_TEAM = 8DXC3N7E7P;
				ENABLE_HARDENED_RUNTIME = YES;
				GCC_C_LANGUAGE_STANDARD = gnu17;
				LOCALIZATION_PREFERS_STRING_CATALOGS = YES;
				MACOSX_DEPLOYMENT_TARGET = 14.2;
				PRODUCT_NAME = "$(TARGET_NAME)";
				SDKROOT = macosx;
				SWIFT_VERSION = 5.0;
			};
			name = Release;
		};
		2C3EA1F12B8E6FD3001F5B3B /* Debug */ = {
			isa = XCBuildConfiguration;
			buildSettings = {
				ASSETCATALOG_COMPILER_APPICON_NAME = AppIcon;
				ASSETCATALOG_COMPILER_GLOBAL_ACCENT_COLOR_NAME = AccentColor;
				CODE_SIGN_ENTITLEMENTS = "super-metal-mons/Supporting Files/mons-catalyst.entitlements";
				CODE_SIGN_IDENTITY = "Apple Development";
				CODE_SIGN_STYLE = Automatic;
				CURRENT_PROJECT_VERSION = 53;
				DEVELOPMENT_TEAM = 8DXC3N7E7P;
				GENERATE_INFOPLIST_FILE = YES;
				INFOPLIST_FILE = "super-metal-mons/Supporting Files/Info-catalyst.plist";
				INFOPLIST_KEY_CFBundleDisplayName = mons;
				INFOPLIST_KEY_LSApplicationCategoryType = "public.app-category.board-games";
				INFOPLIST_KEY_UIApplicationSupportsIndirectInputEvents = YES;
				INFOPLIST_KEY_UILaunchStoryboardName = LaunchScreen;
				INFOPLIST_KEY_UIMainStoryboardFile = Main;
				INFOPLIST_KEY_UIRequiresFullScreen = NO;
				INFOPLIST_KEY_UISupportedInterfaceOrientations = UIInterfaceOrientationPortrait;
				INFOPLIST_KEY_UISupportedInterfaceOrientations_iPad = "UIInterfaceOrientationLandscapeLeft UIInterfaceOrientationLandscapeRight UIInterfaceOrientationPortrait UIInterfaceOrientationPortraitUpsideDown";
				IPHONEOS_DEPLOYMENT_TARGET = 15.0;
				LD_RUNPATH_SEARCH_PATHS = (
					"$(inherited)",
					"@executable_path/Frameworks",
				);
				MARKETING_VERSION = 1.0.11;
				PRODUCT_BUNDLE_IDENTIFIER = "lol.ivan.super-metal-mons";
				PRODUCT_NAME = mons;
				PROVISIONING_PROFILE_SPECIFIER = "";
				SUPPORTED_PLATFORMS = "iphoneos iphonesimulator";
				SUPPORTS_MACCATALYST = YES;
				SUPPORTS_MAC_DESIGNED_FOR_IPHONE_IPAD = NO;
				SUPPORTS_XR_DESIGNED_FOR_IPHONE_IPAD = NO;
				SWIFT_EMIT_LOC_STRINGS = YES;
				SWIFT_VERSION = 5.0;
				TARGETED_DEVICE_FAMILY = 2;
			};
			name = Debug;
		};
		2C3EA1F22B8E6FD3001F5B3B /* Release */ = {
			isa = XCBuildConfiguration;
			buildSettings = {
				ASSETCATALOG_COMPILER_APPICON_NAME = AppIcon;
				ASSETCATALOG_COMPILER_GLOBAL_ACCENT_COLOR_NAME = AccentColor;
				CODE_SIGN_ENTITLEMENTS = "super-metal-mons/Supporting Files/mons-catalyst.entitlements";
				CODE_SIGN_IDENTITY = "Apple Development";
				CODE_SIGN_STYLE = Automatic;
				CURRENT_PROJECT_VERSION = 53;
				DEVELOPMENT_TEAM = 8DXC3N7E7P;
				GENERATE_INFOPLIST_FILE = YES;
				INFOPLIST_FILE = "super-metal-mons/Supporting Files/Info-catalyst.plist";
				INFOPLIST_KEY_CFBundleDisplayName = mons;
				INFOPLIST_KEY_LSApplicationCategoryType = "public.app-category.board-games";
				INFOPLIST_KEY_UIApplicationSupportsIndirectInputEvents = YES;
				INFOPLIST_KEY_UILaunchStoryboardName = LaunchScreen;
				INFOPLIST_KEY_UIMainStoryboardFile = Main;
				INFOPLIST_KEY_UIRequiresFullScreen = NO;
				INFOPLIST_KEY_UISupportedInterfaceOrientations = UIInterfaceOrientationPortrait;
				INFOPLIST_KEY_UISupportedInterfaceOrientations_iPad = "UIInterfaceOrientationLandscapeLeft UIInterfaceOrientationLandscapeRight UIInterfaceOrientationPortrait UIInterfaceOrientationPortraitUpsideDown";
				IPHONEOS_DEPLOYMENT_TARGET = 15.0;
				LD_RUNPATH_SEARCH_PATHS = (
					"$(inherited)",
					"@executable_path/Frameworks",
				);
				MARKETING_VERSION = 1.0.11;
				PRODUCT_BUNDLE_IDENTIFIER = "lol.ivan.super-metal-mons";
				PRODUCT_NAME = mons;
				PROVISIONING_PROFILE_SPECIFIER = "";
				SUPPORTED_PLATFORMS = "iphoneos iphonesimulator";
				SUPPORTS_MACCATALYST = YES;
				SUPPORTS_MAC_DESIGNED_FOR_IPHONE_IPAD = NO;
				SUPPORTS_XR_DESIGNED_FOR_IPHONE_IPAD = NO;
				SWIFT_EMIT_LOC_STRINGS = YES;
				SWIFT_VERSION = 5.0;
				TARGETED_DEVICE_FAMILY = 2;
			};
			name = Release;
		};
		2CC39E8E29CA48B300EDF779 /* Debug */ = {
			isa = XCBuildConfiguration;
			buildSettings = {
				ALWAYS_SEARCH_USER_PATHS = NO;
				CLANG_ANALYZER_NONNULL = YES;
				CLANG_ANALYZER_NUMBER_OBJECT_CONVERSION = YES_AGGRESSIVE;
				CLANG_CXX_LANGUAGE_STANDARD = "gnu++20";
				CLANG_ENABLE_MODULES = YES;
				CLANG_ENABLE_OBJC_ARC = YES;
				CLANG_ENABLE_OBJC_WEAK = YES;
				CLANG_WARN_BLOCK_CAPTURE_AUTORELEASING = YES;
				CLANG_WARN_BOOL_CONVERSION = YES;
				CLANG_WARN_COMMA = YES;
				CLANG_WARN_CONSTANT_CONVERSION = YES;
				CLANG_WARN_DEPRECATED_OBJC_IMPLEMENTATIONS = YES;
				CLANG_WARN_DIRECT_OBJC_ISA_USAGE = YES_ERROR;
				CLANG_WARN_DOCUMENTATION_COMMENTS = YES;
				CLANG_WARN_EMPTY_BODY = YES;
				CLANG_WARN_ENUM_CONVERSION = YES;
				CLANG_WARN_INFINITE_RECURSION = YES;
				CLANG_WARN_INT_CONVERSION = YES;
				CLANG_WARN_NON_LITERAL_NULL_CONVERSION = YES;
				CLANG_WARN_OBJC_IMPLICIT_RETAIN_SELF = YES;
				CLANG_WARN_OBJC_LITERAL_CONVERSION = YES;
				CLANG_WARN_OBJC_ROOT_CLASS = YES_ERROR;
				CLANG_WARN_QUOTED_INCLUDE_IN_FRAMEWORK_HEADER = YES;
				CLANG_WARN_RANGE_LOOP_ANALYSIS = YES;
				CLANG_WARN_STRICT_PROTOTYPES = YES;
				CLANG_WARN_SUSPICIOUS_MOVE = YES;
				CLANG_WARN_UNGUARDED_AVAILABILITY = YES_AGGRESSIVE;
				CLANG_WARN_UNREACHABLE_CODE = YES;
				CLANG_WARN__DUPLICATE_METHOD_MATCH = YES;
				COPY_PHASE_STRIP = NO;
				DEBUG_INFORMATION_FORMAT = dwarf;
				ENABLE_STRICT_OBJC_MSGSEND = YES;
				ENABLE_TESTABILITY = YES;
				ENABLE_USER_SCRIPT_SANDBOXING = YES;
				GCC_C_LANGUAGE_STANDARD = gnu11;
				GCC_DYNAMIC_NO_PIC = NO;
				GCC_NO_COMMON_BLOCKS = YES;
				GCC_OPTIMIZATION_LEVEL = 0;
				GCC_PREPROCESSOR_DEFINITIONS = (
					"DEBUG=1",
					"$(inherited)",
				);
				GCC_WARN_64_TO_32_BIT_CONVERSION = YES;
				GCC_WARN_ABOUT_RETURN_TYPE = YES_ERROR;
				GCC_WARN_UNDECLARED_SELECTOR = YES;
				GCC_WARN_UNINITIALIZED_AUTOS = YES_AGGRESSIVE;
				GCC_WARN_UNUSED_FUNCTION = YES;
				GCC_WARN_UNUSED_VARIABLE = YES;
				IPHONEOS_DEPLOYMENT_TARGET = 15.0;
				MTL_ENABLE_DEBUG_INFO = INCLUDE_SOURCE;
				MTL_FAST_MATH = YES;
				ONLY_ACTIVE_ARCH = YES;
				SDKROOT = iphoneos;
				SWIFT_ACTIVE_COMPILATION_CONDITIONS = DEBUG;
				SWIFT_OPTIMIZATION_LEVEL = "-Onone";
			};
			name = Debug;
		};
		2CC39E8F29CA48B300EDF779 /* Release */ = {
			isa = XCBuildConfiguration;
			buildSettings = {
				ALWAYS_SEARCH_USER_PATHS = NO;
				CLANG_ANALYZER_NONNULL = YES;
				CLANG_ANALYZER_NUMBER_OBJECT_CONVERSION = YES_AGGRESSIVE;
				CLANG_CXX_LANGUAGE_STANDARD = "gnu++20";
				CLANG_ENABLE_MODULES = YES;
				CLANG_ENABLE_OBJC_ARC = YES;
				CLANG_ENABLE_OBJC_WEAK = YES;
				CLANG_WARN_BLOCK_CAPTURE_AUTORELEASING = YES;
				CLANG_WARN_BOOL_CONVERSION = YES;
				CLANG_WARN_COMMA = YES;
				CLANG_WARN_CONSTANT_CONVERSION = YES;
				CLANG_WARN_DEPRECATED_OBJC_IMPLEMENTATIONS = YES;
				CLANG_WARN_DIRECT_OBJC_ISA_USAGE = YES_ERROR;
				CLANG_WARN_DOCUMENTATION_COMMENTS = YES;
				CLANG_WARN_EMPTY_BODY = YES;
				CLANG_WARN_ENUM_CONVERSION = YES;
				CLANG_WARN_INFINITE_RECURSION = YES;
				CLANG_WARN_INT_CONVERSION = YES;
				CLANG_WARN_NON_LITERAL_NULL_CONVERSION = YES;
				CLANG_WARN_OBJC_IMPLICIT_RETAIN_SELF = YES;
				CLANG_WARN_OBJC_LITERAL_CONVERSION = YES;
				CLANG_WARN_OBJC_ROOT_CLASS = YES_ERROR;
				CLANG_WARN_QUOTED_INCLUDE_IN_FRAMEWORK_HEADER = YES;
				CLANG_WARN_RANGE_LOOP_ANALYSIS = YES;
				CLANG_WARN_STRICT_PROTOTYPES = YES;
				CLANG_WARN_SUSPICIOUS_MOVE = YES;
				CLANG_WARN_UNGUARDED_AVAILABILITY = YES_AGGRESSIVE;
				CLANG_WARN_UNREACHABLE_CODE = YES;
				CLANG_WARN__DUPLICATE_METHOD_MATCH = YES;
				COPY_PHASE_STRIP = NO;
				DEBUG_INFORMATION_FORMAT = "dwarf-with-dsym";
				ENABLE_NS_ASSERTIONS = NO;
				ENABLE_STRICT_OBJC_MSGSEND = YES;
				ENABLE_USER_SCRIPT_SANDBOXING = YES;
				GCC_C_LANGUAGE_STANDARD = gnu11;
				GCC_NO_COMMON_BLOCKS = YES;
				GCC_WARN_64_TO_32_BIT_CONVERSION = YES;
				GCC_WARN_ABOUT_RETURN_TYPE = YES_ERROR;
				GCC_WARN_UNDECLARED_SELECTOR = YES;
				GCC_WARN_UNINITIALIZED_AUTOS = YES_AGGRESSIVE;
				GCC_WARN_UNUSED_FUNCTION = YES;
				GCC_WARN_UNUSED_VARIABLE = YES;
				IPHONEOS_DEPLOYMENT_TARGET = 15.0;
				MTL_ENABLE_DEBUG_INFO = NO;
				MTL_FAST_MATH = YES;
				SDKROOT = iphoneos;
				SWIFT_COMPILATION_MODE = wholemodule;
				SWIFT_OPTIMIZATION_LEVEL = "-O";
				VALIDATE_PRODUCT = YES;
			};
			name = Release;
		};
		2CC39E9129CA48B300EDF779 /* Debug */ = {
			isa = XCBuildConfiguration;
			buildSettings = {
				ASSETCATALOG_COMPILER_APPICON_NAME = AppIcon;
				ASSETCATALOG_COMPILER_GLOBAL_ACCENT_COLOR_NAME = AccentColor;
				CODE_SIGN_ENTITLEMENTS = "super-metal-mons/Supporting Files/mons-ios.entitlements";
				CODE_SIGN_IDENTITY = "Apple Development";
				CODE_SIGN_STYLE = Automatic;
				CURRENT_PROJECT_VERSION = 53;
				DEVELOPMENT_TEAM = 8DXC3N7E7P;
				GENERATE_INFOPLIST_FILE = YES;
				INFOPLIST_FILE = "super-metal-mons/Supporting Files/Info-ios.plist";
				INFOPLIST_KEY_CFBundleDisplayName = Mons;
				INFOPLIST_KEY_LSApplicationCategoryType = "public.app-category.board-games";
				INFOPLIST_KEY_NSLocationWhenInUseUsageDescription = "look for rocks";
				INFOPLIST_KEY_UIApplicationSupportsIndirectInputEvents = YES;
				INFOPLIST_KEY_UILaunchStoryboardName = LaunchScreen;
				INFOPLIST_KEY_UIMainStoryboardFile = Main;
				INFOPLIST_KEY_UIRequiresFullScreen = NO;
				INFOPLIST_KEY_UISupportedInterfaceOrientations = UIInterfaceOrientationPortrait;
				INFOPLIST_KEY_UISupportedInterfaceOrientations_iPad = "UIInterfaceOrientationLandscapeLeft UIInterfaceOrientationLandscapeRight UIInterfaceOrientationPortrait UIInterfaceOrientationPortraitUpsideDown";
				IPHONEOS_DEPLOYMENT_TARGET = 15.0;
				LD_RUNPATH_SEARCH_PATHS = (
					"$(inherited)",
					"@executable_path/Frameworks",
				);
				MARKETING_VERSION = 1.0.11;
				PRODUCT_BUNDLE_IDENTIFIER = "lol.ivan.super-metal-mons";
				PRODUCT_NAME = mons;
				PROVISIONING_PROFILE_SPECIFIER = "";
				SUPPORTED_PLATFORMS = "iphoneos iphonesimulator";
				SUPPORTS_MACCATALYST = NO;
				SUPPORTS_MAC_DESIGNED_FOR_IPHONE_IPAD = NO;
				SWIFT_EMIT_LOC_STRINGS = YES;
				SWIFT_VERSION = 5.0;
				TARGETED_DEVICE_FAMILY = "1,2";
			};
			name = Debug;
		};
		2CC39E9229CA48B300EDF779 /* Release */ = {
			isa = XCBuildConfiguration;
			buildSettings = {
				ASSETCATALOG_COMPILER_APPICON_NAME = AppIcon;
				ASSETCATALOG_COMPILER_GLOBAL_ACCENT_COLOR_NAME = AccentColor;
				CODE_SIGN_ENTITLEMENTS = "super-metal-mons/Supporting Files/mons-ios.entitlements";
				CODE_SIGN_IDENTITY = "Apple Development";
				CODE_SIGN_STYLE = Automatic;
				CURRENT_PROJECT_VERSION = 53;
				DEVELOPMENT_TEAM = 8DXC3N7E7P;
				GENERATE_INFOPLIST_FILE = YES;
				INFOPLIST_FILE = "super-metal-mons/Supporting Files/Info-ios.plist";
				INFOPLIST_KEY_CFBundleDisplayName = Mons;
				INFOPLIST_KEY_LSApplicationCategoryType = "public.app-category.board-games";
				INFOPLIST_KEY_NSLocationWhenInUseUsageDescription = "look for rocks";
				INFOPLIST_KEY_UIApplicationSupportsIndirectInputEvents = YES;
				INFOPLIST_KEY_UILaunchStoryboardName = LaunchScreen;
				INFOPLIST_KEY_UIMainStoryboardFile = Main;
				INFOPLIST_KEY_UIRequiresFullScreen = NO;
				INFOPLIST_KEY_UISupportedInterfaceOrientations = UIInterfaceOrientationPortrait;
				INFOPLIST_KEY_UISupportedInterfaceOrientations_iPad = "UIInterfaceOrientationLandscapeLeft UIInterfaceOrientationLandscapeRight UIInterfaceOrientationPortrait UIInterfaceOrientationPortraitUpsideDown";
				IPHONEOS_DEPLOYMENT_TARGET = 15.0;
				LD_RUNPATH_SEARCH_PATHS = (
					"$(inherited)",
					"@executable_path/Frameworks",
				);
				MARKETING_VERSION = 1.0.11;
				PRODUCT_BUNDLE_IDENTIFIER = "lol.ivan.super-metal-mons";
				PRODUCT_NAME = mons;
				PROVISIONING_PROFILE_SPECIFIER = "";
				SUPPORTED_PLATFORMS = "iphoneos iphonesimulator";
				SUPPORTS_MACCATALYST = NO;
				SUPPORTS_MAC_DESIGNED_FOR_IPHONE_IPAD = NO;
				SWIFT_EMIT_LOC_STRINGS = YES;
				SWIFT_VERSION = 5.0;
				TARGETED_DEVICE_FAMILY = "1,2";
			};
			name = Release;
		};
/* End XCBuildConfiguration section */

/* Begin XCConfigurationList section */
		2C1FD1172B66F92E00D4AC51 /* Build configuration list for PBXNativeTarget "tools" */ = {
			isa = XCConfigurationList;
			buildConfigurations = (
				2C1FD1152B66F92E00D4AC51 /* Debug */,
				2C1FD1162B66F92E00D4AC51 /* Release */,
			);
			defaultConfigurationIsVisible = 0;
			defaultConfigurationName = Release;
		};
		2C3EA1F02B8E6FD3001F5B3B /* Build configuration list for PBXNativeTarget "mons-catalyst" */ = {
			isa = XCConfigurationList;
			buildConfigurations = (
				2C3EA1F12B8E6FD3001F5B3B /* Debug */,
				2C3EA1F22B8E6FD3001F5B3B /* Release */,
			);
			defaultConfigurationIsVisible = 0;
			defaultConfigurationName = Release;
		};
		2CC39E7729CA48B200EDF779 /* Build configuration list for PBXProject "super-metal-mons" */ = {
			isa = XCConfigurationList;
			buildConfigurations = (
				2CC39E8E29CA48B300EDF779 /* Debug */,
				2CC39E8F29CA48B300EDF779 /* Release */,
			);
			defaultConfigurationIsVisible = 0;
			defaultConfigurationName = Release;
		};
		2CC39E9029CA48B300EDF779 /* Build configuration list for PBXNativeTarget "mons-ios" */ = {
			isa = XCConfigurationList;
			buildConfigurations = (
				2CC39E9129CA48B300EDF779 /* Debug */,
				2CC39E9229CA48B300EDF779 /* Release */,
			);
			defaultConfigurationIsVisible = 0;
			defaultConfigurationName = Release;
		};
/* End XCConfigurationList section */

/* Begin XCRemoteSwiftPackageReference section */
		2C266FE02A0C2B7A0016C1C5 /* XCRemoteSwiftPackageReference "firebase-ios-sdk" */ = {
			isa = XCRemoteSwiftPackageReference;
			repositoryURL = "https://github.com/firebase/firebase-ios-sdk";
			requirement = {
				kind = upToNextMajorVersion;
				minimumVersion = 10.0.0;
			};
		};
		2C3EA1692B8E6FD3001F5B3B /* XCRemoteSwiftPackageReference "firebase-ios-sdk" */ = {
			isa = XCRemoteSwiftPackageReference;
			repositoryURL = "https://github.com/firebase/firebase-ios-sdk";
			requirement = {
				kind = upToNextMajorVersion;
				minimumVersion = 10.0.0;
			};
		};
/* End XCRemoteSwiftPackageReference section */

/* Begin XCSwiftPackageProductDependency section */
		2C266FE12A0C2B7A0016C1C5 /* FirebaseAuth */ = {
			isa = XCSwiftPackageProductDependency;
			package = 2C266FE02A0C2B7A0016C1C5 /* XCRemoteSwiftPackageReference "firebase-ios-sdk" */;
			productName = FirebaseAuth;
		};
		2C266FE32A0C2B7A0016C1C5 /* FirebaseDatabaseSwift */ = {
			isa = XCSwiftPackageProductDependency;
			package = 2C266FE02A0C2B7A0016C1C5 /* XCRemoteSwiftPackageReference "firebase-ios-sdk" */;
			productName = FirebaseDatabaseSwift;
		};
		2C3EA1682B8E6FD3001F5B3B /* FirebaseAuth */ = {
			isa = XCSwiftPackageProductDependency;
			package = 2C3EA1692B8E6FD3001F5B3B /* XCRemoteSwiftPackageReference "firebase-ios-sdk" */;
			productName = FirebaseAuth;
		};
		2C3EA16A2B8E6FD3001F5B3B /* FirebaseDatabaseSwift */ = {
			isa = XCSwiftPackageProductDependency;
			package = 2C3EA1692B8E6FD3001F5B3B /* XCRemoteSwiftPackageReference "firebase-ios-sdk" */;
			productName = FirebaseDatabaseSwift;
		};
		2CA692A92B8D2F670046AF86 /* FirebaseFirestoreSwift */ = {
			isa = XCSwiftPackageProductDependency;
			package = 2C266FE02A0C2B7A0016C1C5 /* XCRemoteSwiftPackageReference "firebase-ios-sdk" */;
			productName = FirebaseFirestoreSwift;
		};
		2CAAA7AC2B8CCAA50011A55A /* FirebaseAppCheck */ = {
			isa = XCSwiftPackageProductDependency;
			package = 2C266FE02A0C2B7A0016C1C5 /* XCRemoteSwiftPackageReference "firebase-ios-sdk" */;
			productName = FirebaseAppCheck;
		};
		2CDA63F22BC1BB9700396913 /* FirebaseFunctions */ = {
			isa = XCSwiftPackageProductDependency;
			package = 2C266FE02A0C2B7A0016C1C5 /* XCRemoteSwiftPackageReference "firebase-ios-sdk" */;
			productName = FirebaseFunctions;
		};
		2CDA63F52BC1BBB300396913 /* FirebaseFunctions */ = {
			isa = XCSwiftPackageProductDependency;
			package = 2C266FE02A0C2B7A0016C1C5 /* XCRemoteSwiftPackageReference "firebase-ios-sdk" */;
			productName = FirebaseFunctions;
		};
/* End XCSwiftPackageProductDependency section */
	};
	rootObject = 2CC39E7429CA48B200EDF779 /* Project object */;
}
