// !$*UTF8*$!
{
	archiveVersion = 1;
	classes = {
	};
	objectVersion = 56;
	objects = {

/* Begin PBXBuildFile section */
		2C01C6A629CB4AB700A25465 /* MonsGame.swift in Sources */ = {isa = PBXBuildFile; fileRef = 2C01C6A029CAF4D500A25465 /* MonsGame.swift */; };
		2C0255252A0EA1E600CB1808 /* GameInvite.swift in Sources */ = {isa = PBXBuildFile; fileRef = 2C0255242A0EA1E600CB1808 /* GameInvite.swift */; };
		2C0255272A0EA1EF00CB1808 /* PlayerMatch.swift in Sources */ = {isa = PBXBuildFile; fileRef = 2C0255262A0EA1EF00CB1808 /* PlayerMatch.swift */; };
		2C0255292A0EA27700CB1808 /* Codable.swift in Sources */ = {isa = PBXBuildFile; fileRef = 2C0255282A0EA27700CB1808 /* Codable.swift */; };
		2C02552B2A0EA71A00CB1808 /* Connection.swift in Sources */ = {isa = PBXBuildFile; fileRef = 2C02552A2A0EA71A00CB1808 /* Connection.swift */; };
		2C02552D2A0ECB6400CB1808 /* didConnect.wav in Resources */ = {isa = PBXBuildFile; fileRef = 2C02552C2A0ECB6400CB1808 /* didConnect.wav */; };
		2C09E3D829F6D0630082B774 /* GameController.swift in Sources */ = {isa = PBXBuildFile; fileRef = 2C09E3D729F6D0630082B774 /* GameController.swift */; };
		2C09E3DA29F6D2550082B774 /* Game.xcassets in Resources */ = {isa = PBXBuildFile; fileRef = 2C09E3D929F6D2550082B774 /* Game.xcassets */; };
		2C22C8462B05073100E558C5 /* drop1.wav in Resources */ = {isa = PBXBuildFile; fileRef = 2C22C8452B05073100E558C5 /* drop1.wav */; };
		2C261C5D2A4366DB0014F9AC /* Scoring.swift in Sources */ = {isa = PBXBuildFile; fileRef = 2C261C5C2A4366DB0014F9AC /* Scoring.swift */; };
		2C266FCF2A0AF6B00016C1C5 /* Sound.swift in Sources */ = {isa = PBXBuildFile; fileRef = 2C266FCE2A0AF6B00016C1C5 /* Sound.swift */; };
		2C266FD12A0B00280016C1C5 /* endTurn.wav in Resources */ = {isa = PBXBuildFile; fileRef = 2C266FD02A0B00280016C1C5 /* endTurn.wav */; };
		2C266FD62A0B024E0016C1C5 /* pickupPotion.wav in Resources */ = {isa = PBXBuildFile; fileRef = 2C266FD22A0B024E0016C1C5 /* pickupPotion.wav */; };
		2C266FD72A0B024E0016C1C5 /* victory.wav in Resources */ = {isa = PBXBuildFile; fileRef = 2C266FD32A0B024E0016C1C5 /* victory.wav */; };
		2C266FD82A0B024E0016C1C5 /* defeat.wav in Resources */ = {isa = PBXBuildFile; fileRef = 2C266FD42A0B024E0016C1C5 /* defeat.wav */; };
		2C266FD92A0B024E0016C1C5 /* choosePickup.wav in Resources */ = {isa = PBXBuildFile; fileRef = 2C266FD52A0B024E0016C1C5 /* choosePickup.wav */; };
		2C266FDF2A0C26930016C1C5 /* Firebase.swift in Sources */ = {isa = PBXBuildFile; fileRef = 2C266FDE2A0C26930016C1C5 /* Firebase.swift */; };
		2C266FE22A0C2B7A0016C1C5 /* FirebaseAuth in Frameworks */ = {isa = PBXBuildFile; productRef = 2C266FE12A0C2B7A0016C1C5 /* FirebaseAuth */; };
		2C266FE42A0C2B7A0016C1C5 /* FirebaseDatabaseSwift in Frameworks */ = {isa = PBXBuildFile; productRef = 2C266FE32A0C2B7A0016C1C5 /* FirebaseDatabaseSwift */; };
		2C266FE82A0D5BBA0016C1C5 /* Mons.xcassets in Resources */ = {isa = PBXBuildFile; fileRef = 2C266FE72A0D5BBA0016C1C5 /* Mons.xcassets */; };
		2C27AFD72A113DE8003C959D /* AnimationKey.swift in Sources */ = {isa = PBXBuildFile; fileRef = 2C27AFD62A113DE8003C959D /* AnimationKey.swift */; };
		2C27AFD92A115B77003C959D /* Trace.swift in Sources */ = {isa = PBXBuildFile; fileRef = 2C27AFD82A115B77003C959D /* Trace.swift */; };
		2C27AFDD2A11949D003C959D /* BoardItemView.swift in Sources */ = {isa = PBXBuildFile; fileRef = 2C27AFDC2A11949D003C959D /* BoardItemView.swift */; };
		2C27AFDF2A12DEBB003C959D /* WaveView.swift in Sources */ = {isa = PBXBuildFile; fileRef = 2C27AFDE2A12DEBB003C959D /* WaveView.swift */; };
		2C38121E2B0620AD000FDE18 /* Haptic.swift in Sources */ = {isa = PBXBuildFile; fileRef = 2C38121D2B0620AD000FDE18 /* Haptic.swift */; };
		2C3812222B064CAC000FDE18 /* README.md in Resources */ = {isa = PBXBuildFile; fileRef = 2C3812212B064CAC000FDE18 /* README.md */; };
		2C3812272B065F71000FDE18 /* GoogleService-Info.plist in Resources */ = {isa = PBXBuildFile; fileRef = 2C3812252B065F2B000FDE18 /* GoogleService-Info.plist */; };
		2C4387702A1B60C2003CFEA1 /* PixelBoardSquareView.swift in Sources */ = {isa = PBXBuildFile; fileRef = 2C43876F2A1B60C2003CFEA1 /* PixelBoardSquareView.swift */; };
		2C53FC5C29CD280300F49668 /* Audio.swift in Sources */ = {isa = PBXBuildFile; fileRef = 2C53FC5B29CD280300F49668 /* Audio.swift */; };
		2C7AE8B829F294A50052F455 /* Emojis.xcassets in Resources */ = {isa = PBXBuildFile; fileRef = 2C7AE8B729F294A50052F455 /* Emojis.xcassets */; };
		2C7AE8BD29F448170052F455 /* ButtonWithExtendedArea.swift in Sources */ = {isa = PBXBuildFile; fileRef = 2C7AE8BC29F448170052F455 /* ButtonWithExtendedArea.swift */; };
		2C7E80C429FC372C00114943 /* Board.swift in Sources */ = {isa = PBXBuildFile; fileRef = 2C7E80C329FC372C00114943 /* Board.swift */; };
		2C7E80CA29FC3BAA00114943 /* SquareColor.swift in Sources */ = {isa = PBXBuildFile; fileRef = 2C7E80C929FC3BAA00114943 /* SquareColor.swift */; };
		2C7E80CC29FC3F3900114943 /* Square.swift in Sources */ = {isa = PBXBuildFile; fileRef = 2C7E80CB29FC3F3900114943 /* Square.swift */; };
		2C7E80CE29FC54B300114943 /* Config.swift in Sources */ = {isa = PBXBuildFile; fileRef = 2C7E80CD29FC54B300114943 /* Config.swift */; };
		2C7E80D029FC60CA00114943 /* FenRepresentable.swift in Sources */ = {isa = PBXBuildFile; fileRef = 2C7E80CF29FC60CA00114943 /* FenRepresentable.swift */; };
		2C7E80D229FC6AA400114943 /* AvailableMoveKind.swift in Sources */ = {isa = PBXBuildFile; fileRef = 2C7E80D129FC6AA400114943 /* AvailableMoveKind.swift */; };
		2CAF14E529EB39CB0036C942 /* Strings.swift in Sources */ = {isa = PBXBuildFile; fileRef = 2CAF14E429EB39CB0036C942 /* Strings.swift */; };
		2CB656F72AFD0DD200000760 /* Music.swift in Sources */ = {isa = PBXBuildFile; fileRef = 2CB656F62AFD0DD200000760 /* Music.swift */; };
		2CB6D3AB29F70FBF00605255 /* BoardStyle.swift in Sources */ = {isa = PBXBuildFile; fileRef = 2CB6D3AA29F70FBF00605255 /* BoardStyle.swift */; };
		2CB6D3AE29F730B200605255 /* Item.swift in Sources */ = {isa = PBXBuildFile; fileRef = 2CB6D3AD29F730B200605255 /* Item.swift */; };
		2CB6D3B029F730E500605255 /* Color.swift in Sources */ = {isa = PBXBuildFile; fileRef = 2CB6D3AF29F730E500605255 /* Color.swift */; };
		2CB6D3B229F730F600605255 /* Mon.swift in Sources */ = {isa = PBXBuildFile; fileRef = 2CB6D3B129F730F600605255 /* Mon.swift */; };
		2CB6D3B429F7310800605255 /* Mana.swift in Sources */ = {isa = PBXBuildFile; fileRef = 2CB6D3B329F7310800605255 /* Mana.swift */; };
		2CB6D3B629F7311500605255 /* Consumable.swift in Sources */ = {isa = PBXBuildFile; fileRef = 2CB6D3B529F7311500605255 /* Consumable.swift */; };
		2CB6D3BA29F731E100605255 /* ViewEffect.swift in Sources */ = {isa = PBXBuildFile; fileRef = 2CB6D3B929F731E100605255 /* ViewEffect.swift */; };
		2CB6D3BC29F7320800605255 /* Location.swift in Sources */ = {isa = PBXBuildFile; fileRef = 2CB6D3BB29F7320800605255 /* Location.swift */; };
		2CB7462429F12BA100ACC855 /* Defaults.swift in Sources */ = {isa = PBXBuildFile; fileRef = 2CB7462329F12BA100ACC855 /* Defaults.swift */; };
		2CB7462629F18DC700ACC855 /* Images.swift in Sources */ = {isa = PBXBuildFile; fileRef = 2CB7462529F18DC700ACC855 /* Images.swift */; };
		2CC157262A351C7B009C2BF1 /* MusicViewController.swift in Sources */ = {isa = PBXBuildFile; fileRef = 2CC157252A351C7B009C2BF1 /* MusicViewController.swift */; };
		2CC39E8029CA48B200EDF779 /* AppDelegate.swift in Sources */ = {isa = PBXBuildFile; fileRef = 2CC39E7F29CA48B200EDF779 /* AppDelegate.swift */; };
		2CC39E8229CA48B200EDF779 /* SceneDelegate.swift in Sources */ = {isa = PBXBuildFile; fileRef = 2CC39E8129CA48B200EDF779 /* SceneDelegate.swift */; };
		2CC39E8429CA48B200EDF779 /* GameViewController.swift in Sources */ = {isa = PBXBuildFile; fileRef = 2CC39E8329CA48B200EDF779 /* GameViewController.swift */; };
		2CC39E8729CA48B200EDF779 /* Main.storyboard in Resources */ = {isa = PBXBuildFile; fileRef = 2CC39E8529CA48B200EDF779 /* Main.storyboard */; };
		2CC39E8929CA48B300EDF779 /* App.xcassets in Resources */ = {isa = PBXBuildFile; fileRef = 2CC39E8829CA48B300EDF779 /* App.xcassets */; };
		2CC39E8C29CA48B300EDF779 /* LaunchScreen.storyboard in Resources */ = {isa = PBXBuildFile; fileRef = 2CC39E8A29CA48B300EDF779 /* LaunchScreen.storyboard */; };
		2CC4E21629E9AFE0002F3AC9 /* Colors.xcassets in Resources */ = {isa = PBXBuildFile; fileRef = 2CC4E21529E9AFE0002F3AC9 /* Colors.xcassets */; };
		2CC4E21829E9B047002F3AC9 /* Colors.swift in Sources */ = {isa = PBXBuildFile; fileRef = 2CC4E21729E9B047002F3AC9 /* Colors.swift */; };
		2CC4E21C29E9E60D002F3AC9 /* MainMenuViewController.swift in Sources */ = {isa = PBXBuildFile; fileRef = 2CC4E21B29E9E60D002F3AC9 /* MainMenuViewController.swift */; };
		2CC4E21E29E9F932002F3AC9 /* Storyboard.swift in Sources */ = {isa = PBXBuildFile; fileRef = 2CC4E21D29E9F932002F3AC9 /* Storyboard.swift */; };
		2CC4FBD929F69A3300A90CDD /* Notification.swift in Sources */ = {isa = PBXBuildFile; fileRef = 2CC4FBD829F69A3300A90CDD /* Notification.swift */; };
		2CC4FBE029F6C69200A90CDD /* String.swift in Sources */ = {isa = PBXBuildFile; fileRef = 2CC4FBDF29F6C69200A90CDD /* String.swift */; };
		2CC4FBE229F6C69900A90CDD /* URL.swift in Sources */ = {isa = PBXBuildFile; fileRef = 2CC4FBE129F6C69900A90CDD /* URL.swift */; };
		2CC770BF29FA9CEE00A59BEF /* BoardView.swift in Sources */ = {isa = PBXBuildFile; fileRef = 2CC770BE29FA9CEE00A59BEF /* BoardView.swift */; };
		2CC770C129FA9D0500A59BEF /* BoardSquareView.swift in Sources */ = {isa = PBXBuildFile; fileRef = 2CC770C029FA9D0500A59BEF /* BoardSquareView.swift */; };
		2CCF87232A42EAFE0060410C /* Computer.swift in Sources */ = {isa = PBXBuildFile; fileRef = 2CCF87222A42EAFE0060410C /* Computer.swift */; };
		2CD302702A0883D3009DFCC2 /* CircleView.swift in Sources */ = {isa = PBXBuildFile; fileRef = 2CD3026F2A0883D3009DFCC2 /* CircleView.swift */; };
		2CD302722A092905009DFCC2 /* SparklingView.swift in Sources */ = {isa = PBXBuildFile; fileRef = 2CD302712A092905009DFCC2 /* SparklingView.swift */; };
		2CD302762A097286009DFCC2 /* click.wav in Resources */ = {isa = PBXBuildFile; fileRef = 2CD302752A097286009DFCC2 /* click.wav */; };
		2CD3027A2A099124009DFCC2 /* CircleCutoutView.swift in Sources */ = {isa = PBXBuildFile; fileRef = 2CD302792A099124009DFCC2 /* CircleCutoutView.swift */; };
		2CD3027C2A099834009DFCC2 /* Highlight.swift in Sources */ = {isa = PBXBuildFile; fileRef = 2CD3027B2A099834009DFCC2 /* Highlight.swift */; };
		2CDB1AD129ED87C900C51230 /* SeparatorView.swift in Sources */ = {isa = PBXBuildFile; fileRef = 2CDB1AD029ED87C900C51230 /* SeparatorView.swift */; };
		2CDB1AD329ED87E600C51230 /* CGFloat.swift in Sources */ = {isa = PBXBuildFile; fileRef = 2CDB1AD229ED87E600C51230 /* CGFloat.swift */; };
		2CDB1AE329EEF48E00C51230 /* pickupBomb.wav in Resources */ = {isa = PBXBuildFile; fileRef = 2CDB1AD529EEF48E00C51230 /* pickupBomb.wav */; };
		2CDB1AE429EEF48E00C51230 /* demonAbility.wav in Resources */ = {isa = PBXBuildFile; fileRef = 2CDB1AD629EEF48E00C51230 /* demonAbility.wav */; };
		2CDB1AE529EEF48E00C51230 /* bomb.wav in Resources */ = {isa = PBXBuildFile; fileRef = 2CDB1AD729EEF48E00C51230 /* bomb.wav */; };
		2CDB1AE729EEF48E00C51230 /* manaPickUp.wav in Resources */ = {isa = PBXBuildFile; fileRef = 2CDB1AD929EEF48E00C51230 /* manaPickUp.wav */; };
		2CDB1AE829EEF48E00C51230 /* spiritAbility.wav in Resources */ = {isa = PBXBuildFile; fileRef = 2CDB1ADA29EEF48E00C51230 /* spiritAbility.wav */; };
		2CDB1AE929EEF48E00C51230 /* scoreSupermana.wav in Resources */ = {isa = PBXBuildFile; fileRef = 2CDB1ADB29EEF48E00C51230 /* scoreSupermana.wav */; };
		2CDB1AEC29EEF48E00C51230 /* move.wav in Resources */ = {isa = PBXBuildFile; fileRef = 2CDB1ADE29EEF48E00C51230 /* move.wav */; };
		2CDB1AED29EEF48E00C51230 /* scoreMana.wav in Resources */ = {isa = PBXBuildFile; fileRef = 2CDB1ADF29EEF48E00C51230 /* scoreMana.wav */; };
		2CDB1AEE29EEF48E00C51230 /* mysticAbility.wav in Resources */ = {isa = PBXBuildFile; fileRef = 2CDB1AE029EEF48E00C51230 /* mysticAbility.wav */; };
		2CEB9AF52A34C05300B3CD54 /* ping.aac in Resources */ = {isa = PBXBuildFile; fileRef = 2CEB9AD82A34C05100B3CD54 /* ping.aac */; };
		2CEB9AF62A34C05300B3CD54 /* drreams.aac in Resources */ = {isa = PBXBuildFile; fileRef = 2CEB9AD92A34C05100B3CD54 /* drreams.aac */; };
		2CEB9AF72A34C05300B3CD54 /* bounce.aac in Resources */ = {isa = PBXBuildFile; fileRef = 2CEB9ADA2A34C05100B3CD54 /* bounce.aac */; };
		2CEB9AF82A34C05300B3CD54 /* melodine.aac in Resources */ = {isa = PBXBuildFile; fileRef = 2CEB9ADB2A34C05100B3CD54 /* melodine.aac */; };
		2CEB9AF92A34C05300B3CD54 /* whale2.aac in Resources */ = {isa = PBXBuildFile; fileRef = 2CEB9ADC2A34C05100B3CD54 /* whale2.aac */; };
		2CEB9AFA2A34C05300B3CD54 /* crumbs.aac in Resources */ = {isa = PBXBuildFile; fileRef = 2CEB9ADD2A34C05100B3CD54 /* crumbs.aac */; };
		2CEB9AFB2A34C05300B3CD54 /* chimes photography_going home.aac in Resources */ = {isa = PBXBuildFile; fileRef = 2CEB9ADE2A34C05100B3CD54 /* chimes photography_going home.aac */; };
		2CEB9AFC2A34C05300B3CD54 /* organwhawha.aac in Resources */ = {isa = PBXBuildFile; fileRef = 2CEB9ADF2A34C05100B3CD54 /* organwhawha.aac */; };
		2CEB9AFD2A34C05300B3CD54 /* buzz.aac in Resources */ = {isa = PBXBuildFile; fileRef = 2CEB9AE02A34C05100B3CD54 /* buzz.aac */; };
		2CEB9AFE2A34C05300B3CD54 /* mana pool.aac in Resources */ = {isa = PBXBuildFile; fileRef = 2CEB9AE12A34C05200B3CD54 /* mana pool.aac */; };
		2CEB9AFF2A34C05300B3CD54 /* ewejam.aac in Resources */ = {isa = PBXBuildFile; fileRef = 2CEB9AE22A34C05200B3CD54 /* ewejam.aac */; };
		2CEB9B002A34C05300B3CD54 /* bell dance.aac in Resources */ = {isa = PBXBuildFile; fileRef = 2CEB9AE32A34C05200B3CD54 /* bell dance.aac */; };
		2CEB9B012A34C05300B3CD54 /* bell glide.aac in Resources */ = {isa = PBXBuildFile; fileRef = 2CEB9AE42A34C05200B3CD54 /* bell glide.aac */; };
		2CEB9B022A34C05300B3CD54 /* arploop.aac in Resources */ = {isa = PBXBuildFile; fileRef = 2CEB9AE52A34C05200B3CD54 /* arploop.aac */; };
		2CEB9B032A34C05300B3CD54 /* cloud propeller 2.aac in Resources */ = {isa = PBXBuildFile; fileRef = 2CEB9AE62A34C05200B3CD54 /* cloud propeller 2.aac */; };
		2CEB9B042A34C05300B3CD54 /* gilded.aac in Resources */ = {isa = PBXBuildFile; fileRef = 2CEB9AE72A34C05200B3CD54 /* gilded.aac */; };
		2CEB9B052A34C05300B3CD54 /* super.aac in Resources */ = {isa = PBXBuildFile; fileRef = 2CEB9AE82A34C05200B3CD54 /* super.aac */; };
		2CEB9B062A34C05300B3CD54 /* driver.aac in Resources */ = {isa = PBXBuildFile; fileRef = 2CEB9AE92A34C05200B3CD54 /* driver.aac */; };
		2CEB9B072A34C05300B3CD54 /* change.aac in Resources */ = {isa = PBXBuildFile; fileRef = 2CEB9AEA2A34C05200B3CD54 /* change.aac */; };
		2CEB9B082A34C05300B3CD54 /* gustofwind.aac in Resources */ = {isa = PBXBuildFile; fileRef = 2CEB9AEB2A34C05200B3CD54 /* gustofwind.aac */; };
		2CEB9B092A34C05300B3CD54 /* band.aac in Resources */ = {isa = PBXBuildFile; fileRef = 2CEB9AEC2A34C05300B3CD54 /* band.aac */; };
		2CEB9B0A2A34C05300B3CD54 /* object.aac in Resources */ = {isa = PBXBuildFile; fileRef = 2CEB9AED2A34C05300B3CD54 /* object.aac */; };
		2CEB9B0B2A34C05300B3CD54 /* jelly jam.aac in Resources */ = {isa = PBXBuildFile; fileRef = 2CEB9AEE2A34C05300B3CD54 /* jelly jam.aac */; };
		2CEB9B0C2A34C05300B3CD54 /* runner.aac in Resources */ = {isa = PBXBuildFile; fileRef = 2CEB9AEF2A34C05300B3CD54 /* runner.aac */; };
		2CEB9B0D2A34C05300B3CD54 /* cloud propeller.aac in Resources */ = {isa = PBXBuildFile; fileRef = 2CEB9AF02A34C05300B3CD54 /* cloud propeller.aac */; };
		2CEB9B0E2A34C05300B3CD54 /* clock tower.aac in Resources */ = {isa = PBXBuildFile; fileRef = 2CEB9AF12A34C05300B3CD54 /* clock tower.aac */; };
		2CEB9B0F2A34C05300B3CD54 /* spirit track.aac in Resources */ = {isa = PBXBuildFile; fileRef = 2CEB9AF22A34C05300B3CD54 /* spirit track.aac */; };
		2CEB9B102A34C05300B3CD54 /* bubble jam.aac in Resources */ = {isa = PBXBuildFile; fileRef = 2CEB9AF32A34C05300B3CD54 /* bubble jam.aac */; };
		2CEB9B112A34C05300B3CD54 /* honkshoooo memememeee zzzZZZ.aac in Resources */ = {isa = PBXBuildFile; fileRef = 2CEB9AF42A34C05300B3CD54 /* honkshoooo memememeee zzzZZZ.aac */; };
		2CFA88912B02434600F99723 /* Reaction.swift in Sources */ = {isa = PBXBuildFile; fileRef = 2CFA88902B02434600F99723 /* Reaction.swift */; };
		2CFA889B2B029F5800F99723 /* yo3.wav in Resources */ = {isa = PBXBuildFile; fileRef = 2CFA88922B029F5800F99723 /* yo3.wav */; };
		2CFA889C2B029F5800F99723 /* wahoo1.wav in Resources */ = {isa = PBXBuildFile; fileRef = 2CFA88932B029F5800F99723 /* wahoo1.wav */; };
		2CFA889D2B029F5800F99723 /* yo2.wav in Resources */ = {isa = PBXBuildFile; fileRef = 2CFA88942B029F5800F99723 /* yo2.wav */; };
		2CFA889E2B029F5800F99723 /* gg2.wav in Resources */ = {isa = PBXBuildFile; fileRef = 2CFA88952B029F5800F99723 /* gg2.wav */; };
		2CFA889F2B029F5800F99723 /* yo1.wav in Resources */ = {isa = PBXBuildFile; fileRef = 2CFA88962B029F5800F99723 /* yo1.wav */; };
		2CFA88A02B029F5800F99723 /* gg1.wav in Resources */ = {isa = PBXBuildFile; fileRef = 2CFA88972B029F5800F99723 /* gg1.wav */; };
		2CFA88A12B029F5800F99723 /* slurp1.wav in Resources */ = {isa = PBXBuildFile; fileRef = 2CFA88982B029F5800F99723 /* slurp1.wav */; };
		2CFA88A32B029F5800F99723 /* yo4.wav in Resources */ = {isa = PBXBuildFile; fileRef = 2CFA889A2B029F5800F99723 /* yo4.wav */; };
		2CFC6E4F29F9BE6100EF34FA /* UIView.swift in Sources */ = {isa = PBXBuildFile; fileRef = 2CFC6E4E29F9BE6100EF34FA /* UIView.swift */; };
/* End PBXBuildFile section */

/* Begin PBXFileReference section */
		2C01C6A029CAF4D500A25465 /* MonsGame.swift */ = {isa = PBXFileReference; lastKnownFileType = sourcecode.swift; path = MonsGame.swift; sourceTree = "<group>"; };
		2C0255242A0EA1E600CB1808 /* GameInvite.swift */ = {isa = PBXFileReference; lastKnownFileType = sourcecode.swift; path = GameInvite.swift; sourceTree = "<group>"; };
		2C0255262A0EA1EF00CB1808 /* PlayerMatch.swift */ = {isa = PBXFileReference; lastKnownFileType = sourcecode.swift; path = PlayerMatch.swift; sourceTree = "<group>"; };
		2C0255282A0EA27700CB1808 /* Codable.swift */ = {isa = PBXFileReference; lastKnownFileType = sourcecode.swift; path = Codable.swift; sourceTree = "<group>"; };
		2C02552A2A0EA71A00CB1808 /* Connection.swift */ = {isa = PBXFileReference; lastKnownFileType = sourcecode.swift; path = Connection.swift; sourceTree = "<group>"; };
		2C02552C2A0ECB6400CB1808 /* didConnect.wav */ = {isa = PBXFileReference; lastKnownFileType = audio.wav; path = didConnect.wav; sourceTree = "<group>"; };
		2C09E3D729F6D0630082B774 /* GameController.swift */ = {isa = PBXFileReference; lastKnownFileType = sourcecode.swift; path = GameController.swift; sourceTree = "<group>"; };
		2C09E3D929F6D2550082B774 /* Game.xcassets */ = {isa = PBXFileReference; lastKnownFileType = folder.assetcatalog; path = Game.xcassets; sourceTree = "<group>"; };
		2C22C8452B05073100E558C5 /* drop1.wav */ = {isa = PBXFileReference; lastKnownFileType = audio.wav; path = drop1.wav; sourceTree = "<group>"; };
		2C261C5C2A4366DB0014F9AC /* Scoring.swift */ = {isa = PBXFileReference; lastKnownFileType = sourcecode.swift; path = Scoring.swift; sourceTree = "<group>"; };
		2C266FCE2A0AF6B00016C1C5 /* Sound.swift */ = {isa = PBXFileReference; lastKnownFileType = sourcecode.swift; path = Sound.swift; sourceTree = "<group>"; };
		2C266FD02A0B00280016C1C5 /* endTurn.wav */ = {isa = PBXFileReference; lastKnownFileType = audio.wav; path = endTurn.wav; sourceTree = "<group>"; };
		2C266FD22A0B024E0016C1C5 /* pickupPotion.wav */ = {isa = PBXFileReference; lastKnownFileType = audio.wav; path = pickupPotion.wav; sourceTree = "<group>"; };
		2C266FD32A0B024E0016C1C5 /* victory.wav */ = {isa = PBXFileReference; lastKnownFileType = audio.wav; path = victory.wav; sourceTree = "<group>"; };
		2C266FD42A0B024E0016C1C5 /* defeat.wav */ = {isa = PBXFileReference; lastKnownFileType = audio.wav; path = defeat.wav; sourceTree = "<group>"; };
		2C266FD52A0B024E0016C1C5 /* choosePickup.wav */ = {isa = PBXFileReference; lastKnownFileType = audio.wav; path = choosePickup.wav; sourceTree = "<group>"; };
		2C266FDE2A0C26930016C1C5 /* Firebase.swift */ = {isa = PBXFileReference; lastKnownFileType = sourcecode.swift; path = Firebase.swift; sourceTree = "<group>"; };
		2C266FE72A0D5BBA0016C1C5 /* Mons.xcassets */ = {isa = PBXFileReference; lastKnownFileType = folder.assetcatalog; path = Mons.xcassets; sourceTree = "<group>"; };
		2C27AFD62A113DE8003C959D /* AnimationKey.swift */ = {isa = PBXFileReference; lastKnownFileType = sourcecode.swift; path = AnimationKey.swift; sourceTree = "<group>"; };
		2C27AFD82A115B77003C959D /* Trace.swift */ = {isa = PBXFileReference; lastKnownFileType = sourcecode.swift; path = Trace.swift; sourceTree = "<group>"; };
		2C27AFDC2A11949D003C959D /* BoardItemView.swift */ = {isa = PBXFileReference; lastKnownFileType = sourcecode.swift; path = BoardItemView.swift; sourceTree = "<group>"; };
		2C27AFDE2A12DEBB003C959D /* WaveView.swift */ = {isa = PBXFileReference; lastKnownFileType = sourcecode.swift; path = WaveView.swift; sourceTree = "<group>"; };
		2C38121D2B0620AD000FDE18 /* Haptic.swift */ = {isa = PBXFileReference; lastKnownFileType = sourcecode.swift; path = Haptic.swift; sourceTree = "<group>"; };
		2C3812212B064CAC000FDE18 /* README.md */ = {isa = PBXFileReference; fileEncoding = 4; lastKnownFileType = net.daringfireball.markdown; path = README.md; sourceTree = SOURCE_ROOT; };
		2C3812252B065F2B000FDE18 /* GoogleService-Info.plist */ = {isa = PBXFileReference; fileEncoding = 4; lastKnownFileType = text.plist.xml; path = "GoogleService-Info.plist"; sourceTree = "<group>"; };
		2C43876F2A1B60C2003CFEA1 /* PixelBoardSquareView.swift */ = {isa = PBXFileReference; lastKnownFileType = sourcecode.swift; path = PixelBoardSquareView.swift; sourceTree = "<group>"; };
		2C53FC5B29CD280300F49668 /* Audio.swift */ = {isa = PBXFileReference; lastKnownFileType = sourcecode.swift; path = Audio.swift; sourceTree = "<group>"; };
		2C7AE8B729F294A50052F455 /* Emojis.xcassets */ = {isa = PBXFileReference; lastKnownFileType = folder.assetcatalog; path = Emojis.xcassets; sourceTree = "<group>"; };
		2C7AE8BC29F448170052F455 /* ButtonWithExtendedArea.swift */ = {isa = PBXFileReference; lastKnownFileType = sourcecode.swift; path = ButtonWithExtendedArea.swift; sourceTree = "<group>"; };
		2C7E80C329FC372C00114943 /* Board.swift */ = {isa = PBXFileReference; lastKnownFileType = sourcecode.swift; path = Board.swift; sourceTree = "<group>"; };
		2C7E80C929FC3BAA00114943 /* SquareColor.swift */ = {isa = PBXFileReference; lastKnownFileType = sourcecode.swift; path = SquareColor.swift; sourceTree = "<group>"; };
		2C7E80CB29FC3F3900114943 /* Square.swift */ = {isa = PBXFileReference; lastKnownFileType = sourcecode.swift; path = Square.swift; sourceTree = "<group>"; };
		2C7E80CD29FC54B300114943 /* Config.swift */ = {isa = PBXFileReference; lastKnownFileType = sourcecode.swift; path = Config.swift; sourceTree = "<group>"; };
		2C7E80CF29FC60CA00114943 /* FenRepresentable.swift */ = {isa = PBXFileReference; lastKnownFileType = sourcecode.swift; path = FenRepresentable.swift; sourceTree = "<group>"; };
		2C7E80D129FC6AA400114943 /* AvailableMoveKind.swift */ = {isa = PBXFileReference; lastKnownFileType = sourcecode.swift; path = AvailableMoveKind.swift; sourceTree = "<group>"; };
		2CAF14E429EB39CB0036C942 /* Strings.swift */ = {isa = PBXFileReference; lastKnownFileType = sourcecode.swift; path = Strings.swift; sourceTree = "<group>"; };
		2CB656F62AFD0DD200000760 /* Music.swift */ = {isa = PBXFileReference; lastKnownFileType = sourcecode.swift; path = Music.swift; sourceTree = "<group>"; };
		2CB6D3AA29F70FBF00605255 /* BoardStyle.swift */ = {isa = PBXFileReference; lastKnownFileType = sourcecode.swift; path = BoardStyle.swift; sourceTree = "<group>"; };
		2CB6D3AD29F730B200605255 /* Item.swift */ = {isa = PBXFileReference; lastKnownFileType = sourcecode.swift; path = Item.swift; sourceTree = "<group>"; };
		2CB6D3AF29F730E500605255 /* Color.swift */ = {isa = PBXFileReference; lastKnownFileType = sourcecode.swift; path = Color.swift; sourceTree = "<group>"; };
		2CB6D3B129F730F600605255 /* Mon.swift */ = {isa = PBXFileReference; lastKnownFileType = sourcecode.swift; path = Mon.swift; sourceTree = "<group>"; };
		2CB6D3B329F7310800605255 /* Mana.swift */ = {isa = PBXFileReference; lastKnownFileType = sourcecode.swift; path = Mana.swift; sourceTree = "<group>"; };
		2CB6D3B529F7311500605255 /* Consumable.swift */ = {isa = PBXFileReference; lastKnownFileType = sourcecode.swift; path = Consumable.swift; sourceTree = "<group>"; };
		2CB6D3B929F731E100605255 /* ViewEffect.swift */ = {isa = PBXFileReference; lastKnownFileType = sourcecode.swift; path = ViewEffect.swift; sourceTree = "<group>"; };
		2CB6D3BB29F7320800605255 /* Location.swift */ = {isa = PBXFileReference; lastKnownFileType = sourcecode.swift; path = Location.swift; sourceTree = "<group>"; };
		2CB7462329F12BA100ACC855 /* Defaults.swift */ = {isa = PBXFileReference; lastKnownFileType = sourcecode.swift; path = Defaults.swift; sourceTree = "<group>"; };
		2CB7462529F18DC700ACC855 /* Images.swift */ = {isa = PBXFileReference; lastKnownFileType = sourcecode.swift; path = Images.swift; sourceTree = "<group>"; };
		2CC157252A351C7B009C2BF1 /* MusicViewController.swift */ = {isa = PBXFileReference; lastKnownFileType = sourcecode.swift; path = MusicViewController.swift; sourceTree = "<group>"; };
		2CC39E7C29CA48B200EDF779 /* mons.app */ = {isa = PBXFileReference; explicitFileType = wrapper.application; includeInIndex = 0; path = mons.app; sourceTree = BUILT_PRODUCTS_DIR; };
		2CC39E7F29CA48B200EDF779 /* AppDelegate.swift */ = {isa = PBXFileReference; lastKnownFileType = sourcecode.swift; path = AppDelegate.swift; sourceTree = "<group>"; };
		2CC39E8129CA48B200EDF779 /* SceneDelegate.swift */ = {isa = PBXFileReference; lastKnownFileType = sourcecode.swift; path = SceneDelegate.swift; sourceTree = "<group>"; };
		2CC39E8329CA48B200EDF779 /* GameViewController.swift */ = {isa = PBXFileReference; lastKnownFileType = sourcecode.swift; path = GameViewController.swift; sourceTree = "<group>"; };
		2CC39E8629CA48B200EDF779 /* Base */ = {isa = PBXFileReference; lastKnownFileType = file.storyboard; name = Base; path = Base.lproj/Main.storyboard; sourceTree = "<group>"; };
		2CC39E8829CA48B300EDF779 /* App.xcassets */ = {isa = PBXFileReference; lastKnownFileType = folder.assetcatalog; path = App.xcassets; sourceTree = "<group>"; };
		2CC39E8B29CA48B300EDF779 /* Base */ = {isa = PBXFileReference; lastKnownFileType = file.storyboard; name = Base; path = Base.lproj/LaunchScreen.storyboard; sourceTree = "<group>"; };
		2CC39E8D29CA48B300EDF779 /* Info.plist */ = {isa = PBXFileReference; lastKnownFileType = text.plist.xml; path = Info.plist; sourceTree = "<group>"; };
		2CC39E9329CA4EDF00EDF779 /* super-metal-mons.entitlements */ = {isa = PBXFileReference; lastKnownFileType = text.plist.entitlements; path = "super-metal-mons.entitlements"; sourceTree = "<group>"; };
		2CC4E21529E9AFE0002F3AC9 /* Colors.xcassets */ = {isa = PBXFileReference; lastKnownFileType = folder.assetcatalog; path = Colors.xcassets; sourceTree = "<group>"; };
		2CC4E21729E9B047002F3AC9 /* Colors.swift */ = {isa = PBXFileReference; lastKnownFileType = sourcecode.swift; path = Colors.swift; sourceTree = "<group>"; };
		2CC4E21B29E9E60D002F3AC9 /* MainMenuViewController.swift */ = {isa = PBXFileReference; lastKnownFileType = sourcecode.swift; path = MainMenuViewController.swift; sourceTree = "<group>"; };
		2CC4E21D29E9F932002F3AC9 /* Storyboard.swift */ = {isa = PBXFileReference; lastKnownFileType = sourcecode.swift; path = Storyboard.swift; sourceTree = "<group>"; };
		2CC4FBD829F69A3300A90CDD /* Notification.swift */ = {isa = PBXFileReference; lastKnownFileType = sourcecode.swift; path = Notification.swift; sourceTree = "<group>"; };
		2CC4FBDF29F6C69200A90CDD /* String.swift */ = {isa = PBXFileReference; lastKnownFileType = sourcecode.swift; path = String.swift; sourceTree = "<group>"; };
		2CC4FBE129F6C69900A90CDD /* URL.swift */ = {isa = PBXFileReference; lastKnownFileType = sourcecode.swift; path = URL.swift; sourceTree = "<group>"; };
		2CC770BE29FA9CEE00A59BEF /* BoardView.swift */ = {isa = PBXFileReference; lastKnownFileType = sourcecode.swift; path = BoardView.swift; sourceTree = "<group>"; };
		2CC770C029FA9D0500A59BEF /* BoardSquareView.swift */ = {isa = PBXFileReference; lastKnownFileType = sourcecode.swift; path = BoardSquareView.swift; sourceTree = "<group>"; };
		2CCF87222A42EAFE0060410C /* Computer.swift */ = {isa = PBXFileReference; lastKnownFileType = sourcecode.swift; path = Computer.swift; sourceTree = "<group>"; };
		2CD3026F2A0883D3009DFCC2 /* CircleView.swift */ = {isa = PBXFileReference; lastKnownFileType = sourcecode.swift; path = CircleView.swift; sourceTree = "<group>"; };
		2CD302712A092905009DFCC2 /* SparklingView.swift */ = {isa = PBXFileReference; lastKnownFileType = sourcecode.swift; path = SparklingView.swift; sourceTree = "<group>"; };
		2CD302752A097286009DFCC2 /* click.wav */ = {isa = PBXFileReference; lastKnownFileType = audio.wav; path = click.wav; sourceTree = "<group>"; };
		2CD302792A099124009DFCC2 /* CircleCutoutView.swift */ = {isa = PBXFileReference; lastKnownFileType = sourcecode.swift; path = CircleCutoutView.swift; sourceTree = "<group>"; };
		2CD3027B2A099834009DFCC2 /* Highlight.swift */ = {isa = PBXFileReference; lastKnownFileType = sourcecode.swift; path = Highlight.swift; sourceTree = "<group>"; };
		2CDB1AD029ED87C900C51230 /* SeparatorView.swift */ = {isa = PBXFileReference; lastKnownFileType = sourcecode.swift; path = SeparatorView.swift; sourceTree = "<group>"; };
		2CDB1AD229ED87E600C51230 /* CGFloat.swift */ = {isa = PBXFileReference; lastKnownFileType = sourcecode.swift; path = CGFloat.swift; sourceTree = "<group>"; };
		2CDB1AD529EEF48E00C51230 /* pickupBomb.wav */ = {isa = PBXFileReference; lastKnownFileType = audio.wav; path = pickupBomb.wav; sourceTree = "<group>"; };
		2CDB1AD629EEF48E00C51230 /* demonAbility.wav */ = {isa = PBXFileReference; lastKnownFileType = audio.wav; path = demonAbility.wav; sourceTree = "<group>"; };
		2CDB1AD729EEF48E00C51230 /* bomb.wav */ = {isa = PBXFileReference; lastKnownFileType = audio.wav; path = bomb.wav; sourceTree = "<group>"; };
		2CDB1AD929EEF48E00C51230 /* manaPickUp.wav */ = {isa = PBXFileReference; lastKnownFileType = audio.wav; path = manaPickUp.wav; sourceTree = "<group>"; };
		2CDB1ADA29EEF48E00C51230 /* spiritAbility.wav */ = {isa = PBXFileReference; lastKnownFileType = audio.wav; path = spiritAbility.wav; sourceTree = "<group>"; };
		2CDB1ADB29EEF48E00C51230 /* scoreSupermana.wav */ = {isa = PBXFileReference; lastKnownFileType = audio.wav; path = scoreSupermana.wav; sourceTree = "<group>"; };
		2CDB1ADE29EEF48E00C51230 /* move.wav */ = {isa = PBXFileReference; lastKnownFileType = audio.wav; path = move.wav; sourceTree = "<group>"; };
		2CDB1ADF29EEF48E00C51230 /* scoreMana.wav */ = {isa = PBXFileReference; lastKnownFileType = audio.wav; path = scoreMana.wav; sourceTree = "<group>"; };
		2CDB1AE029EEF48E00C51230 /* mysticAbility.wav */ = {isa = PBXFileReference; lastKnownFileType = audio.wav; path = mysticAbility.wav; sourceTree = "<group>"; };
		2CEB9AD82A34C05100B3CD54 /* ping.aac */ = {isa = PBXFileReference; lastKnownFileType = file; path = ping.aac; sourceTree = "<group>"; };
		2CEB9AD92A34C05100B3CD54 /* drreams.aac */ = {isa = PBXFileReference; lastKnownFileType = file; path = drreams.aac; sourceTree = "<group>"; };
		2CEB9ADA2A34C05100B3CD54 /* bounce.aac */ = {isa = PBXFileReference; lastKnownFileType = file; path = bounce.aac; sourceTree = "<group>"; };
		2CEB9ADB2A34C05100B3CD54 /* melodine.aac */ = {isa = PBXFileReference; lastKnownFileType = file; path = melodine.aac; sourceTree = "<group>"; };
		2CEB9ADC2A34C05100B3CD54 /* whale2.aac */ = {isa = PBXFileReference; lastKnownFileType = file; path = whale2.aac; sourceTree = "<group>"; };
		2CEB9ADD2A34C05100B3CD54 /* crumbs.aac */ = {isa = PBXFileReference; lastKnownFileType = file; path = crumbs.aac; sourceTree = "<group>"; };
		2CEB9ADE2A34C05100B3CD54 /* chimes photography_going home.aac */ = {isa = PBXFileReference; lastKnownFileType = file; path = "chimes photography_going home.aac"; sourceTree = "<group>"; };
		2CEB9ADF2A34C05100B3CD54 /* organwhawha.aac */ = {isa = PBXFileReference; lastKnownFileType = file; path = organwhawha.aac; sourceTree = "<group>"; };
		2CEB9AE02A34C05100B3CD54 /* buzz.aac */ = {isa = PBXFileReference; lastKnownFileType = file; path = buzz.aac; sourceTree = "<group>"; };
		2CEB9AE12A34C05200B3CD54 /* mana pool.aac */ = {isa = PBXFileReference; lastKnownFileType = file; path = "mana pool.aac"; sourceTree = "<group>"; };
		2CEB9AE22A34C05200B3CD54 /* ewejam.aac */ = {isa = PBXFileReference; lastKnownFileType = file; path = ewejam.aac; sourceTree = "<group>"; };
		2CEB9AE32A34C05200B3CD54 /* bell dance.aac */ = {isa = PBXFileReference; lastKnownFileType = file; path = "bell dance.aac"; sourceTree = "<group>"; };
		2CEB9AE42A34C05200B3CD54 /* bell glide.aac */ = {isa = PBXFileReference; lastKnownFileType = file; path = "bell glide.aac"; sourceTree = "<group>"; };
		2CEB9AE52A34C05200B3CD54 /* arploop.aac */ = {isa = PBXFileReference; lastKnownFileType = file; path = arploop.aac; sourceTree = "<group>"; };
		2CEB9AE62A34C05200B3CD54 /* cloud propeller 2.aac */ = {isa = PBXFileReference; lastKnownFileType = file; path = "cloud propeller 2.aac"; sourceTree = "<group>"; };
		2CEB9AE72A34C05200B3CD54 /* gilded.aac */ = {isa = PBXFileReference; lastKnownFileType = file; path = gilded.aac; sourceTree = "<group>"; };
		2CEB9AE82A34C05200B3CD54 /* super.aac */ = {isa = PBXFileReference; lastKnownFileType = file; path = super.aac; sourceTree = "<group>"; };
		2CEB9AE92A34C05200B3CD54 /* driver.aac */ = {isa = PBXFileReference; lastKnownFileType = file; path = driver.aac; sourceTree = "<group>"; };
		2CEB9AEA2A34C05200B3CD54 /* change.aac */ = {isa = PBXFileReference; lastKnownFileType = file; path = change.aac; sourceTree = "<group>"; };
		2CEB9AEB2A34C05200B3CD54 /* gustofwind.aac */ = {isa = PBXFileReference; lastKnownFileType = file; path = gustofwind.aac; sourceTree = "<group>"; };
		2CEB9AEC2A34C05300B3CD54 /* band.aac */ = {isa = PBXFileReference; lastKnownFileType = file; path = band.aac; sourceTree = "<group>"; };
		2CEB9AED2A34C05300B3CD54 /* object.aac */ = {isa = PBXFileReference; lastKnownFileType = file; path = object.aac; sourceTree = "<group>"; };
		2CEB9AEE2A34C05300B3CD54 /* jelly jam.aac */ = {isa = PBXFileReference; lastKnownFileType = file; path = "jelly jam.aac"; sourceTree = "<group>"; };
		2CEB9AEF2A34C05300B3CD54 /* runner.aac */ = {isa = PBXFileReference; lastKnownFileType = file; path = runner.aac; sourceTree = "<group>"; };
		2CEB9AF02A34C05300B3CD54 /* cloud propeller.aac */ = {isa = PBXFileReference; lastKnownFileType = file; path = "cloud propeller.aac"; sourceTree = "<group>"; };
		2CEB9AF12A34C05300B3CD54 /* clock tower.aac */ = {isa = PBXFileReference; lastKnownFileType = file; path = "clock tower.aac"; sourceTree = "<group>"; };
		2CEB9AF22A34C05300B3CD54 /* spirit track.aac */ = {isa = PBXFileReference; lastKnownFileType = file; path = "spirit track.aac"; sourceTree = "<group>"; };
		2CEB9AF32A34C05300B3CD54 /* bubble jam.aac */ = {isa = PBXFileReference; lastKnownFileType = file; path = "bubble jam.aac"; sourceTree = "<group>"; };
		2CEB9AF42A34C05300B3CD54 /* honkshoooo memememeee zzzZZZ.aac */ = {isa = PBXFileReference; lastKnownFileType = file; path = "honkshoooo memememeee zzzZZZ.aac"; sourceTree = "<group>"; };
		2CFA88902B02434600F99723 /* Reaction.swift */ = {isa = PBXFileReference; lastKnownFileType = sourcecode.swift; path = Reaction.swift; sourceTree = "<group>"; };
		2CFA88922B029F5800F99723 /* yo3.wav */ = {isa = PBXFileReference; lastKnownFileType = audio.wav; path = yo3.wav; sourceTree = "<group>"; };
		2CFA88932B029F5800F99723 /* wahoo1.wav */ = {isa = PBXFileReference; lastKnownFileType = audio.wav; path = wahoo1.wav; sourceTree = "<group>"; };
		2CFA88942B029F5800F99723 /* yo2.wav */ = {isa = PBXFileReference; lastKnownFileType = audio.wav; path = yo2.wav; sourceTree = "<group>"; };
		2CFA88952B029F5800F99723 /* gg2.wav */ = {isa = PBXFileReference; lastKnownFileType = audio.wav; path = gg2.wav; sourceTree = "<group>"; };
		2CFA88962B029F5800F99723 /* yo1.wav */ = {isa = PBXFileReference; lastKnownFileType = audio.wav; path = yo1.wav; sourceTree = "<group>"; };
		2CFA88972B029F5800F99723 /* gg1.wav */ = {isa = PBXFileReference; lastKnownFileType = audio.wav; path = gg1.wav; sourceTree = "<group>"; };
		2CFA88982B029F5800F99723 /* slurp1.wav */ = {isa = PBXFileReference; lastKnownFileType = audio.wav; path = slurp1.wav; sourceTree = "<group>"; };
		2CFA889A2B029F5800F99723 /* yo4.wav */ = {isa = PBXFileReference; lastKnownFileType = audio.wav; path = yo4.wav; sourceTree = "<group>"; };
		2CFC6E4E29F9BE6100EF34FA /* UIView.swift */ = {isa = PBXFileReference; lastKnownFileType = sourcecode.swift; path = UIView.swift; sourceTree = "<group>"; };
/* End PBXFileReference section */

/* Begin PBXFrameworksBuildPhase section */
		2CC39E7929CA48B200EDF779 /* Frameworks */ = {
			isa = PBXFrameworksBuildPhase;
			buildActionMask = 2147483647;
			files = (
				2C266FE42A0C2B7A0016C1C5 /* FirebaseDatabaseSwift in Frameworks */,
				2C266FE22A0C2B7A0016C1C5 /* FirebaseAuth in Frameworks */,
			);
			runOnlyForDeploymentPostprocessing = 0;
		};
/* End PBXFrameworksBuildPhase section */

/* Begin PBXGroup section */
		2C0255232A0EA1CB00CB1808 /* Models */ = {
			isa = PBXGroup;
			children = (
				2C0255242A0EA1E600CB1808 /* GameInvite.swift */,
				2C0255262A0EA1EF00CB1808 /* PlayerMatch.swift */,
			);
			path = Models;
			sourceTree = "<group>";
		};
		2C7E80C729FC3B3900114943 /* View Models */ = {
			isa = PBXGroup;
			children = (
				2CB6D3B929F731E100605255 /* ViewEffect.swift */,
				2CD3027B2A099834009DFCC2 /* Highlight.swift */,
				2C27AFD82A115B77003C959D /* Trace.swift */,
				2C7E80C929FC3BAA00114943 /* SquareColor.swift */,
			);
			path = "View Models";
			sourceTree = "<group>";
		};
		2C7E80C829FC3B7900114943 /* Shared Models */ = {
			isa = PBXGroup;
			children = (
				2CB6D3BB29F7320800605255 /* Location.swift */,
				2C7E80D129FC6AA400114943 /* AvailableMoveKind.swift */,
				2CB6D3AF29F730E500605255 /* Color.swift */,
				2C7E80CF29FC60CA00114943 /* FenRepresentable.swift */,
			);
			path = "Shared Models";
			sourceTree = "<group>";
		};
		2CB6D3AC29F730A300605255 /* Game Models */ = {
			isa = PBXGroup;
			children = (
				2C7E80CD29FC54B300114943 /* Config.swift */,
				2C7E80C329FC372C00114943 /* Board.swift */,
				2C7E80CB29FC3F3900114943 /* Square.swift */,
				2CB6D3AD29F730B200605255 /* Item.swift */,
				2CB6D3B129F730F600605255 /* Mon.swift */,
				2CB6D3B329F7310800605255 /* Mana.swift */,
				2CB6D3B529F7311500605255 /* Consumable.swift */,
			);
			path = "Game Models";
			sourceTree = "<group>";
		};
		2CC39E7329CA48B200EDF779 = {
			isa = PBXGroup;
			children = (
				2CC39E7E29CA48B200EDF779 /* super-metal-mons */,
				2CC39E7D29CA48B200EDF779 /* Products */,
			);
			sourceTree = "<group>";
		};
		2CC39E7D29CA48B200EDF779 /* Products */ = {
			isa = PBXGroup;
			children = (
				2CC39E7C29CA48B200EDF779 /* mons.app */,
			);
			name = Products;
			sourceTree = "<group>";
		};
		2CC39E7E29CA48B200EDF779 /* super-metal-mons */ = {
			isa = PBXGroup;
			children = (
				2CC39E8529CA48B200EDF779 /* Main.storyboard */,
				2CC4FBE629F6C7D300A90CDD /* App */,
				2CC4FBE729F6C7E700A90CDD /* Screens */,
				2CC4FBE429F6C77F00A90CDD /* Game */,
				2CC770BD29FA9CCE00A59BEF /* Views */,
				2CC4FBE529F6C7B900A90CDD /* Services */,
				2CC4FBE329F6C72E00A90CDD /* Utilities */,
				2CC4FBDE29F6B5AB00A90CDD /* Extensions */,
				2CC4FBDB29F69CCF00A90CDD /* Media */,
				2CC4FBE829F6C7F600A90CDD /* Supporting Files */,
			);
			path = "super-metal-mons";
			sourceTree = "<group>";
		};
		2CC4FBDB29F69CCF00A90CDD /* Media */ = {
			isa = PBXGroup;
			children = (
				2C53FC5B29CD280300F49668 /* Audio.swift */,
				2CFA88902B02434600F99723 /* Reaction.swift */,
				2CB6D3AA29F70FBF00605255 /* BoardStyle.swift */,
				2CB7462529F18DC700ACC855 /* Images.swift */,
				2C38121D2B0620AD000FDE18 /* Haptic.swift */,
				2CC4E21729E9B047002F3AC9 /* Colors.swift */,
				2CAF14E429EB39CB0036C942 /* Strings.swift */,
				2C266FCE2A0AF6B00016C1C5 /* Sound.swift */,
				2CB656F62AFD0DD200000760 /* Music.swift */,
				2CE420972B01649A00100BED /* Reactions */,
				2CEB9AD72A34C03E00B3CD54 /* Music */,
				2CDB1AD429EEF48E00C51230 /* Sounds */,
				2C09E3D929F6D2550082B774 /* Game.xcassets */,
				2CC4E21529E9AFE0002F3AC9 /* Colors.xcassets */,
				2C7AE8B729F294A50052F455 /* Emojis.xcassets */,
				2C266FE72A0D5BBA0016C1C5 /* Mons.xcassets */,
				2CC39E8829CA48B300EDF779 /* App.xcassets */,
			);
			path = Media;
			sourceTree = "<group>";
		};
		2CC4FBDE29F6B5AB00A90CDD /* Extensions */ = {
			isa = PBXGroup;
			children = (
				2CC4FBD829F69A3300A90CDD /* Notification.swift */,
				2CDB1AD229ED87E600C51230 /* CGFloat.swift */,
				2C0255282A0EA27700CB1808 /* Codable.swift */,
				2CFC6E4E29F9BE6100EF34FA /* UIView.swift */,
				2CC4FBDF29F6C69200A90CDD /* String.swift */,
				2CC4FBE129F6C69900A90CDD /* URL.swift */,
			);
			path = Extensions;
			sourceTree = "<group>";
		};
		2CC4FBE329F6C72E00A90CDD /* Utilities */ = {
			isa = PBXGroup;
			children = (
				2CC4E21D29E9F932002F3AC9 /* Storyboard.swift */,
				2CDB1AD029ED87C900C51230 /* SeparatorView.swift */,
				2C7AE8BC29F448170052F455 /* ButtonWithExtendedArea.swift */,
				2C27AFD62A113DE8003C959D /* AnimationKey.swift */,
			);
			path = Utilities;
			sourceTree = "<group>";
		};
		2CC4FBE429F6C77F00A90CDD /* Game */ = {
			isa = PBXGroup;
			children = (
				2C09E3D729F6D0630082B774 /* GameController.swift */,
				2CCF87222A42EAFE0060410C /* Computer.swift */,
				2C261C5C2A4366DB0014F9AC /* Scoring.swift */,
				2C02552A2A0EA71A00CB1808 /* Connection.swift */,
				2C01C6A029CAF4D500A25465 /* MonsGame.swift */,
				2C0255232A0EA1CB00CB1808 /* Models */,
				2C7E80C729FC3B3900114943 /* View Models */,
				2CB6D3AC29F730A300605255 /* Game Models */,
				2C7E80C829FC3B7900114943 /* Shared Models */,
			);
			path = Game;
			sourceTree = "<group>";
		};
		2CC4FBE529F6C7B900A90CDD /* Services */ = {
			isa = PBXGroup;
			children = (
				2C266FDE2A0C26930016C1C5 /* Firebase.swift */,
				2CB7462329F12BA100ACC855 /* Defaults.swift */,
			);
			path = Services;
			sourceTree = "<group>";
		};
		2CC4FBE629F6C7D300A90CDD /* App */ = {
			isa = PBXGroup;
			children = (
				2CC39E7F29CA48B200EDF779 /* AppDelegate.swift */,
				2CC39E8129CA48B200EDF779 /* SceneDelegate.swift */,
			);
			path = App;
			sourceTree = "<group>";
		};
		2CC4FBE729F6C7E700A90CDD /* Screens */ = {
			isa = PBXGroup;
			children = (
				2CC4E21B29E9E60D002F3AC9 /* MainMenuViewController.swift */,
				2CC157252A351C7B009C2BF1 /* MusicViewController.swift */,
				2CC39E8329CA48B200EDF779 /* GameViewController.swift */,
			);
			path = Screens;
			sourceTree = "<group>";
		};
		2CC4FBE829F6C7F600A90CDD /* Supporting Files */ = {
			isa = PBXGroup;
			children = (
				2CC39E8A29CA48B300EDF779 /* LaunchScreen.storyboard */,
				2C3812252B065F2B000FDE18 /* GoogleService-Info.plist */,
				2CC39E8D29CA48B300EDF779 /* Info.plist */,
				2C3812212B064CAC000FDE18 /* README.md */,
				2CC39E9329CA4EDF00EDF779 /* super-metal-mons.entitlements */,
			);
			path = "Supporting Files";
			sourceTree = "<group>";
		};
		2CC770BD29FA9CCE00A59BEF /* Views */ = {
			isa = PBXGroup;
			children = (
				2CC770BE29FA9CEE00A59BEF /* BoardView.swift */,
				2C27AFDC2A11949D003C959D /* BoardItemView.swift */,
				2C27AFDE2A12DEBB003C959D /* WaveView.swift */,
				2CD302712A092905009DFCC2 /* SparklingView.swift */,
				2CD302792A099124009DFCC2 /* CircleCutoutView.swift */,
				2CC770C029FA9D0500A59BEF /* BoardSquareView.swift */,
				2C43876F2A1B60C2003CFEA1 /* PixelBoardSquareView.swift */,
				2CD3026F2A0883D3009DFCC2 /* CircleView.swift */,
			);
			path = Views;
			sourceTree = "<group>";
		};
		2CDB1AD429EEF48E00C51230 /* Sounds */ = {
			isa = PBXGroup;
			children = (
				2CDB1AD529EEF48E00C51230 /* pickupBomb.wav */,
				2CDB1AD629EEF48E00C51230 /* demonAbility.wav */,
				2C266FD52A0B024E0016C1C5 /* choosePickup.wav */,
				2C266FD42A0B024E0016C1C5 /* defeat.wav */,
				2C266FD22A0B024E0016C1C5 /* pickupPotion.wav */,
				2C02552C2A0ECB6400CB1808 /* didConnect.wav */,
				2C266FD32A0B024E0016C1C5 /* victory.wav */,
				2CD302752A097286009DFCC2 /* click.wav */,
				2CDB1AD729EEF48E00C51230 /* bomb.wav */,
				2CDB1AD929EEF48E00C51230 /* manaPickUp.wav */,
				2CDB1ADA29EEF48E00C51230 /* spiritAbility.wav */,
				2C266FD02A0B00280016C1C5 /* endTurn.wav */,
				2CDB1ADB29EEF48E00C51230 /* scoreSupermana.wav */,
				2CDB1ADE29EEF48E00C51230 /* move.wav */,
				2CDB1ADF29EEF48E00C51230 /* scoreMana.wav */,
				2CDB1AE029EEF48E00C51230 /* mysticAbility.wav */,
			);
			path = Sounds;
			sourceTree = "<group>";
		};
		2CE420972B01649A00100BED /* Reactions */ = {
			isa = PBXGroup;
			children = (
				2CFA88972B029F5800F99723 /* gg1.wav */,
				2CFA88952B029F5800F99723 /* gg2.wav */,
				2CFA88982B029F5800F99723 /* slurp1.wav */,
				2CFA88932B029F5800F99723 /* wahoo1.wav */,
				2CFA88962B029F5800F99723 /* yo1.wav */,
				2CFA88942B029F5800F99723 /* yo2.wav */,
				2C22C8452B05073100E558C5 /* drop1.wav */,
				2CFA88922B029F5800F99723 /* yo3.wav */,
				2CFA889A2B029F5800F99723 /* yo4.wav */,
			);
			path = Reactions;
			sourceTree = "<group>";
		};
		2CEB9AD72A34C03E00B3CD54 /* Music */ = {
			isa = PBXGroup;
			children = (
				2CEB9AF02A34C05300B3CD54 /* cloud propeller.aac */,
				2CEB9AE42A34C05200B3CD54 /* bell glide.aac */,
				2CEB9AE32A34C05200B3CD54 /* bell dance.aac */,
				2CEB9ADF2A34C05100B3CD54 /* organwhawha.aac */,
				2CEB9ADE2A34C05100B3CD54 /* chimes photography_going home.aac */,
				2CEB9AD82A34C05100B3CD54 /* ping.aac */,
				2CEB9AF12A34C05300B3CD54 /* clock tower.aac */,
				2CEB9AE62A34C05200B3CD54 /* cloud propeller 2.aac */,
				2CEB9AEE2A34C05300B3CD54 /* jelly jam.aac */,
				2CEB9AF32A34C05300B3CD54 /* bubble jam.aac */,
				2CEB9AF22A34C05300B3CD54 /* spirit track.aac */,
				2CEB9ADA2A34C05100B3CD54 /* bounce.aac */,
				2CEB9AE72A34C05200B3CD54 /* gilded.aac */,
				2CEB9AE12A34C05200B3CD54 /* mana pool.aac */,
				2CEB9AF42A34C05300B3CD54 /* honkshoooo memememeee zzzZZZ.aac */,
				2CEB9AE52A34C05200B3CD54 /* arploop.aac */,
				2CEB9ADC2A34C05100B3CD54 /* whale2.aac */,
				2CEB9AEB2A34C05200B3CD54 /* gustofwind.aac */,
				2CEB9AE22A34C05200B3CD54 /* ewejam.aac */,
				2CEB9AEA2A34C05200B3CD54 /* change.aac */,
				2CEB9ADB2A34C05100B3CD54 /* melodine.aac */,
				2CEB9AE92A34C05200B3CD54 /* driver.aac */,
				2CEB9AED2A34C05300B3CD54 /* object.aac */,
				2CEB9AEF2A34C05300B3CD54 /* runner.aac */,
				2CEB9AEC2A34C05300B3CD54 /* band.aac */,
				2CEB9ADD2A34C05100B3CD54 /* crumbs.aac */,
				2CEB9AE02A34C05100B3CD54 /* buzz.aac */,
				2CEB9AD92A34C05100B3CD54 /* drreams.aac */,
				2CEB9AE82A34C05200B3CD54 /* super.aac */,
			);
			path = Music;
			sourceTree = "<group>";
		};
/* End PBXGroup section */

/* Begin PBXNativeTarget section */
		2CC39E7B29CA48B200EDF779 /* super-metal-mons */ = {
			isa = PBXNativeTarget;
			buildConfigurationList = 2CC39E9029CA48B300EDF779 /* Build configuration list for PBXNativeTarget "super-metal-mons" */;
			buildPhases = (
				2CC39E7829CA48B200EDF779 /* Sources */,
				2CC39E7929CA48B200EDF779 /* Frameworks */,
				2CC39E7A29CA48B200EDF779 /* Resources */,
			);
			buildRules = (
			);
			dependencies = (
			);
			name = "super-metal-mons";
			packageProductDependencies = (
				2C266FE12A0C2B7A0016C1C5 /* FirebaseAuth */,
				2C266FE32A0C2B7A0016C1C5 /* FirebaseDatabaseSwift */,
			);
			productName = "super-metal-mons";
			productReference = 2CC39E7C29CA48B200EDF779 /* mons.app */;
			productType = "com.apple.product-type.application";
		};
/* End PBXNativeTarget section */

/* Begin PBXProject section */
		2CC39E7429CA48B200EDF779 /* Project object */ = {
			isa = PBXProject;
			attributes = {
				BuildIndependentTargetsInParallel = 1;
				LastSwiftUpdateCheck = 1420;
				LastUpgradeCheck = 1500;
				TargetAttributes = {
					2CC39E7B29CA48B200EDF779 = {
						CreatedOnToolsVersion = 14.2;
					};
				};
			};
			buildConfigurationList = 2CC39E7729CA48B200EDF779 /* Build configuration list for PBXProject "super-metal-mons" */;
			compatibilityVersion = "Xcode 14.0";
			developmentRegion = en;
			hasScannedForEncodings = 0;
			knownRegions = (
				en,
				Base,
			);
			mainGroup = 2CC39E7329CA48B200EDF779;
			packageReferences = (
				2C266FE02A0C2B7A0016C1C5 /* XCRemoteSwiftPackageReference "firebase-ios-sdk" */,
			);
			productRefGroup = 2CC39E7D29CA48B200EDF779 /* Products */;
			projectDirPath = "";
			projectRoot = "";
			targets = (
				2CC39E7B29CA48B200EDF779 /* super-metal-mons */,
			);
		};
/* End PBXProject section */

/* Begin PBXResourcesBuildPhase section */
		2CC39E7A29CA48B200EDF779 /* Resources */ = {
			isa = PBXResourcesBuildPhase;
			buildActionMask = 2147483647;
			files = (
				2CEB9B0D2A34C05300B3CD54 /* cloud propeller.aac in Resources */,
				2CDB1AE429EEF48E00C51230 /* demonAbility.wav in Resources */,
				2CC4E21629E9AFE0002F3AC9 /* Colors.xcassets in Resources */,
				2C09E3DA29F6D2550082B774 /* Game.xcassets in Resources */,
				2C266FD82A0B024E0016C1C5 /* defeat.wav in Resources */,
				2CEB9B062A34C05300B3CD54 /* driver.aac in Resources */,
				2CEB9B012A34C05300B3CD54 /* bell glide.aac in Resources */,
				2CEB9AFB2A34C05300B3CD54 /* chimes photography_going home.aac in Resources */,
				2CEB9B022A34C05300B3CD54 /* arploop.aac in Resources */,
				2CEB9B102A34C05300B3CD54 /* bubble jam.aac in Resources */,
				2CEB9B0C2A34C05300B3CD54 /* runner.aac in Resources */,
				2CEB9AFC2A34C05300B3CD54 /* organwhawha.aac in Resources */,
				2C266FD72A0B024E0016C1C5 /* victory.wav in Resources */,
				2CEB9B112A34C05300B3CD54 /* honkshoooo memememeee zzzZZZ.aac in Resources */,
				2CEB9B0F2A34C05300B3CD54 /* spirit track.aac in Resources */,
				2C02552D2A0ECB6400CB1808 /* didConnect.wav in Resources */,
				2CDB1AED29EEF48E00C51230 /* scoreMana.wav in Resources */,
				2CC39E8C29CA48B300EDF779 /* LaunchScreen.storyboard in Resources */,
				2C7AE8B829F294A50052F455 /* Emojis.xcassets in Resources */,
				2CD302762A097286009DFCC2 /* click.wav in Resources */,
				2C3812272B065F71000FDE18 /* GoogleService-Info.plist in Resources */,
				2CDB1AE929EEF48E00C51230 /* scoreSupermana.wav in Resources */,
				2CDB1AEC29EEF48E00C51230 /* move.wav in Resources */,
				2CFA889D2B029F5800F99723 /* yo2.wav in Resources */,
				2CEB9B032A34C05300B3CD54 /* cloud propeller 2.aac in Resources */,
				2C3812222B064CAC000FDE18 /* README.md in Resources */,
				2CEB9AFF2A34C05300B3CD54 /* ewejam.aac in Resources */,
				2C22C8462B05073100E558C5 /* drop1.wav in Resources */,
				2CEB9AF62A34C05300B3CD54 /* drreams.aac in Resources */,
				2CEB9B092A34C05300B3CD54 /* band.aac in Resources */,
				2CFA88A12B029F5800F99723 /* slurp1.wav in Resources */,
				2CEB9B002A34C05300B3CD54 /* bell dance.aac in Resources */,
				2C266FD62A0B024E0016C1C5 /* pickupPotion.wav in Resources */,
				2CEB9AFE2A34C05300B3CD54 /* mana pool.aac in Resources */,
				2CEB9B042A34C05300B3CD54 /* gilded.aac in Resources */,
				2CEB9AFA2A34C05300B3CD54 /* crumbs.aac in Resources */,
				2CFA889B2B029F5800F99723 /* yo3.wav in Resources */,
				2CFA88A32B029F5800F99723 /* yo4.wav in Resources */,
				2C266FE82A0D5BBA0016C1C5 /* Mons.xcassets in Resources */,
				2CDB1AE529EEF48E00C51230 /* bomb.wav in Resources */,
				2CEB9AF52A34C05300B3CD54 /* ping.aac in Resources */,
				2CEB9AF92A34C05300B3CD54 /* whale2.aac in Resources */,
				2CFA889F2B029F5800F99723 /* yo1.wav in Resources */,
				2CDB1AE329EEF48E00C51230 /* pickupBomb.wav in Resources */,
				2CEB9AFD2A34C05300B3CD54 /* buzz.aac in Resources */,
				2CEB9B052A34C05300B3CD54 /* super.aac in Resources */,
				2C266FD92A0B024E0016C1C5 /* choosePickup.wav in Resources */,
				2CDB1AE829EEF48E00C51230 /* spiritAbility.wav in Resources */,
				2CC39E8929CA48B300EDF779 /* App.xcassets in Resources */,
				2CEB9B0A2A34C05300B3CD54 /* object.aac in Resources */,
				2CFA88A02B029F5800F99723 /* gg1.wav in Resources */,
				2CEB9AF72A34C05300B3CD54 /* bounce.aac in Resources */,
				2CEB9B082A34C05300B3CD54 /* gustofwind.aac in Resources */,
				2CEB9B0E2A34C05300B3CD54 /* clock tower.aac in Resources */,
				2CEB9AF82A34C05300B3CD54 /* melodine.aac in Resources */,
				2CFA889E2B029F5800F99723 /* gg2.wav in Resources */,
				2CC39E8729CA48B200EDF779 /* Main.storyboard in Resources */,
				2CEB9B0B2A34C05300B3CD54 /* jelly jam.aac in Resources */,
				2CEB9B072A34C05300B3CD54 /* change.aac in Resources */,
				2CDB1AE729EEF48E00C51230 /* manaPickUp.wav in Resources */,
				2CDB1AEE29EEF48E00C51230 /* mysticAbility.wav in Resources */,
				2C266FD12A0B00280016C1C5 /* endTurn.wav in Resources */,
				2CFA889C2B029F5800F99723 /* wahoo1.wav in Resources */,
			);
			runOnlyForDeploymentPostprocessing = 0;
		};
/* End PBXResourcesBuildPhase section */

/* Begin PBXSourcesBuildPhase section */
		2CC39E7829CA48B200EDF779 /* Sources */ = {
			isa = PBXSourcesBuildPhase;
			buildActionMask = 2147483647;
			files = (
				2C266FDF2A0C26930016C1C5 /* Firebase.swift in Sources */,
				2CB6D3AE29F730B200605255 /* Item.swift in Sources */,
				2C7E80D029FC60CA00114943 /* FenRepresentable.swift in Sources */,
				2C266FCF2A0AF6B00016C1C5 /* Sound.swift in Sources */,
				2CC4FBE029F6C69200A90CDD /* String.swift in Sources */,
				2C27AFD92A115B77003C959D /* Trace.swift in Sources */,
				2C0255272A0EA1EF00CB1808 /* PlayerMatch.swift in Sources */,
				2C0255292A0EA27700CB1808 /* Codable.swift in Sources */,
				2CB6D3B029F730E500605255 /* Color.swift in Sources */,
				2CC4E21C29E9E60D002F3AC9 /* MainMenuViewController.swift in Sources */,
				2CC770C129FA9D0500A59BEF /* BoardSquareView.swift in Sources */,
				2C0255252A0EA1E600CB1808 /* GameInvite.swift in Sources */,
				2C7E80CC29FC3F3900114943 /* Square.swift in Sources */,
				2CB6D3B429F7310800605255 /* Mana.swift in Sources */,
				2CB7462429F12BA100ACC855 /* Defaults.swift in Sources */,
				2CB6D3BC29F7320800605255 /* Location.swift in Sources */,
				2CFA88912B02434600F99723 /* Reaction.swift in Sources */,
				2CC4FBD929F69A3300A90CDD /* Notification.swift in Sources */,
				2CB6D3B229F730F600605255 /* Mon.swift in Sources */,
				2CB6D3AB29F70FBF00605255 /* BoardStyle.swift in Sources */,
				2CFC6E4F29F9BE6100EF34FA /* UIView.swift in Sources */,
				2CAF14E529EB39CB0036C942 /* Strings.swift in Sources */,
				2C01C6A629CB4AB700A25465 /* MonsGame.swift in Sources */,
				2C4387702A1B60C2003CFEA1 /* PixelBoardSquareView.swift in Sources */,
				2C27AFDF2A12DEBB003C959D /* WaveView.swift in Sources */,
				2C7E80CA29FC3BAA00114943 /* SquareColor.swift in Sources */,
				2CB6D3BA29F731E100605255 /* ViewEffect.swift in Sources */,
				2CC4E21829E9B047002F3AC9 /* Colors.swift in Sources */,
				2CC39E8429CA48B200EDF779 /* GameViewController.swift in Sources */,
				2CD3027A2A099124009DFCC2 /* CircleCutoutView.swift in Sources */,
				2CB6D3B629F7311500605255 /* Consumable.swift in Sources */,
				2CC39E8029CA48B200EDF779 /* AppDelegate.swift in Sources */,
				2C7AE8BD29F448170052F455 /* ButtonWithExtendedArea.swift in Sources */,
				2C27AFDD2A11949D003C959D /* BoardItemView.swift in Sources */,
				2CC770BF29FA9CEE00A59BEF /* BoardView.swift in Sources */,
				2CB7462629F18DC700ACC855 /* Images.swift in Sources */,
				2CD3027C2A099834009DFCC2 /* Highlight.swift in Sources */,
				2CDB1AD129ED87C900C51230 /* SeparatorView.swift in Sources */,
				2C09E3D829F6D0630082B774 /* GameController.swift in Sources */,
				2CC4E21E29E9F932002F3AC9 /* Storyboard.swift in Sources */,
				2CD302702A0883D3009DFCC2 /* CircleView.swift in Sources */,
				2CCF87232A42EAFE0060410C /* Computer.swift in Sources */,
				2CB656F72AFD0DD200000760 /* Music.swift in Sources */,
				2C7E80CE29FC54B300114943 /* Config.swift in Sources */,
				2C02552B2A0EA71A00CB1808 /* Connection.swift in Sources */,
				2C7E80C429FC372C00114943 /* Board.swift in Sources */,
				2CD302722A092905009DFCC2 /* SparklingView.swift in Sources */,
				2C261C5D2A4366DB0014F9AC /* Scoring.swift in Sources */,
				2C38121E2B0620AD000FDE18 /* Haptic.swift in Sources */,
				2CC4FBE229F6C69900A90CDD /* URL.swift in Sources */,
				2CDB1AD329ED87E600C51230 /* CGFloat.swift in Sources */,
				2CC157262A351C7B009C2BF1 /* MusicViewController.swift in Sources */,
				2C7E80D229FC6AA400114943 /* AvailableMoveKind.swift in Sources */,
				2CC39E8229CA48B200EDF779 /* SceneDelegate.swift in Sources */,
				2C27AFD72A113DE8003C959D /* AnimationKey.swift in Sources */,
				2C53FC5C29CD280300F49668 /* Audio.swift in Sources */,
			);
			runOnlyForDeploymentPostprocessing = 0;
		};
/* End PBXSourcesBuildPhase section */

/* Begin PBXVariantGroup section */
		2CC39E8529CA48B200EDF779 /* Main.storyboard */ = {
			isa = PBXVariantGroup;
			children = (
				2CC39E8629CA48B200EDF779 /* Base */,
			);
			name = Main.storyboard;
			sourceTree = "<group>";
		};
		2CC39E8A29CA48B300EDF779 /* LaunchScreen.storyboard */ = {
			isa = PBXVariantGroup;
			children = (
				2CC39E8B29CA48B300EDF779 /* Base */,
			);
			name = LaunchScreen.storyboard;
			sourceTree = "<group>";
		};
/* End PBXVariantGroup section */

/* Begin XCBuildConfiguration section */
		2CC39E8E29CA48B300EDF779 /* Debug */ = {
			isa = XCBuildConfiguration;
			buildSettings = {
				ALWAYS_SEARCH_USER_PATHS = NO;
				CLANG_ANALYZER_NONNULL = YES;
				CLANG_ANALYZER_NUMBER_OBJECT_CONVERSION = YES_AGGRESSIVE;
				CLANG_CXX_LANGUAGE_STANDARD = "gnu++20";
				CLANG_ENABLE_MODULES = YES;
				CLANG_ENABLE_OBJC_ARC = YES;
				CLANG_ENABLE_OBJC_WEAK = YES;
				CLANG_WARN_BLOCK_CAPTURE_AUTORELEASING = YES;
				CLANG_WARN_BOOL_CONVERSION = YES;
				CLANG_WARN_COMMA = YES;
				CLANG_WARN_CONSTANT_CONVERSION = YES;
				CLANG_WARN_DEPRECATED_OBJC_IMPLEMENTATIONS = YES;
				CLANG_WARN_DIRECT_OBJC_ISA_USAGE = YES_ERROR;
				CLANG_WARN_DOCUMENTATION_COMMENTS = YES;
				CLANG_WARN_EMPTY_BODY = YES;
				CLANG_WARN_ENUM_CONVERSION = YES;
				CLANG_WARN_INFINITE_RECURSION = YES;
				CLANG_WARN_INT_CONVERSION = YES;
				CLANG_WARN_NON_LITERAL_NULL_CONVERSION = YES;
				CLANG_WARN_OBJC_IMPLICIT_RETAIN_SELF = YES;
				CLANG_WARN_OBJC_LITERAL_CONVERSION = YES;
				CLANG_WARN_OBJC_ROOT_CLASS = YES_ERROR;
				CLANG_WARN_QUOTED_INCLUDE_IN_FRAMEWORK_HEADER = YES;
				CLANG_WARN_RANGE_LOOP_ANALYSIS = YES;
				CLANG_WARN_STRICT_PROTOTYPES = YES;
				CLANG_WARN_SUSPICIOUS_MOVE = YES;
				CLANG_WARN_UNGUARDED_AVAILABILITY = YES_AGGRESSIVE;
				CLANG_WARN_UNREACHABLE_CODE = YES;
				CLANG_WARN__DUPLICATE_METHOD_MATCH = YES;
				COPY_PHASE_STRIP = NO;
				DEBUG_INFORMATION_FORMAT = dwarf;
				ENABLE_STRICT_OBJC_MSGSEND = YES;
				ENABLE_TESTABILITY = YES;
				ENABLE_USER_SCRIPT_SANDBOXING = YES;
				GCC_C_LANGUAGE_STANDARD = gnu11;
				GCC_DYNAMIC_NO_PIC = NO;
				GCC_NO_COMMON_BLOCKS = YES;
				GCC_OPTIMIZATION_LEVEL = 0;
				GCC_PREPROCESSOR_DEFINITIONS = (
					"DEBUG=1",
					"$(inherited)",
				);
				GCC_WARN_64_TO_32_BIT_CONVERSION = YES;
				GCC_WARN_ABOUT_RETURN_TYPE = YES_ERROR;
				GCC_WARN_UNDECLARED_SELECTOR = YES;
				GCC_WARN_UNINITIALIZED_AUTOS = YES_AGGRESSIVE;
				GCC_WARN_UNUSED_FUNCTION = YES;
				GCC_WARN_UNUSED_VARIABLE = YES;
				IPHONEOS_DEPLOYMENT_TARGET = 15.0;
				MTL_ENABLE_DEBUG_INFO = INCLUDE_SOURCE;
				MTL_FAST_MATH = YES;
				ONLY_ACTIVE_ARCH = YES;
				SDKROOT = iphoneos;
				SWIFT_ACTIVE_COMPILATION_CONDITIONS = DEBUG;
				SWIFT_OPTIMIZATION_LEVEL = "-Onone";
			};
			name = Debug;
		};
		2CC39E8F29CA48B300EDF779 /* Release */ = {
			isa = XCBuildConfiguration;
			buildSettings = {
				ALWAYS_SEARCH_USER_PATHS = NO;
				CLANG_ANALYZER_NONNULL = YES;
				CLANG_ANALYZER_NUMBER_OBJECT_CONVERSION = YES_AGGRESSIVE;
				CLANG_CXX_LANGUAGE_STANDARD = "gnu++20";
				CLANG_ENABLE_MODULES = YES;
				CLANG_ENABLE_OBJC_ARC = YES;
				CLANG_ENABLE_OBJC_WEAK = YES;
				CLANG_WARN_BLOCK_CAPTURE_AUTORELEASING = YES;
				CLANG_WARN_BOOL_CONVERSION = YES;
				CLANG_WARN_COMMA = YES;
				CLANG_WARN_CONSTANT_CONVERSION = YES;
				CLANG_WARN_DEPRECATED_OBJC_IMPLEMENTATIONS = YES;
				CLANG_WARN_DIRECT_OBJC_ISA_USAGE = YES_ERROR;
				CLANG_WARN_DOCUMENTATION_COMMENTS = YES;
				CLANG_WARN_EMPTY_BODY = YES;
				CLANG_WARN_ENUM_CONVERSION = YES;
				CLANG_WARN_INFINITE_RECURSION = YES;
				CLANG_WARN_INT_CONVERSION = YES;
				CLANG_WARN_NON_LITERAL_NULL_CONVERSION = YES;
				CLANG_WARN_OBJC_IMPLICIT_RETAIN_SELF = YES;
				CLANG_WARN_OBJC_LITERAL_CONVERSION = YES;
				CLANG_WARN_OBJC_ROOT_CLASS = YES_ERROR;
				CLANG_WARN_QUOTED_INCLUDE_IN_FRAMEWORK_HEADER = YES;
				CLANG_WARN_RANGE_LOOP_ANALYSIS = YES;
				CLANG_WARN_STRICT_PROTOTYPES = YES;
				CLANG_WARN_SUSPICIOUS_MOVE = YES;
				CLANG_WARN_UNGUARDED_AVAILABILITY = YES_AGGRESSIVE;
				CLANG_WARN_UNREACHABLE_CODE = YES;
				CLANG_WARN__DUPLICATE_METHOD_MATCH = YES;
				COPY_PHASE_STRIP = NO;
				DEBUG_INFORMATION_FORMAT = "dwarf-with-dsym";
				ENABLE_NS_ASSERTIONS = NO;
				ENABLE_STRICT_OBJC_MSGSEND = YES;
				ENABLE_USER_SCRIPT_SANDBOXING = YES;
				GCC_C_LANGUAGE_STANDARD = gnu11;
				GCC_NO_COMMON_BLOCKS = YES;
				GCC_WARN_64_TO_32_BIT_CONVERSION = YES;
				GCC_WARN_ABOUT_RETURN_TYPE = YES_ERROR;
				GCC_WARN_UNDECLARED_SELECTOR = YES;
				GCC_WARN_UNINITIALIZED_AUTOS = YES_AGGRESSIVE;
				GCC_WARN_UNUSED_FUNCTION = YES;
				GCC_WARN_UNUSED_VARIABLE = YES;
				IPHONEOS_DEPLOYMENT_TARGET = 15.0;
				MTL_ENABLE_DEBUG_INFO = NO;
				MTL_FAST_MATH = YES;
				SDKROOT = iphoneos;
				SWIFT_COMPILATION_MODE = wholemodule;
				SWIFT_OPTIMIZATION_LEVEL = "-O";
				VALIDATE_PRODUCT = YES;
			};
			name = Release;
		};
		2CC39E9129CA48B300EDF779 /* Debug */ = {
			isa = XCBuildConfiguration;
			buildSettings = {
				ASSETCATALOG_COMPILER_APPICON_NAME = AppIcon;
				ASSETCATALOG_COMPILER_GLOBAL_ACCENT_COLOR_NAME = AccentColor;
				CODE_SIGN_ENTITLEMENTS = "super-metal-mons/Supporting Files/super-metal-mons.entitlements";
				CODE_SIGN_IDENTITY = "Apple Development";
				CODE_SIGN_STYLE = Automatic;
				CURRENT_PROJECT_VERSION = 1;
				DEVELOPMENT_TEAM = 8DXC3N7E7P;
				GENERATE_INFOPLIST_FILE = YES;
				INFOPLIST_FILE = "super-metal-mons/Supporting Files/Info.plist";
				INFOPLIST_KEY_CFBundleDisplayName = mons;
				INFOPLIST_KEY_LSApplicationCategoryType = "public.app-category.board-games";
				INFOPLIST_KEY_UIApplicationSupportsIndirectInputEvents = YES;
				INFOPLIST_KEY_UILaunchStoryboardName = LaunchScreen;
				INFOPLIST_KEY_UIMainStoryboardFile = Main;
				INFOPLIST_KEY_UIRequiresFullScreen = NO;
				INFOPLIST_KEY_UISupportedInterfaceOrientations = UIInterfaceOrientationPortrait;
				INFOPLIST_KEY_UISupportedInterfaceOrientations_iPad = "UIInterfaceOrientationLandscapeLeft UIInterfaceOrientationLandscapeRight UIInterfaceOrientationPortrait UIInterfaceOrientationPortraitUpsideDown";
				IPHONEOS_DEPLOYMENT_TARGET = 15.0;
				LD_RUNPATH_SEARCH_PATHS = (
					"$(inherited)",
					"@executable_path/Frameworks",
				);
				MARKETING_VERSION = 1.0;
				PRODUCT_BUNDLE_IDENTIFIER = "lol.ivan.super-metal-mons";
				PRODUCT_NAME = mons;
				PROVISIONING_PROFILE_SPECIFIER = "";
				SUPPORTED_PLATFORMS = "iphoneos iphonesimulator";
				SUPPORTS_MACCATALYST = YES;
				SUPPORTS_MAC_DESIGNED_FOR_IPHONE_IPAD = NO;
				SWIFT_EMIT_LOC_STRINGS = YES;
				SWIFT_VERSION = 5.0;
				TARGETED_DEVICE_FAMILY = "1,2";
			};
			name = Debug;
		};
		2CC39E9229CA48B300EDF779 /* Release */ = {
			isa = XCBuildConfiguration;
			buildSettings = {
				ASSETCATALOG_COMPILER_APPICON_NAME = AppIcon;
				ASSETCATALOG_COMPILER_GLOBAL_ACCENT_COLOR_NAME = AccentColor;
				CODE_SIGN_ENTITLEMENTS = "super-metal-mons/Supporting Files/super-metal-mons.entitlements";
				CODE_SIGN_IDENTITY = "Apple Development";
				CODE_SIGN_STYLE = Automatic;
				CURRENT_PROJECT_VERSION = 1;
				DEVELOPMENT_TEAM = 8DXC3N7E7P;
				GENERATE_INFOPLIST_FILE = YES;
				INFOPLIST_FILE = "super-metal-mons/Supporting Files/Info.plist";
				INFOPLIST_KEY_CFBundleDisplayName = mons;
				INFOPLIST_KEY_LSApplicationCategoryType = "public.app-category.board-games";
				INFOPLIST_KEY_UIApplicationSupportsIndirectInputEvents = YES;
				INFOPLIST_KEY_UILaunchStoryboardName = LaunchScreen;
				INFOPLIST_KEY_UIMainStoryboardFile = Main;
				INFOPLIST_KEY_UIRequiresFullScreen = NO;
				INFOPLIST_KEY_UISupportedInterfaceOrientations = UIInterfaceOrientationPortrait;
				INFOPLIST_KEY_UISupportedInterfaceOrientations_iPad = "UIInterfaceOrientationLandscapeLeft UIInterfaceOrientationLandscapeRight UIInterfaceOrientationPortrait UIInterfaceOrientationPortraitUpsideDown";
				IPHONEOS_DEPLOYMENT_TARGET = 15.0;
				LD_RUNPATH_SEARCH_PATHS = (
					"$(inherited)",
					"@executable_path/Frameworks",
				);
				MARKETING_VERSION = 1.0;
				PRODUCT_BUNDLE_IDENTIFIER = "lol.ivan.super-metal-mons";
				PRODUCT_NAME = mons;
				PROVISIONING_PROFILE_SPECIFIER = "";
				SUPPORTED_PLATFORMS = "iphoneos iphonesimulator";
				SUPPORTS_MACCATALYST = YES;
				SUPPORTS_MAC_DESIGNED_FOR_IPHONE_IPAD = NO;
				SWIFT_EMIT_LOC_STRINGS = YES;
				SWIFT_VERSION = 5.0;
				TARGETED_DEVICE_FAMILY = "1,2";
			};
			name = Release;
		};
/* End XCBuildConfiguration section */

/* Begin XCConfigurationList section */
		2CC39E7729CA48B200EDF779 /* Build configuration list for PBXProject "super-metal-mons" */ = {
			isa = XCConfigurationList;
			buildConfigurations = (
				2CC39E8E29CA48B300EDF779 /* Debug */,
				2CC39E8F29CA48B300EDF779 /* Release */,
			);
			defaultConfigurationIsVisible = 0;
			defaultConfigurationName = Release;
		};
		2CC39E9029CA48B300EDF779 /* Build configuration list for PBXNativeTarget "super-metal-mons" */ = {
			isa = XCConfigurationList;
			buildConfigurations = (
				2CC39E9129CA48B300EDF779 /* Debug */,
				2CC39E9229CA48B300EDF779 /* Release */,
			);
			defaultConfigurationIsVisible = 0;
			defaultConfigurationName = Release;
		};
/* End XCConfigurationList section */

/* Begin XCRemoteSwiftPackageReference section */
		2C266FE02A0C2B7A0016C1C5 /* XCRemoteSwiftPackageReference "firebase-ios-sdk" */ = {
			isa = XCRemoteSwiftPackageReference;
			repositoryURL = "https://github.com/firebase/firebase-ios-sdk";
			requirement = {
				kind = upToNextMajorVersion;
				minimumVersion = 10.0.0;
			};
		};
/* End XCRemoteSwiftPackageReference section */

/* Begin XCSwiftPackageProductDependency section */
		2C266FE12A0C2B7A0016C1C5 /* FirebaseAuth */ = {
			isa = XCSwiftPackageProductDependency;
			package = 2C266FE02A0C2B7A0016C1C5 /* XCRemoteSwiftPackageReference "firebase-ios-sdk" */;
			productName = FirebaseAuth;
		};
		2C266FE32A0C2B7A0016C1C5 /* FirebaseDatabaseSwift */ = {
			isa = XCSwiftPackageProductDependency;
			package = 2C266FE02A0C2B7A0016C1C5 /* XCRemoteSwiftPackageReference "firebase-ios-sdk" */;
			productName = FirebaseDatabaseSwift;
		};
/* End XCSwiftPackageProductDependency section */
	};
	rootObject = 2CC39E7429CA48B200EDF779 /* Project object */;
}
