// !$*UTF8*$!
{
	archiveVersion = 1;
	classes = {
	};
	objectVersion = 56;
	objects = {

/* Begin PBXBuildFile section */
		2C01C6A329CAF4E400A25465 /* Monsboard.swift in Sources */ = {isa = PBXBuildFile; fileRef = 2C01C6A229CAF4E400A25465 /* Monsboard.swift */; };
		2C01C6A629CB4AB700A25465 /* MonsGame.swift in Sources */ = {isa = PBXBuildFile; fileRef = 2C01C6A029CAF4D500A25465 /* MonsGame.swift */; };
		2C53FC5629CCBCA400F49668 /* FirebaseDatabaseSwift in Frameworks */ = {isa = PBXBuildFile; productRef = 2C53FC5529CCBCA400F49668 /* FirebaseDatabaseSwift */; };
		2C53FC5829CCBCBA00F49668 /* GoogleService-Info.plist in Resources */ = {isa = PBXBuildFile; fileRef = 2C53FC5729CCBCBA00F49668 /* GoogleService-Info.plist */; };
		2C53FC5A29CCF8F000F49668 /* Models.swift in Sources */ = {isa = PBXBuildFile; fileRef = 2C53FC5929CCF8F000F49668 /* Models.swift */; };
		2C53FC5C29CD280300F49668 /* Audio.swift in Sources */ = {isa = PBXBuildFile; fileRef = 2C53FC5B29CD280300F49668 /* Audio.swift */; };
		2C7AE8B829F294A50052F455 /* Emojis.xcassets in Resources */ = {isa = PBXBuildFile; fileRef = 2C7AE8B729F294A50052F455 /* Emojis.xcassets */; };
		2C7AE8BA29F336260052F455 /* GameDataSource.swift in Sources */ = {isa = PBXBuildFile; fileRef = 2C7AE8B929F336260052F455 /* GameDataSource.swift */; };
		2C7AE8BD29F448170052F455 /* ButtonWithExtendedArea.swift in Sources */ = {isa = PBXBuildFile; fileRef = 2C7AE8BC29F448170052F455 /* ButtonWithExtendedArea.swift */; };
		2CAF14E529EB39CB0036C942 /* Strings.swift in Sources */ = {isa = PBXBuildFile; fileRef = 2CAF14E429EB39CB0036C942 /* Strings.swift */; };
		2CB7462429F12BA100ACC855 /* Defaults.swift in Sources */ = {isa = PBXBuildFile; fileRef = 2CB7462329F12BA100ACC855 /* Defaults.swift */; };
		2CB7462629F18DC700ACC855 /* Images.swift in Sources */ = {isa = PBXBuildFile; fileRef = 2CB7462529F18DC700ACC855 /* Images.swift */; };
		2CC39E8029CA48B200EDF779 /* AppDelegate.swift in Sources */ = {isa = PBXBuildFile; fileRef = 2CC39E7F29CA48B200EDF779 /* AppDelegate.swift */; };
		2CC39E8229CA48B200EDF779 /* SceneDelegate.swift in Sources */ = {isa = PBXBuildFile; fileRef = 2CC39E8129CA48B200EDF779 /* SceneDelegate.swift */; };
		2CC39E8429CA48B200EDF779 /* MonsboardViewController.swift in Sources */ = {isa = PBXBuildFile; fileRef = 2CC39E8329CA48B200EDF779 /* MonsboardViewController.swift */; };
		2CC39E8729CA48B200EDF779 /* Main.storyboard in Resources */ = {isa = PBXBuildFile; fileRef = 2CC39E8529CA48B200EDF779 /* Main.storyboard */; };
		2CC39E8929CA48B300EDF779 /* Assets.xcassets in Resources */ = {isa = PBXBuildFile; fileRef = 2CC39E8829CA48B300EDF779 /* Assets.xcassets */; };
		2CC39E8C29CA48B300EDF779 /* LaunchScreen.storyboard in Resources */ = {isa = PBXBuildFile; fileRef = 2CC39E8A29CA48B300EDF779 /* LaunchScreen.storyboard */; };
		2CC4E21629E9AFE0002F3AC9 /* Colors.xcassets in Resources */ = {isa = PBXBuildFile; fileRef = 2CC4E21529E9AFE0002F3AC9 /* Colors.xcassets */; };
		2CC4E21829E9B047002F3AC9 /* Colors.swift in Sources */ = {isa = PBXBuildFile; fileRef = 2CC4E21729E9B047002F3AC9 /* Colors.swift */; };
		2CC4E21C29E9E60D002F3AC9 /* MainMenuViewController.swift in Sources */ = {isa = PBXBuildFile; fileRef = 2CC4E21B29E9E60D002F3AC9 /* MainMenuViewController.swift */; };
		2CC4E21E29E9F932002F3AC9 /* Storyboard.swift in Sources */ = {isa = PBXBuildFile; fileRef = 2CC4E21D29E9F932002F3AC9 /* Storyboard.swift */; };
		2CC4FBD929F69A3300A90CDD /* Notification.swift in Sources */ = {isa = PBXBuildFile; fileRef = 2CC4FBD829F69A3300A90CDD /* Notification.swift */; };
		2CDB1AD129ED87C900C51230 /* SeparatorView.swift in Sources */ = {isa = PBXBuildFile; fileRef = 2CDB1AD029ED87C900C51230 /* SeparatorView.swift */; };
		2CDB1AD329ED87E600C51230 /* CGFloat.swift in Sources */ = {isa = PBXBuildFile; fileRef = 2CDB1AD229ED87E600C51230 /* CGFloat.swift */; };
		2CDB1AE329EEF48E00C51230 /* pickUpPotion.wav in Resources */ = {isa = PBXBuildFile; fileRef = 2CDB1AD529EEF48E00C51230 /* pickUpPotion.wav */; };
		2CDB1AE429EEF48E00C51230 /* demonAbility.wav in Resources */ = {isa = PBXBuildFile; fileRef = 2CDB1AD629EEF48E00C51230 /* demonAbility.wav */; };
		2CDB1AE529EEF48E00C51230 /* bomb.wav in Resources */ = {isa = PBXBuildFile; fileRef = 2CDB1AD729EEF48E00C51230 /* bomb.wav */; };
		2CDB1AE629EEF48E00C51230 /* demonMove.wav in Resources */ = {isa = PBXBuildFile; fileRef = 2CDB1AD829EEF48E00C51230 /* demonMove.wav */; };
		2CDB1AE729EEF48E00C51230 /* manaPickUp.wav in Resources */ = {isa = PBXBuildFile; fileRef = 2CDB1AD929EEF48E00C51230 /* manaPickUp.wav */; };
		2CDB1AE829EEF48E00C51230 /* spiritAbility.wav in Resources */ = {isa = PBXBuildFile; fileRef = 2CDB1ADA29EEF48E00C51230 /* spiritAbility.wav */; };
		2CDB1AE929EEF48E00C51230 /* scoreSuperMana.wav in Resources */ = {isa = PBXBuildFile; fileRef = 2CDB1ADB29EEF48E00C51230 /* scoreSuperMana.wav */; };
		2CDB1AEA29EEF48E00C51230 /* dropMana.wav in Resources */ = {isa = PBXBuildFile; fileRef = 2CDB1ADC29EEF48E00C51230 /* dropMana.wav */; };
		2CDB1AEB29EEF48E00C51230 /* downBump.wav in Resources */ = {isa = PBXBuildFile; fileRef = 2CDB1ADD29EEF48E00C51230 /* downBump.wav */; };
		2CDB1AEC29EEF48E00C51230 /* move.wav in Resources */ = {isa = PBXBuildFile; fileRef = 2CDB1ADE29EEF48E00C51230 /* move.wav */; };
		2CDB1AED29EEF48E00C51230 /* scoreMana.wav in Resources */ = {isa = PBXBuildFile; fileRef = 2CDB1ADF29EEF48E00C51230 /* scoreMana.wav */; };
		2CDB1AEE29EEF48E00C51230 /* mysticAbility.wav in Resources */ = {isa = PBXBuildFile; fileRef = 2CDB1AE029EEF48E00C51230 /* mysticAbility.wav */; };
		2CDB1AF229EF020500C51230 /* moveMana.wav in Resources */ = {isa = PBXBuildFile; fileRef = 2CDB1AF129EF020500C51230 /* moveMana.wav */; };
/* End PBXBuildFile section */

/* Begin PBXFileReference section */
		2C01C6A029CAF4D500A25465 /* MonsGame.swift */ = {isa = PBXFileReference; lastKnownFileType = sourcecode.swift; path = MonsGame.swift; sourceTree = "<group>"; };
		2C01C6A229CAF4E400A25465 /* Monsboard.swift */ = {isa = PBXFileReference; lastKnownFileType = sourcecode.swift; path = Monsboard.swift; sourceTree = "<group>"; };
		2C53FC5729CCBCBA00F49668 /* GoogleService-Info.plist */ = {isa = PBXFileReference; fileEncoding = 4; lastKnownFileType = text.plist.xml; path = "GoogleService-Info.plist"; sourceTree = "<group>"; };
		2C53FC5929CCF8F000F49668 /* Models.swift */ = {isa = PBXFileReference; lastKnownFileType = sourcecode.swift; path = Models.swift; sourceTree = "<group>"; };
		2C53FC5B29CD280300F49668 /* Audio.swift */ = {isa = PBXFileReference; lastKnownFileType = sourcecode.swift; path = Audio.swift; sourceTree = "<group>"; };
		2C7AE8B729F294A50052F455 /* Emojis.xcassets */ = {isa = PBXFileReference; lastKnownFileType = folder.assetcatalog; path = Emojis.xcassets; sourceTree = "<group>"; };
		2C7AE8B929F336260052F455 /* GameDataSource.swift */ = {isa = PBXFileReference; lastKnownFileType = sourcecode.swift; path = GameDataSource.swift; sourceTree = "<group>"; };
		2C7AE8BC29F448170052F455 /* ButtonWithExtendedArea.swift */ = {isa = PBXFileReference; lastKnownFileType = sourcecode.swift; path = ButtonWithExtendedArea.swift; sourceTree = "<group>"; };
		2CAF14E429EB39CB0036C942 /* Strings.swift */ = {isa = PBXFileReference; lastKnownFileType = sourcecode.swift; path = Strings.swift; sourceTree = "<group>"; };
		2CB7462329F12BA100ACC855 /* Defaults.swift */ = {isa = PBXFileReference; lastKnownFileType = sourcecode.swift; path = Defaults.swift; sourceTree = "<group>"; };
		2CB7462529F18DC700ACC855 /* Images.swift */ = {isa = PBXFileReference; lastKnownFileType = sourcecode.swift; path = Images.swift; sourceTree = "<group>"; };
		2CC39E7C29CA48B200EDF779 /* mons.app */ = {isa = PBXFileReference; explicitFileType = wrapper.application; includeInIndex = 0; path = mons.app; sourceTree = BUILT_PRODUCTS_DIR; };
		2CC39E7F29CA48B200EDF779 /* AppDelegate.swift */ = {isa = PBXFileReference; lastKnownFileType = sourcecode.swift; path = AppDelegate.swift; sourceTree = "<group>"; };
		2CC39E8129CA48B200EDF779 /* SceneDelegate.swift */ = {isa = PBXFileReference; lastKnownFileType = sourcecode.swift; path = SceneDelegate.swift; sourceTree = "<group>"; };
		2CC39E8329CA48B200EDF779 /* MonsboardViewController.swift */ = {isa = PBXFileReference; lastKnownFileType = sourcecode.swift; path = MonsboardViewController.swift; sourceTree = "<group>"; };
		2CC39E8629CA48B200EDF779 /* Base */ = {isa = PBXFileReference; lastKnownFileType = file.storyboard; name = Base; path = Base.lproj/Main.storyboard; sourceTree = "<group>"; };
		2CC39E8829CA48B300EDF779 /* Assets.xcassets */ = {isa = PBXFileReference; lastKnownFileType = folder.assetcatalog; path = Assets.xcassets; sourceTree = "<group>"; };
		2CC39E8B29CA48B300EDF779 /* Base */ = {isa = PBXFileReference; lastKnownFileType = file.storyboard; name = Base; path = Base.lproj/LaunchScreen.storyboard; sourceTree = "<group>"; };
		2CC39E8D29CA48B300EDF779 /* Info.plist */ = {isa = PBXFileReference; lastKnownFileType = text.plist.xml; path = Info.plist; sourceTree = "<group>"; };
		2CC39E9329CA4EDF00EDF779 /* super-metal-mons.entitlements */ = {isa = PBXFileReference; lastKnownFileType = text.plist.entitlements; path = "super-metal-mons.entitlements"; sourceTree = "<group>"; };
		2CC4E21529E9AFE0002F3AC9 /* Colors.xcassets */ = {isa = PBXFileReference; lastKnownFileType = folder.assetcatalog; path = Colors.xcassets; sourceTree = "<group>"; };
		2CC4E21729E9B047002F3AC9 /* Colors.swift */ = {isa = PBXFileReference; lastKnownFileType = sourcecode.swift; path = Colors.swift; sourceTree = "<group>"; };
		2CC4E21B29E9E60D002F3AC9 /* MainMenuViewController.swift */ = {isa = PBXFileReference; lastKnownFileType = sourcecode.swift; path = MainMenuViewController.swift; sourceTree = "<group>"; };
		2CC4E21D29E9F932002F3AC9 /* Storyboard.swift */ = {isa = PBXFileReference; lastKnownFileType = sourcecode.swift; path = Storyboard.swift; sourceTree = "<group>"; };
		2CC4FBD829F69A3300A90CDD /* Notification.swift */ = {isa = PBXFileReference; lastKnownFileType = sourcecode.swift; path = Notification.swift; sourceTree = "<group>"; };
		2CDB1AD029ED87C900C51230 /* SeparatorView.swift */ = {isa = PBXFileReference; lastKnownFileType = sourcecode.swift; path = SeparatorView.swift; sourceTree = "<group>"; };
		2CDB1AD229ED87E600C51230 /* CGFloat.swift */ = {isa = PBXFileReference; lastKnownFileType = sourcecode.swift; path = CGFloat.swift; sourceTree = "<group>"; };
		2CDB1AD529EEF48E00C51230 /* pickUpPotion.wav */ = {isa = PBXFileReference; lastKnownFileType = audio.wav; path = pickUpPotion.wav; sourceTree = "<group>"; };
		2CDB1AD629EEF48E00C51230 /* demonAbility.wav */ = {isa = PBXFileReference; lastKnownFileType = audio.wav; path = demonAbility.wav; sourceTree = "<group>"; };
		2CDB1AD729EEF48E00C51230 /* bomb.wav */ = {isa = PBXFileReference; lastKnownFileType = audio.wav; path = bomb.wav; sourceTree = "<group>"; };
		2CDB1AD829EEF48E00C51230 /* demonMove.wav */ = {isa = PBXFileReference; lastKnownFileType = audio.wav; path = demonMove.wav; sourceTree = "<group>"; };
		2CDB1AD929EEF48E00C51230 /* manaPickUp.wav */ = {isa = PBXFileReference; lastKnownFileType = audio.wav; path = manaPickUp.wav; sourceTree = "<group>"; };
		2CDB1ADA29EEF48E00C51230 /* spiritAbility.wav */ = {isa = PBXFileReference; lastKnownFileType = audio.wav; path = spiritAbility.wav; sourceTree = "<group>"; };
		2CDB1ADB29EEF48E00C51230 /* scoreSuperMana.wav */ = {isa = PBXFileReference; lastKnownFileType = audio.wav; path = scoreSuperMana.wav; sourceTree = "<group>"; };
		2CDB1ADC29EEF48E00C51230 /* dropMana.wav */ = {isa = PBXFileReference; lastKnownFileType = audio.wav; path = dropMana.wav; sourceTree = "<group>"; };
		2CDB1ADD29EEF48E00C51230 /* downBump.wav */ = {isa = PBXFileReference; lastKnownFileType = audio.wav; path = downBump.wav; sourceTree = "<group>"; };
		2CDB1ADE29EEF48E00C51230 /* move.wav */ = {isa = PBXFileReference; lastKnownFileType = audio.wav; path = move.wav; sourceTree = "<group>"; };
		2CDB1ADF29EEF48E00C51230 /* scoreMana.wav */ = {isa = PBXFileReference; lastKnownFileType = audio.wav; path = scoreMana.wav; sourceTree = "<group>"; };
		2CDB1AE029EEF48E00C51230 /* mysticAbility.wav */ = {isa = PBXFileReference; lastKnownFileType = audio.wav; path = mysticAbility.wav; sourceTree = "<group>"; };
		2CDB1AF129EF020500C51230 /* moveMana.wav */ = {isa = PBXFileReference; lastKnownFileType = audio.wav; path = moveMana.wav; sourceTree = "<group>"; };
/* End PBXFileReference section */

/* Begin PBXFrameworksBuildPhase section */
		2CC39E7929CA48B200EDF779 /* Frameworks */ = {
			isa = PBXFrameworksBuildPhase;
			buildActionMask = 2147483647;
			files = (
				2C53FC5629CCBCA400F49668 /* FirebaseDatabaseSwift in Frameworks */,
			);
			runOnlyForDeploymentPostprocessing = 0;
		};
/* End PBXFrameworksBuildPhase section */

/* Begin PBXGroup section */
		2CC39E7329CA48B200EDF779 = {
			isa = PBXGroup;
			children = (
				2CC39E7E29CA48B200EDF779 /* super-metal-mons */,
				2CC39E7D29CA48B200EDF779 /* Products */,
			);
			sourceTree = "<group>";
		};
		2CC39E7D29CA48B200EDF779 /* Products */ = {
			isa = PBXGroup;
			children = (
				2CC39E7C29CA48B200EDF779 /* mons.app */,
			);
			name = Products;
			sourceTree = "<group>";
		};
		2CC39E7E29CA48B200EDF779 /* super-metal-mons */ = {
			isa = PBXGroup;
			children = (
				2CC39E9329CA4EDF00EDF779 /* super-metal-mons.entitlements */,
				2CC39E7F29CA48B200EDF779 /* AppDelegate.swift */,
				2CC39E8129CA48B200EDF779 /* SceneDelegate.swift */,
				2CC39E8329CA48B200EDF779 /* MonsboardViewController.swift */,
				2CC4E21B29E9E60D002F3AC9 /* MainMenuViewController.swift */,
				2C01C6A029CAF4D500A25465 /* MonsGame.swift */,
				2C7AE8B929F336260052F455 /* GameDataSource.swift */,
				2C53FC5B29CD280300F49668 /* Audio.swift */,
				2CAF14E429EB39CB0036C942 /* Strings.swift */,
				2CC4FBD829F69A3300A90CDD /* Notification.swift */,
				2CB7462529F18DC700ACC855 /* Images.swift */,
				2C53FC5929CCF8F000F49668 /* Models.swift */,
				2CB7462329F12BA100ACC855 /* Defaults.swift */,
				2CC4E21D29E9F932002F3AC9 /* Storyboard.swift */,
				2CDB1AD229ED87E600C51230 /* CGFloat.swift */,
				2CC4E21729E9B047002F3AC9 /* Colors.swift */,
				2CDB1AD029ED87C900C51230 /* SeparatorView.swift */,
				2C7AE8BC29F448170052F455 /* ButtonWithExtendedArea.swift */,
				2C01C6A229CAF4E400A25465 /* Monsboard.swift */,
				2CDB1AD429EEF48E00C51230 /* smmgamesfx */,
				2CC39E8529CA48B200EDF779 /* Main.storyboard */,
				2CC39E8829CA48B300EDF779 /* Assets.xcassets */,
				2C7AE8B729F294A50052F455 /* Emojis.xcassets */,
				2CC4E21529E9AFE0002F3AC9 /* Colors.xcassets */,
				2CC39E8A29CA48B300EDF779 /* LaunchScreen.storyboard */,
				2CC39E8D29CA48B300EDF779 /* Info.plist */,
				2C53FC5729CCBCBA00F49668 /* GoogleService-Info.plist */,
			);
			path = "super-metal-mons";
			sourceTree = "<group>";
		};
		2CDB1AD429EEF48E00C51230 /* smmgamesfx */ = {
			isa = PBXGroup;
			children = (
				2CDB1AD529EEF48E00C51230 /* pickUpPotion.wav */,
				2CDB1AD629EEF48E00C51230 /* demonAbility.wav */,
				2CDB1AD729EEF48E00C51230 /* bomb.wav */,
				2CDB1AD829EEF48E00C51230 /* demonMove.wav */,
				2CDB1AD929EEF48E00C51230 /* manaPickUp.wav */,
				2CDB1ADA29EEF48E00C51230 /* spiritAbility.wav */,
				2CDB1ADB29EEF48E00C51230 /* scoreSuperMana.wav */,
				2CDB1ADC29EEF48E00C51230 /* dropMana.wav */,
				2CDB1ADD29EEF48E00C51230 /* downBump.wav */,
				2CDB1AF129EF020500C51230 /* moveMana.wav */,
				2CDB1ADE29EEF48E00C51230 /* move.wav */,
				2CDB1ADF29EEF48E00C51230 /* scoreMana.wav */,
				2CDB1AE029EEF48E00C51230 /* mysticAbility.wav */,
			);
			path = smmgamesfx;
			sourceTree = "<group>";
		};
/* End PBXGroup section */

/* Begin PBXNativeTarget section */
		2CC39E7B29CA48B200EDF779 /* super-metal-mons */ = {
			isa = PBXNativeTarget;
			buildConfigurationList = 2CC39E9029CA48B300EDF779 /* Build configuration list for PBXNativeTarget "super-metal-mons" */;
			buildPhases = (
				2CC39E7829CA48B200EDF779 /* Sources */,
				2CC39E7929CA48B200EDF779 /* Frameworks */,
				2CC39E7A29CA48B200EDF779 /* Resources */,
			);
			buildRules = (
			);
			dependencies = (
			);
			name = "super-metal-mons";
			packageProductDependencies = (
				2C53FC5529CCBCA400F49668 /* FirebaseDatabaseSwift */,
			);
			productName = "super-metal-mons";
			productReference = 2CC39E7C29CA48B200EDF779 /* mons.app */;
			productType = "com.apple.product-type.application";
		};
/* End PBXNativeTarget section */

/* Begin PBXProject section */
		2CC39E7429CA48B200EDF779 /* Project object */ = {
			isa = PBXProject;
			attributes = {
				BuildIndependentTargetsInParallel = 1;
				LastSwiftUpdateCheck = 1420;
				LastUpgradeCheck = 1420;
				TargetAttributes = {
					2CC39E7B29CA48B200EDF779 = {
						CreatedOnToolsVersion = 14.2;
					};
				};
			};
			buildConfigurationList = 2CC39E7729CA48B200EDF779 /* Build configuration list for PBXProject "super-metal-mons" */;
			compatibilityVersion = "Xcode 14.0";
			developmentRegion = en;
			hasScannedForEncodings = 0;
			knownRegions = (
				en,
				Base,
			);
			mainGroup = 2CC39E7329CA48B200EDF779;
			packageReferences = (
				2C53FC5429CCBCA400F49668 /* XCRemoteSwiftPackageReference "firebase-ios-sdk" */,
			);
			productRefGroup = 2CC39E7D29CA48B200EDF779 /* Products */;
			projectDirPath = "";
			projectRoot = "";
			targets = (
				2CC39E7B29CA48B200EDF779 /* super-metal-mons */,
			);
		};
/* End PBXProject section */

/* Begin PBXResourcesBuildPhase section */
		2CC39E7A29CA48B200EDF779 /* Resources */ = {
			isa = PBXResourcesBuildPhase;
			buildActionMask = 2147483647;
			files = (
				2CDB1AE429EEF48E00C51230 /* demonAbility.wav in Resources */,
				2CC4E21629E9AFE0002F3AC9 /* Colors.xcassets in Resources */,
				2CDB1AE629EEF48E00C51230 /* demonMove.wav in Resources */,
				2CDB1AED29EEF48E00C51230 /* scoreMana.wav in Resources */,
				2CDB1AEB29EEF48E00C51230 /* downBump.wav in Resources */,
				2CC39E8C29CA48B300EDF779 /* LaunchScreen.storyboard in Resources */,
				2C7AE8B829F294A50052F455 /* Emojis.xcassets in Resources */,
				2CDB1AF229EF020500C51230 /* moveMana.wav in Resources */,
				2CDB1AE929EEF48E00C51230 /* scoreSuperMana.wav in Resources */,
				2CDB1AEC29EEF48E00C51230 /* move.wav in Resources */,
				2C53FC5829CCBCBA00F49668 /* GoogleService-Info.plist in Resources */,
				2CDB1AE529EEF48E00C51230 /* bomb.wav in Resources */,
				2CDB1AE329EEF48E00C51230 /* pickUpPotion.wav in Resources */,
				2CDB1AE829EEF48E00C51230 /* spiritAbility.wav in Resources */,
				2CDB1AEA29EEF48E00C51230 /* dropMana.wav in Resources */,
				2CC39E8929CA48B300EDF779 /* Assets.xcassets in Resources */,
				2CC39E8729CA48B200EDF779 /* Main.storyboard in Resources */,
				2CDB1AE729EEF48E00C51230 /* manaPickUp.wav in Resources */,
				2CDB1AEE29EEF48E00C51230 /* mysticAbility.wav in Resources */,
			);
			runOnlyForDeploymentPostprocessing = 0;
		};
/* End PBXResourcesBuildPhase section */

/* Begin PBXSourcesBuildPhase section */
		2CC39E7829CA48B200EDF779 /* Sources */ = {
			isa = PBXSourcesBuildPhase;
			buildActionMask = 2147483647;
			files = (
				2CC4E21C29E9E60D002F3AC9 /* MainMenuViewController.swift in Sources */,
				2CB7462429F12BA100ACC855 /* Defaults.swift in Sources */,
				2CC4FBD929F69A3300A90CDD /* Notification.swift in Sources */,
				2CAF14E529EB39CB0036C942 /* Strings.swift in Sources */,
				2C01C6A629CB4AB700A25465 /* MonsGame.swift in Sources */,
				2C7AE8BA29F336260052F455 /* GameDataSource.swift in Sources */,
				2CC4E21829E9B047002F3AC9 /* Colors.swift in Sources */,
				2CC39E8429CA48B200EDF779 /* MonsboardViewController.swift in Sources */,
				2CC39E8029CA48B200EDF779 /* AppDelegate.swift in Sources */,
				2C7AE8BD29F448170052F455 /* ButtonWithExtendedArea.swift in Sources */,
				2CB7462629F18DC700ACC855 /* Images.swift in Sources */,
				2CDB1AD129ED87C900C51230 /* SeparatorView.swift in Sources */,
				2C53FC5A29CCF8F000F49668 /* Models.swift in Sources */,
				2CC4E21E29E9F932002F3AC9 /* Storyboard.swift in Sources */,
				2CDB1AD329ED87E600C51230 /* CGFloat.swift in Sources */,
				2C01C6A329CAF4E400A25465 /* Monsboard.swift in Sources */,
				2CC39E8229CA48B200EDF779 /* SceneDelegate.swift in Sources */,
				2C53FC5C29CD280300F49668 /* Audio.swift in Sources */,
			);
			runOnlyForDeploymentPostprocessing = 0;
		};
/* End PBXSourcesBuildPhase section */

/* Begin PBXVariantGroup section */
		2CC39E8529CA48B200EDF779 /* Main.storyboard */ = {
			isa = PBXVariantGroup;
			children = (
				2CC39E8629CA48B200EDF779 /* Base */,
			);
			name = Main.storyboard;
			sourceTree = "<group>";
		};
		2CC39E8A29CA48B300EDF779 /* LaunchScreen.storyboard */ = {
			isa = PBXVariantGroup;
			children = (
				2CC39E8B29CA48B300EDF779 /* Base */,
			);
			name = LaunchScreen.storyboard;
			sourceTree = "<group>";
		};
/* End PBXVariantGroup section */

/* Begin XCBuildConfiguration section */
		2CC39E8E29CA48B300EDF779 /* Debug */ = {
			isa = XCBuildConfiguration;
			buildSettings = {
				ALWAYS_SEARCH_USER_PATHS = NO;
				CLANG_ANALYZER_NONNULL = YES;
				CLANG_ANALYZER_NUMBER_OBJECT_CONVERSION = YES_AGGRESSIVE;
				CLANG_CXX_LANGUAGE_STANDARD = "gnu++20";
				CLANG_ENABLE_MODULES = YES;
				CLANG_ENABLE_OBJC_ARC = YES;
				CLANG_ENABLE_OBJC_WEAK = YES;
				CLANG_WARN_BLOCK_CAPTURE_AUTORELEASING = YES;
				CLANG_WARN_BOOL_CONVERSION = YES;
				CLANG_WARN_COMMA = YES;
				CLANG_WARN_CONSTANT_CONVERSION = YES;
				CLANG_WARN_DEPRECATED_OBJC_IMPLEMENTATIONS = YES;
				CLANG_WARN_DIRECT_OBJC_ISA_USAGE = YES_ERROR;
				CLANG_WARN_DOCUMENTATION_COMMENTS = YES;
				CLANG_WARN_EMPTY_BODY = YES;
				CLANG_WARN_ENUM_CONVERSION = YES;
				CLANG_WARN_INFINITE_RECURSION = YES;
				CLANG_WARN_INT_CONVERSION = YES;
				CLANG_WARN_NON_LITERAL_NULL_CONVERSION = YES;
				CLANG_WARN_OBJC_IMPLICIT_RETAIN_SELF = YES;
				CLANG_WARN_OBJC_LITERAL_CONVERSION = YES;
				CLANG_WARN_OBJC_ROOT_CLASS = YES_ERROR;
				CLANG_WARN_QUOTED_INCLUDE_IN_FRAMEWORK_HEADER = YES;
				CLANG_WARN_RANGE_LOOP_ANALYSIS = YES;
				CLANG_WARN_STRICT_PROTOTYPES = YES;
				CLANG_WARN_SUSPICIOUS_MOVE = YES;
				CLANG_WARN_UNGUARDED_AVAILABILITY = YES_AGGRESSIVE;
				CLANG_WARN_UNREACHABLE_CODE = YES;
				CLANG_WARN__DUPLICATE_METHOD_MATCH = YES;
				COPY_PHASE_STRIP = NO;
				DEBUG_INFORMATION_FORMAT = dwarf;
				ENABLE_STRICT_OBJC_MSGSEND = YES;
				ENABLE_TESTABILITY = YES;
				GCC_C_LANGUAGE_STANDARD = gnu11;
				GCC_DYNAMIC_NO_PIC = NO;
				GCC_NO_COMMON_BLOCKS = YES;
				GCC_OPTIMIZATION_LEVEL = 0;
				GCC_PREPROCESSOR_DEFINITIONS = (
					"DEBUG=1",
					"$(inherited)",
				);
				GCC_WARN_64_TO_32_BIT_CONVERSION = YES;
				GCC_WARN_ABOUT_RETURN_TYPE = YES_ERROR;
				GCC_WARN_UNDECLARED_SELECTOR = YES;
				GCC_WARN_UNINITIALIZED_AUTOS = YES_AGGRESSIVE;
				GCC_WARN_UNUSED_FUNCTION = YES;
				GCC_WARN_UNUSED_VARIABLE = YES;
				IPHONEOS_DEPLOYMENT_TARGET = 16.2;
				MTL_ENABLE_DEBUG_INFO = INCLUDE_SOURCE;
				MTL_FAST_MATH = YES;
				ONLY_ACTIVE_ARCH = YES;
				SDKROOT = iphoneos;
				SWIFT_ACTIVE_COMPILATION_CONDITIONS = DEBUG;
				SWIFT_OPTIMIZATION_LEVEL = "-Onone";
			};
			name = Debug;
		};
		2CC39E8F29CA48B300EDF779 /* Release */ = {
			isa = XCBuildConfiguration;
			buildSettings = {
				ALWAYS_SEARCH_USER_PATHS = NO;
				CLANG_ANALYZER_NONNULL = YES;
				CLANG_ANALYZER_NUMBER_OBJECT_CONVERSION = YES_AGGRESSIVE;
				CLANG_CXX_LANGUAGE_STANDARD = "gnu++20";
				CLANG_ENABLE_MODULES = YES;
				CLANG_ENABLE_OBJC_ARC = YES;
				CLANG_ENABLE_OBJC_WEAK = YES;
				CLANG_WARN_BLOCK_CAPTURE_AUTORELEASING = YES;
				CLANG_WARN_BOOL_CONVERSION = YES;
				CLANG_WARN_COMMA = YES;
				CLANG_WARN_CONSTANT_CONVERSION = YES;
				CLANG_WARN_DEPRECATED_OBJC_IMPLEMENTATIONS = YES;
				CLANG_WARN_DIRECT_OBJC_ISA_USAGE = YES_ERROR;
				CLANG_WARN_DOCUMENTATION_COMMENTS = YES;
				CLANG_WARN_EMPTY_BODY = YES;
				CLANG_WARN_ENUM_CONVERSION = YES;
				CLANG_WARN_INFINITE_RECURSION = YES;
				CLANG_WARN_INT_CONVERSION = YES;
				CLANG_WARN_NON_LITERAL_NULL_CONVERSION = YES;
				CLANG_WARN_OBJC_IMPLICIT_RETAIN_SELF = YES;
				CLANG_WARN_OBJC_LITERAL_CONVERSION = YES;
				CLANG_WARN_OBJC_ROOT_CLASS = YES_ERROR;
				CLANG_WARN_QUOTED_INCLUDE_IN_FRAMEWORK_HEADER = YES;
				CLANG_WARN_RANGE_LOOP_ANALYSIS = YES;
				CLANG_WARN_STRICT_PROTOTYPES = YES;
				CLANG_WARN_SUSPICIOUS_MOVE = YES;
				CLANG_WARN_UNGUARDED_AVAILABILITY = YES_AGGRESSIVE;
				CLANG_WARN_UNREACHABLE_CODE = YES;
				CLANG_WARN__DUPLICATE_METHOD_MATCH = YES;
				COPY_PHASE_STRIP = NO;
				DEBUG_INFORMATION_FORMAT = "dwarf-with-dsym";
				ENABLE_NS_ASSERTIONS = NO;
				ENABLE_STRICT_OBJC_MSGSEND = YES;
				GCC_C_LANGUAGE_STANDARD = gnu11;
				GCC_NO_COMMON_BLOCKS = YES;
				GCC_WARN_64_TO_32_BIT_CONVERSION = YES;
				GCC_WARN_ABOUT_RETURN_TYPE = YES_ERROR;
				GCC_WARN_UNDECLARED_SELECTOR = YES;
				GCC_WARN_UNINITIALIZED_AUTOS = YES_AGGRESSIVE;
				GCC_WARN_UNUSED_FUNCTION = YES;
				GCC_WARN_UNUSED_VARIABLE = YES;
				IPHONEOS_DEPLOYMENT_TARGET = 16.2;
				MTL_ENABLE_DEBUG_INFO = NO;
				MTL_FAST_MATH = YES;
				SDKROOT = iphoneos;
				SWIFT_COMPILATION_MODE = wholemodule;
				SWIFT_OPTIMIZATION_LEVEL = "-O";
				VALIDATE_PRODUCT = YES;
			};
			name = Release;
		};
		2CC39E9129CA48B300EDF779 /* Debug */ = {
			isa = XCBuildConfiguration;
			buildSettings = {
				ASSETCATALOG_COMPILER_APPICON_NAME = AppIcon;
				ASSETCATALOG_COMPILER_GLOBAL_ACCENT_COLOR_NAME = AccentColor;
				CODE_SIGN_ENTITLEMENTS = "super-metal-mons/super-metal-mons.entitlements";
				CODE_SIGN_IDENTITY = "Apple Development";
				CODE_SIGN_STYLE = Automatic;
				CURRENT_PROJECT_VERSION = 3;
				DEVELOPMENT_TEAM = 8DXC3N7E7P;
				GENERATE_INFOPLIST_FILE = YES;
				INFOPLIST_FILE = "super-metal-mons/Info.plist";
				INFOPLIST_KEY_CFBundleDisplayName = mons;
				INFOPLIST_KEY_LSApplicationCategoryType = "public.app-category.board-games";
				INFOPLIST_KEY_UIApplicationSupportsIndirectInputEvents = YES;
				INFOPLIST_KEY_UILaunchStoryboardName = LaunchScreen;
				INFOPLIST_KEY_UIMainStoryboardFile = Main;
				INFOPLIST_KEY_UIRequiresFullScreen = YES;
				INFOPLIST_KEY_UISupportedInterfaceOrientations = UIInterfaceOrientationPortrait;
				INFOPLIST_KEY_UISupportedInterfaceOrientations_iPad = "UIInterfaceOrientationPortrait UIInterfaceOrientationPortraitUpsideDown";
				IPHONEOS_DEPLOYMENT_TARGET = 15.0;
				LD_RUNPATH_SEARCH_PATHS = (
					"$(inherited)",
					"@executable_path/Frameworks",
				);
				MARKETING_VERSION = 1.0;
				PRODUCT_BUNDLE_IDENTIFIER = "lol.ivan.super-metal-mons";
				PRODUCT_NAME = mons;
				PROVISIONING_PROFILE_SPECIFIER = "";
				SUPPORTED_PLATFORMS = "iphoneos iphonesimulator";
				SUPPORTS_MACCATALYST = YES;
				SUPPORTS_MAC_DESIGNED_FOR_IPHONE_IPAD = NO;
				SWIFT_EMIT_LOC_STRINGS = YES;
				SWIFT_VERSION = 5.0;
				TARGETED_DEVICE_FAMILY = "1,2";
			};
			name = Debug;
		};
		2CC39E9229CA48B300EDF779 /* Release */ = {
			isa = XCBuildConfiguration;
			buildSettings = {
				ASSETCATALOG_COMPILER_APPICON_NAME = AppIcon;
				ASSETCATALOG_COMPILER_GLOBAL_ACCENT_COLOR_NAME = AccentColor;
				CODE_SIGN_ENTITLEMENTS = "super-metal-mons/super-metal-mons.entitlements";
				CODE_SIGN_IDENTITY = "Apple Development";
				CODE_SIGN_STYLE = Automatic;
				CURRENT_PROJECT_VERSION = 3;
				DEVELOPMENT_TEAM = 8DXC3N7E7P;
				GENERATE_INFOPLIST_FILE = YES;
				INFOPLIST_FILE = "super-metal-mons/Info.plist";
				INFOPLIST_KEY_CFBundleDisplayName = mons;
				INFOPLIST_KEY_LSApplicationCategoryType = "public.app-category.board-games";
				INFOPLIST_KEY_UIApplicationSupportsIndirectInputEvents = YES;
				INFOPLIST_KEY_UILaunchStoryboardName = LaunchScreen;
				INFOPLIST_KEY_UIMainStoryboardFile = Main;
				INFOPLIST_KEY_UIRequiresFullScreen = YES;
				INFOPLIST_KEY_UISupportedInterfaceOrientations = UIInterfaceOrientationPortrait;
				INFOPLIST_KEY_UISupportedInterfaceOrientations_iPad = "UIInterfaceOrientationPortrait UIInterfaceOrientationPortraitUpsideDown";
				IPHONEOS_DEPLOYMENT_TARGET = 15.0;
				LD_RUNPATH_SEARCH_PATHS = (
					"$(inherited)",
					"@executable_path/Frameworks",
				);
				MARKETING_VERSION = 1.0;
				PRODUCT_BUNDLE_IDENTIFIER = "lol.ivan.super-metal-mons";
				PRODUCT_NAME = mons;
				PROVISIONING_PROFILE_SPECIFIER = "";
				SUPPORTED_PLATFORMS = "iphoneos iphonesimulator";
				SUPPORTS_MACCATALYST = YES;
				SUPPORTS_MAC_DESIGNED_FOR_IPHONE_IPAD = NO;
				SWIFT_EMIT_LOC_STRINGS = YES;
				SWIFT_VERSION = 5.0;
				TARGETED_DEVICE_FAMILY = "1,2";
			};
			name = Release;
		};
/* End XCBuildConfiguration section */

/* Begin XCConfigurationList section */
		2CC39E7729CA48B200EDF779 /* Build configuration list for PBXProject "super-metal-mons" */ = {
			isa = XCConfigurationList;
			buildConfigurations = (
				2CC39E8E29CA48B300EDF779 /* Debug */,
				2CC39E8F29CA48B300EDF779 /* Release */,
			);
			defaultConfigurationIsVisible = 0;
			defaultConfigurationName = Release;
		};
		2CC39E9029CA48B300EDF779 /* Build configuration list for PBXNativeTarget "super-metal-mons" */ = {
			isa = XCConfigurationList;
			buildConfigurations = (
				2CC39E9129CA48B300EDF779 /* Debug */,
				2CC39E9229CA48B300EDF779 /* Release */,
			);
			defaultConfigurationIsVisible = 0;
			defaultConfigurationName = Release;
		};
/* End XCConfigurationList section */

/* Begin XCRemoteSwiftPackageReference section */
		2C53FC5429CCBCA400F49668 /* XCRemoteSwiftPackageReference "firebase-ios-sdk" */ = {
			isa = XCRemoteSwiftPackageReference;
			repositoryURL = "https://github.com/firebase/firebase-ios-sdk";
			requirement = {
				kind = upToNextMajorVersion;
				minimumVersion = 9.0.0;
			};
		};
/* End XCRemoteSwiftPackageReference section */

/* Begin XCSwiftPackageProductDependency section */
		2C53FC5529CCBCA400F49668 /* FirebaseDatabaseSwift */ = {
			isa = XCSwiftPackageProductDependency;
			package = 2C53FC5429CCBCA400F49668 /* XCRemoteSwiftPackageReference "firebase-ios-sdk" */;
			productName = FirebaseDatabaseSwift;
		};
/* End XCSwiftPackageProductDependency section */
	};
	rootObject = 2CC39E7429CA48B200EDF779 /* Project object */;
}
